<?xml version="1.0" encoding="utf-8"?>
<Project ToolsVersion="4.0" xmlns="http://schemas.microsoft.com/developer/msbuild/2003">
  <ItemGroup>
    <Filter Include="Source Files">
      <UniqueIdentifier>{1991badb-340a-4d1f-a8ad-bd8dde9e7ee9}</UniqueIdentifier>
      <Extensions>cpp;c;cxx;rc;def;r;odl;idl;hpj;bat</Extensions>
    </Filter>
    <Filter Include="Header Files">
      <UniqueIdentifier>{1f9e3b99-3246-42d0-91b4-5d0c293e821d}</UniqueIdentifier>
      <Extensions>h;hpp;hxx;hm;inl</Extensions>
    </Filter>
    <Filter Include="Resource Files">
      <UniqueIdentifier>{fb6e4063-6c29-4bf9-81de-b2af27b9b5f6}</UniqueIdentifier>
      <Extensions>ico;cur;bmp;dlg;rc2;rct;bin;rgs;gif;jpg;jpeg;jpe</Extensions>
    </Filter>
  </ItemGroup>
  <ItemGroup>
    <ClCompile Include="BasicLiveLoadDataSetBuilder.cpp">
      <Filter>Source Files</Filter>
    </ClCompile>
    <ClCompile Include="ChildFrm.cpp">
      <Filter>Source Files</Filter>
    </ClCompile>
    <ClCompile Include="ColorMapper.cpp">
      <Filter>Source Files</Filter>
    </ClCompile>
    <ClCompile Include="ContraflexureDataSetBuilder.cpp">
      <Filter>Source Files</Filter>
    </ClCompile>
    <ClCompile Include="DisplayObjectFactory.cpp">
      <Filter>Source Files</Filter>
    </ClCompile>
    <ClCompile Include="DistributionFactorDataSetBuilder.cpp">
      <Filter>Source Files</Filter>
    </ClCompile>
    <ClCompile Include="DrawSupports.cpp">
      <Filter>Source Files</Filter>
    </ClCompile>
    <ClCompile Include="EditTruckPosition.cpp">
      <Filter>Source Files</Filter>
    </ClCompile>
    <ClCompile Include="EnvelopedVehicularDataSetBuilder.cpp">
      <Filter>Source Files</Filter>
    </ClCompile>
    <ClCompile Include="InfluenceLineDataSetBuilder.cpp">
      <Filter>Source Files</Filter>
    </ClCompile>
    <ClCompile Include="LBAMTruckDisplayImpl.cpp">
      <Filter>Source Files</Filter>
    </ClCompile>
    <ClCompile Include="LBAMViewer.cpp">
      <Filter>Source Files</Filter>
    </ClCompile>
    <ClCompile Include="LBAMViewerDoc.cpp">
      <Filter>Source Files</Filter>
    </ClCompile>
    <ClCompile Include="LBAMViewerView.cpp">
      <Filter>Source Files</Filter>
    </ClCompile>
    <ClCompile Include="LiveLoadModelDataSetBuilder.cpp">
      <Filter>Source Files</Filter>
    </ClCompile>
    <ClCompile Include="LoadCaseDataSetBuilder.cpp">
      <Filter>Source Files</Filter>
    </ClCompile>
    <ClCompile Include="LoadCombinationDataSetBuilder.cpp">
      <Filter>Source Files</Filter>
    </ClCompile>
    <ClCompile Include="LoadGroupDataSetBuilder.cpp">
      <Filter>Source Files</Filter>
    </ClCompile>
    <ClCompile Include="LoadSelectTreeView.cpp">
      <Filter>Source Files</Filter>
    </ClCompile>
    <ClCompile Include="MainFrm.cpp">
      <Filter>Source Files</Filter>
    </ClCompile>
    <ClCompile Include="mfcdual.cpp">
      <Filter>Source Files</Filter>
    </ClCompile>
    <ClCompile Include="PropertyDataSetBuilder.cpp">
      <Filter>Source Files</Filter>
    </ClCompile>
    <ClCompile Include="ReactionInfluenceDataSetBuilder.cpp">
      <Filter>Source Files</Filter>
    </ClCompile>
    <ClCompile Include="ReactionReportDlg.cpp">
      <Filter>Source Files</Filter>
    </ClCompile>
    <ClCompile Include="StdAfx.cpp">
      <Filter>Source Files</Filter>
    </ClCompile>
    <ClCompile Include="StressPointDataSetBuilder.cpp">
      <Filter>Source Files</Filter>
    </ClCompile>
    <ClCompile Include="SupportDrawStrategyImpl.cpp">
      <Filter>Source Files</Filter>
    </ClCompile>
    <ClCompile Include="SupportEditDlg.cpp">
      <Filter>Source Files</Filter>
    </ClCompile>
    <ClCompile Include="SupportEvents.cpp">
      <Filter>Source Files</Filter>
    </ClCompile>
    <ClCompile Include="TemporarySupportDrawStrategyImpl.cpp">
      <Filter>Source Files</Filter>
    </ClCompile>
    <ClCompile Include="TemporarySupportEditDlg.cpp">
      <Filter>Source Files</Filter>
    </ClCompile>
    <ClCompile Include="TemporarySupportEvents.cpp">
      <Filter>Source Files</Filter>
    </ClCompile>
  </ItemGroup>
  <ItemGroup>
    <Midl Include="LBAMViewer.odl">
      <Filter>Source Files</Filter>
    </Midl>
  </ItemGroup>
  <ItemGroup>
    <ResourceCompile Include="LBAMViewer.rc">
      <Filter>Source Files</Filter>
    </ResourceCompile>
  </ItemGroup>
  <ItemGroup>
    <ClInclude Include="BasicLiveLoadDataSetBuilder.h">
      <Filter>Header Files</Filter>
    </ClInclude>
    <ClInclude Include="ChildFrm.h">
      <Filter>Header Files</Filter>
    </ClInclude>
    <ClInclude Include="ColorMapper.h">
      <Filter>Header Files</Filter>
    </ClInclude>
    <ClInclude Include="ContraflexureDataSetBuilder.h">
      <Filter>Header Files</Filter>
    </ClInclude>
    <ClInclude Include="DataSetBuilder.h">
      <Filter>Header Files</Filter>
    </ClInclude>
    <ClInclude Include="DataSetUtils.h">
      <Filter>Header Files</Filter>
    </ClInclude>
    <ClInclude Include="DisplayObjectFactory.h">
      <Filter>Header Files</Filter>
    </ClInclude>
    <ClInclude Include="DistributionFactorDataSetBuilder.h">
      <Filter>Header Files</Filter>
    </ClInclude>
    <ClInclude Include="DrawSupports.h">
      <Filter>Header Files</Filter>
    </ClInclude>
    <ClInclude Include="EditTruckPosition.h">
      <Filter>Header Files</Filter>
    </ClInclude>
    <ClInclude Include="EnvelopedVehicularDataSetBuilder.h">
      <Filter>Header Files</Filter>
    </ClInclude>
    <ClInclude Include="Hints.h">
      <Filter>Header Files</Filter>
    </ClInclude>
    <ClInclude Include="InfluenceLineDataSetBuilder.h">
      <Filter>Header Files</Filter>
    </ClInclude>
    <ClInclude Include="LBAMTruckDisplayImpl.h">
      <Filter>Header Files</Filter>
    </ClInclude>
    <ClInclude Include="LBAMTruckDisplayObject.h">
      <Filter>Header Files</Filter>
    </ClInclude>
    <ClInclude Include="LbamTruckDrawStrategy.h">
      <Filter>Header Files</Filter>
    </ClInclude>
    <ClInclude Include="LbamTruckEvents.h">
      <Filter>Header Files</Filter>
    </ClInclude>
    <ClInclude Include="LBAMViewer.h">
      <Filter>Header Files</Filter>
    </ClInclude>
    <ClInclude Include="LBAMViewerDoc.h">
      <Filter>Header Files</Filter>
    </ClInclude>
    <ClInclude Include="LBamViewerUtils.h">
      <Filter>Header Files</Filter>
    </ClInclude>
    <ClInclude Include="LBAMViewerView.h">
      <Filter>Header Files</Filter>
    </ClInclude>
    <ClInclude Include="ListId.h">
      <Filter>Header Files</Filter>
    </ClInclude>
    <ClInclude Include="LiveLoadModelDataSetBuilder.h">
      <Filter>Header Files</Filter>
    </ClInclude>
    <ClInclude Include="LoadCaseDataSetBuilder.h">
      <Filter>Header Files</Filter>
    </ClInclude>
    <ClInclude Include="LoadCombinationDataSetBuilder.h">
      <Filter>Header Files</Filter>
    </ClInclude>
    <ClInclude Include="LoadGroupDataSetBuilder.h">
      <Filter>Header Files</Filter>
    </ClInclude>
    <ClInclude Include="LoadSelectTreeView.h">
      <Filter>Header Files</Filter>
    </ClInclude>
    <ClInclude Include="MainFrm.h">
      <Filter>Header Files</Filter>
    </ClInclude>
    <ClInclude Include="mfcdual.h">
      <Filter>Header Files</Filter>
    </ClInclude>
    <ClInclude Include="PropertyDataSetBuilder.h">
      <Filter>Header Files</Filter>
    </ClInclude>
    <ClInclude Include="ReactionInfluenceDataSetBuilder.h">
      <Filter>Header Files</Filter>
    </ClInclude>
    <ClInclude Include="ReactionReportBuilder.h">
      <Filter>Header Files</Filter>
    </ClInclude>
    <ClInclude Include="ReactionReportDlg.h">
      <Filter>Header Files</Filter>
    </ClInclude>
    <ClInclude Include="Resource.h">
      <Filter>Header Files</Filter>
    </ClInclude>
    <ClInclude Include="StdAfx.h">
      <Filter>Header Files</Filter>
    </ClInclude>
    <ClInclude Include="StressPointDataSetBuilder.h">
      <Filter>Header Files</Filter>
    </ClInclude>
    <ClInclude Include="SupportDrawStrategy.h">
      <Filter>Header Files</Filter>
    </ClInclude>
    <ClInclude Include="SupportDrawStrategyImpl.h">
      <Filter>Header Files</Filter>
    </ClInclude>
    <ClInclude Include="SupportEditDlg.h">
      <Filter>Header Files</Filter>
    </ClInclude>
    <ClInclude Include="SupportEvents.h">
      <Filter>Header Files</Filter>
    </ClInclude>
    <ClInclude Include="TemporarySupportDrawStrategy.h">
      <Filter>Header Files</Filter>
    </ClInclude>
    <ClInclude Include="TemporarySupportDrawStrategyImpl.h">
      <Filter>Header Files</Filter>
    </ClInclude>
    <ClInclude Include="TemporarySupportEditDlg.h">
      <Filter>Header Files</Filter>
    </ClInclude>
    <ClInclude Include="TemporarySupportEvents.h">
      <Filter>Header Files</Filter>
    </ClInclude>
  </ItemGroup>
  <ItemGroup>
    <Image Include="res\bitmap1.bmp">
      <Filter>Resource Files</Filter>
    </Image>
    <Image Include="res\bitmap2.bmp">
      <Filter>Resource Files</Filter>
    </Image>
    <Image Include="res\bmp00001.bmp">
      <Filter>Resource Files</Filter>
    </Image>
    <Image Include="res\CLSDFOLD.ICO">
      <Filter>Resource Files</Filter>
    </Image>
    <Image Include="res\envelope.ico">
      <Filter>Resource Files</Filter>
    </Image>
    <Image Include="res\ico00001.ico">
      <Filter>Resource Files</Filter>
    </Image>
    <Image Include="res\ico00002.ico">
      <Filter>Resource Files</Filter>
    </Image>
    <Image Include="res\ico00003.ico">
      <Filter>Resource Files</Filter>
    </Image>
    <Image Include="res\ico00004.ico">
      <Filter>Resource Files</Filter>
    </Image>
    <Image Include="res\ico00005.ico">
      <Filter>Resource Files</Filter>
    </Image>
    <Image Include="res\ico00006.ico">
      <Filter>Resource Files</Filter>
    </Image>
    <Image Include="res\ico00007.ico">
      <Filter>Resource Files</Filter>
    </Image>
    <Image Include="res\ico00008.ico">
      <Filter>Resource Files</Filter>
    </Image>
    <Image Include="res\ico00009.ico">
      <Filter>Resource Files</Filter>
    </Image>
    <Image Include="res\ico00010.ico">
      <Filter>Resource Files</Filter>
    </Image>
    <Image Include="res\ico00011.ico">
      <Filter>Resource Files</Filter>
    </Image>
    <Image Include="res\ico00012.ico">
      <Filter>Resource Files</Filter>
    </Image>
    <Image Include="res\ico00013.ico">
      <Filter>Resource Files</Filter>
    </Image>
    <Image Include="res\ico00014.ico">
      <Filter>Resource Files</Filter>
    </Image>
    <Image Include="res\ico00015.ico">
      <Filter>Resource Files</Filter>
    </Image>
    <Image Include="res\ico00016.ico">
      <Filter>Resource Files</Filter>
    </Image>
    <Image Include="res\ico00017.ico">
      <Filter>Resource Files</Filter>
    </Image>
    <Image Include="res\ico00018.ico">
      <Filter>Resource Files</Filter>
    </Image>
    <Image Include="res\ico00019.ico">
      <Filter>Resource Files</Filter>
    </Image>
    <Image Include="res\icon1.ico">
      <Filter>Resource Files</Filter>
    </Image>
    <Image Include="res\icon2.ico">
      <Filter>Resource Files</Filter>
    </Image>
    <Image Include="res\idr_open.ico">
      <Filter>Resource Files</Filter>
    </Image>
    <Image Include="res\idr_truc.ico">
      <Filter>Resource Files</Filter>
    </Image>
    <Image Include="res\influenc.ico">
      <Filter>Resource Files</Filter>
    </Image>
    <Image Include="res\LBAMViewer.ico">
      <Filter>Resource Files</Filter>
    </Image>
    <Image Include="res\LBAMViewerDoc.ico">
      <Filter>Resource Files</Filter>
    </Image>
    <Image Include="res\live_loa.ico">
      <Filter>Resource Files</Filter>
    </Image>
    <Image Include="res\loadcase.ico">
      <Filter>Resource Files</Filter>
    </Image>
    <Image Include="res\OPENFOLD.ICO">
      <Filter>Resource Files</Filter>
    </Image>
    <Image Include="res\pedestri.ico">
      <Filter>Resource Files</Filter>
    </Image>
    <Image Include="res\selected.ico">
      <Filter>Resource Files</Filter>
    </Image>
    <Image Include="res\Toolbar.bmp">
      <Filter>Resource Files</Filter>
    </Image>
    <Image Include="res\tree_sta.bmp">
      <Filter>Resource Files</Filter>
    </Image>
    <Image Include="res\vehicula.ico">
      <Filter>Resource Files</Filter>
    </Image>
  </ItemGroup>
  <ItemGroup>
    <None Include="res\LBAMViewer.rc2">
      <Filter>Resource Files</Filter>
    </None>
    <None Include="LBAMViewer.rgs">
      <Filter>Resource Files</Filter>
    </None>
    <None Include="LBAMViewer.reg" />
  </ItemGroup>
  <ItemGroup>
    <Text Include="ReactionReportBuilder.txt" />
    <Text Include="ReadMe.txt" />
  </ItemGroup>
</Project>