<?xml version="1.0" encoding="utf-8"?>
<Project ToolsVersion="4.0" xmlns="http://schemas.microsoft.com/developer/msbuild/2003">
  <ItemGroup>
    <ClCompile Include="..\DistributionFactorStrategy.cpp">
      <Filter>Source Files</Filter>
    </ClCompile>
    <ClCompile Include="LiveLoadTest.cpp">
      <Filter>Source Files</Filter>
    </ClCompile>
    <ClCompile Include="Solleks.cpp">
      <Filter>Source Files</Filter>
    </ClCompile>
    <ClCompile Include="StdAfx.cpp">
      <Filter>Source Files</Filter>
    </ClCompile>
    <ClCompile Include="TestBasicVehicularResponse.cpp">
      <Filter>Source Files</Filter>
    </ClCompile>
    <ClCompile Include="TestDistributionFactorStrategy.cpp">
      <Filter>Source Files</Filter>
    </ClCompile>
    <ClCompile Include="TestLiveLoadConfiguration.cpp">
      <Filter>Source Files</Filter>
    </ClCompile>
    <ClCompile Include="TestLiveLoadModelResponse.cpp">
      <Filter>Source Files</Filter>
    </ClCompile>
    <ClCompile Include="TestResults.cpp">
      <Filter>Source Files</Filter>
    </ClCompile>
    <ClCompile Include="TestSimpleTwoSpan.cpp">
      <Filter>Source Files</Filter>
    </ClCompile>
    <ClCompile Include="TestVehicularLoadContext.cpp">
      <Filter>Source Files</Filter>
    </ClCompile>
  </ItemGroup>
  <ItemGroup>
    <ClInclude Include="..\..\LBAMTestUtils.h">
      <Filter>Header Files</Filter>
    </ClInclude>
    <ClInclude Include="LiveLoadTestUtils.h">
      <Filter>Header Files</Filter>
    </ClInclude>
    <ClInclude Include="Solleks.h">
      <Filter>Header Files</Filter>
    </ClInclude>
    <ClInclude Include="StdAfx.h">
      <Filter>Header Files</Filter>
    </ClInclude>
    <ClInclude Include="TestBasicVehicularResponse.h">
      <Filter>Header Files</Filter>
    </ClInclude>
    <ClInclude Include="TestDistributionFactorStrategy.h">
      <Filter>Header Files</Filter>
    </ClInclude>
    <ClInclude Include="TestLiveLoadConfiguration.h">
      <Filter>Header Files</Filter>
    </ClInclude>
    <ClInclude Include="TestLiveLoadModelResponse.h">
      <Filter>Header Files</Filter>
    </ClInclude>
    <ClInclude Include="TestResults.h">
      <Filter>Header Files</Filter>
    </ClInclude>
    <ClInclude Include="TestSimpleTwoSpan.h">
      <Filter>Header Files</Filter>
    </ClInclude>
    <ClInclude Include="TestVehicularLoadContext.h">
      <Filter>Header Files</Filter>
    </ClInclude>
  </ItemGroup>
  <ItemGroup>
    <Filter Include="Header Files">
      <UniqueIdentifier>{2a64a9e6-d8cf-4a0a-b2e3-5862961ca789}</UniqueIdentifier>
      <Extensions>h;hpp;hxx;hm;inl</Extensions>
    </Filter>
    <Filter Include="Source Files">
      <UniqueIdentifier>{76dde83b-8640-4e1c-82ce-345fdf74e2ac}</UniqueIdentifier>
      <Extensions>cpp;c;cxx;rc;def;r;odl;idl;hpj;bat</Extensions>
    </Filter>
  </ItemGroup>
</Project>