<?xml version="1.0" encoding="utf-8"?>
<Project ToolsVersion="4.0" xmlns="http://schemas.microsoft.com/developer/msbuild/2003">
  <ItemGroup>
    <ClCompile Include="CenterOnPointFSM.cpp">
      <Filter>Source Files</Filter>
    </ClCompile>
    <ClCompile Include="CenterOnPointTaskImpl.cpp">
      <Filter>Source Files</Filter>
    </ClCompile>
    <ClCompile Include="CompositeDisplayObjectImpl.cpp">
      <Filter>Source Files</Filter>
    </ClCompile>
    <ClCompile Include="CompoundDrawLineStrategyImpl.cpp">
      <Filter>Source Files</Filter>
    </ClCompile>
    <ClCompile Include="ConnectorImpl.cpp">
      <Filter>Source Files</Filter>
    </ClCompile>
    <ClCompile Include="DimensionLineImpl.cpp">
      <Filter>Source Files</Filter>
    </ClCompile>
    <ClCompile Include="DisplayListImpl.cpp">
      <Filter>Source Files</Filter>
    </ClCompile>
    <ClCompile Include="DisplayMgrImpl.cpp">
      <Filter>Source Files</Filter>
    </ClCompile>
    <ClCompile Include="DisplayObjectDefaultImpl.cpp">
      <Filter>Source Files</Filter>
    </ClCompile>
    <ClCompile Include="DisplayObjectFactoryImpl.cpp">
      <Filter>Source Files</Filter>
    </ClCompile>
    <ClCompile Include="DisplayView.cpp">
      <Filter>Source Files</Filter>
    </ClCompile>
    <ClCompile Include="DManip.cpp">
      <Filter>Source Files</Filter>
    </ClCompile>
    <ClCompile Include="DragDataImpl.cpp">
      <Filter>Source Files</Filter>
    </ClCompile>
    <ClCompile Include="EditableTextBlockImpl.cpp">
      <Filter>Source Files</Filter>
    </ClCompile>
    <ClCompile Include="EditableUnitValueTextBlockImpl.cpp">
      <Filter>Source Files</Filter>
    </ClCompile>
    <ClCompile Include="ExtRectangleDrawLineStrategyImpl.cpp">
      <Filter>Source Files</Filter>
    </ClCompile>
    <ClCompile Include="ForeignDragDropFSM.cpp">
      <Filter>Source Files</Filter>
    </ClCompile>
    <ClCompile Include="ForeignDragDropTaskImpl.cpp">
      <Filter>Source Files</Filter>
    </ClCompile>
    <ClCompile Include="Helpers.cpp">
      <Filter>Source Files</Filter>
    </ClCompile>
    <ClCompile Include="InplaceEditCtrl.cpp">
      <Filter>Source Files</Filter>
    </ClCompile>
    <ClCompile Include="InplaceEditDefaultImpl.cpp">
      <Filter>Source Files</Filter>
    </ClCompile>
    <ClCompile Include="InplaceEditFSM.cpp">
      <Filter>Source Files</Filter>
    </ClCompile>
    <ClCompile Include="InplaceEditTaskImpl.cpp">
      <Filter>Source Files</Filter>
    </ClCompile>
    <ClCompile Include="InplaceNumericEditCtrl.cpp">
      <Filter>Source Files</Filter>
    </ClCompile>
    <ClCompile Include="LineHitTest.cpp">
      <Filter>Source Files</Filter>
    </ClCompile>
    <ClCompile Include="LineImpl.cpp">
      <Filter>Source Files</Filter>
    </ClCompile>
    <ClCompile Include="LocalDragDropFSM.cpp">
      <Filter>Source Files</Filter>
    </ClCompile>
    <ClCompile Include="LocalDragDropTaskImpl.cpp">
      <Filter>Source Files</Filter>
    </ClCompile>
    <ClCompile Include="MappingImpl.cpp">
      <Filter>Source Files</Filter>
    </ClCompile>
    <ClCompile Include="NorthArrowImpl.cpp">
      <Filter>Source Files</Filter>
    </ClCompile>
    <ClCompile Include="OnMouseOverCursor.cpp">
      <Filter>Source Files</Filter>
    </ClCompile>
    <ClCompile Include="PlugImpl.cpp">
      <Filter>Source Files</Filter>
    </ClCompile>
    <ClCompile Include="PointDisplayObjectImpl.cpp">
      <Filter>Source Files</Filter>
    </ClCompile>
    <ClCompile Include="RectangleDrawLineStrategyImpl.cpp">
      <Filter>Source Files</Filter>
    </ClCompile>
    <ClCompile Include="RectSelectFSM.cpp">
      <Filter>Source Files</Filter>
    </ClCompile>
    <ClCompile Include="RectSelectTaskImpl.cpp">
      <Filter>Source Files</Filter>
    </ClCompile>
    <ClCompile Include="ShapeDrawStrategyImpl.cpp">
      <Filter>Source Files</Filter>
    </ClCompile>
    <ClCompile Include="ShapeGravityWellStrategyImpl.cpp">
      <Filter>Source Files</Filter>
    </ClCompile>
    <ClCompile Include="SimpleDrawDashedLineStrategyImpl.cpp">
      <Filter>Source Files</Filter>
    </ClCompile>
    <ClCompile Include="SimpleDrawLineStrategyImpl.cpp">
      <Filter>Source Files</Filter>
    </ClCompile>
    <ClCompile Include="SimpleDrawPointStrategyImpl.cpp">
      <Filter>Source Files</Filter>
    </ClCompile>
    <ClCompile Include="SocketFactoryImpl.cpp">
      <Filter>Source Files</Filter>
    </ClCompile>
    <ClCompile Include="SocketImpl.cpp">
      <Filter>Source Files</Filter>
    </ClCompile>
    <ClCompile Include="StdAfx.cpp">
      <Filter>Source Files</Filter>
    </ClCompile>
    <ClCompile Include="TargetDrawStrategyImpl.cpp">
      <Filter>Source Files</Filter>
    </ClCompile>
    <ClCompile Include="TaskFactoryImpl.cpp">
      <Filter>Source Files</Filter>
    </ClCompile>
    <ClCompile Include="TextBlockImpl.cpp">
      <Filter>Source Files</Filter>
    </ClCompile>
    <ClCompile Include="ToolImpl.cpp">
      <Filter>Source Files</Filter>
    </ClCompile>
    <ClCompile Include="ToolPalette.cpp">
      <Filter>Source Files</Filter>
    </ClCompile>
    <ClCompile Include="ViewTitleImpl.cpp">
      <Filter>Source Files</Filter>
    </ClCompile>
    <ClCompile Include="ZoomRectFSM.cpp">
      <Filter>Source Files</Filter>
    </ClCompile>
    <ClCompile Include="ZoomRectTaskImpl.cpp">
      <Filter>Source Files</Filter>
    </ClCompile>
    <ClCompile Include="AnchoredTextBlockImpl.cpp">
      <Filter>Source Files</Filter>
    </ClCompile>
    <ClCompile Include="CompoundDrawPointStrategyImpl.cpp">
      <Filter>Source Files</Filter>
    </ClCompile>
  </ItemGroup>
  <ItemGroup>
    <ClInclude Include="..\Include\DManip\AutoLib.h">
      <Filter>Header Files</Filter>
    </ClInclude>
    <ClInclude Include="CenterOnPointFSM.h">
      <Filter>Header Files</Filter>
    </ClInclude>
    <ClInclude Include="..\Include\DManip\CenterOnPointTask.h">
      <Filter>Header Files</Filter>
    </ClInclude>
    <ClInclude Include="CenterOnPointTaskImpl.h">
      <Filter>Header Files</Filter>
    </ClInclude>
    <ClInclude Include="..\Include\DManip\CompositeDisplayObject.h">
      <Filter>Header Files</Filter>
    </ClInclude>
    <ClInclude Include="CompositeDisplayObjectImpl.h">
      <Filter>Header Files</Filter>
    </ClInclude>
    <ClInclude Include="..\Include\DManip\CompoundDrawLineStrategy.h">
      <Filter>Header Files</Filter>
    </ClInclude>
    <ClInclude Include="CompoundDrawLineStrategyImpl.h">
      <Filter>Header Files</Filter>
    </ClInclude>
    <ClInclude Include="ConnectableImpl.h">
      <Filter>Header Files</Filter>
    </ClInclude>
    <ClInclude Include="..\Include\DManip\Connections.h">
      <Filter>Header Files</Filter>
    </ClInclude>
    <ClInclude Include="ConnectorImpl.h">
      <Filter>Header Files</Filter>
    </ClInclude>
    <ClInclude Include="..\Include\DManip\CoordinateMap.h">
      <Filter>Header Files</Filter>
    </ClInclude>
    <ClInclude Include="..\Include\DManip\DimensionLine.h">
      <Filter>Header Files</Filter>
    </ClInclude>
    <ClInclude Include="DimensionLineImpl.h">
      <Filter>Header Files</Filter>
    </ClInclude>
    <ClInclude Include="..\Include\DManip\DisplayList.h">
      <Filter>Header Files</Filter>
    </ClInclude>
    <ClInclude Include="..\Include\Dmanip\DisplayListEvents.h">
      <Filter>Header Files</Filter>
    </ClInclude>
    <ClInclude Include="DisplayListImpl.h">
      <Filter>Header Files</Filter>
    </ClInclude>
    <ClInclude Include="..\Include\DManip\DisplayMgr.h">
      <Filter>Header Files</Filter>
    </ClInclude>
    <ClInclude Include="..\Include\DManip\DisplayMgrEvents.h">
      <Filter>Header Files</Filter>
    </ClInclude>
    <ClInclude Include="DisplayMgrImpl.h">
      <Filter>Header Files</Filter>
    </ClInclude>
    <ClInclude Include="..\Include\DManip\DisplayObject.h">
      <Filter>Header Files</Filter>
    </ClInclude>
    <ClInclude Include="..\Include\DManip\DisplayObjectContainer.h">
      <Filter>Header Files</Filter>
    </ClInclude>
    <ClInclude Include="..\Include\Dmanip\DisplayObjectDefaultImpl.h">
      <Filter>Header Files</Filter>
    </ClInclude>
    <ClInclude Include="..\Include\DManip\DisplayObjectEvents.h">
      <Filter>Header Files</Filter>
    </ClInclude>
    <ClInclude Include="..\Include\DManip\DisplayObjectFactory.h">
      <Filter>Header Files</Filter>
    </ClInclude>
    <ClInclude Include="DisplayObjectFactoryImpl.h">
      <Filter>Header Files</Filter>
    </ClInclude>
    <ClInclude Include="..\Include\DManip\DisplayView.h">
      <Filter>Header Files</Filter>
    </ClInclude>
    <ClInclude Include="..\Include\DManip\DManip.h">
      <Filter>Header Files</Filter>
    </ClInclude>
    <ClInclude Include="DManipDebug.h">
      <Filter>Header Files</Filter>
    </ClInclude>
    <ClInclude Include="..\Include\DManip\DManipExp.h">
      <Filter>Header Files</Filter>
    </ClInclude>
    <ClInclude Include="..\Include\DManip\DManipTypes.h">
      <Filter>Header Files</Filter>
    </ClInclude>
    <ClInclude Include="..\Include\DManip\DragData.h">
      <Filter>Header Files</Filter>
    </ClInclude>
    <ClInclude Include="DragDataImpl.h">
      <Filter>Header Files</Filter>
    </ClInclude>
    <ClInclude Include="..\Include\DManip\Draggable.h">
      <Filter>Header Files</Filter>
    </ClInclude>
    <ClInclude Include="..\Include\DManip\DrawLineStrategy.h">
      <Filter>Header Files</Filter>
    </ClInclude>
    <ClInclude Include="..\Include\DManip\DrawPointStrategy.h">
      <Filter>Header Files</Filter>
    </ClInclude>
    <ClInclude Include="..\Include\DManip\DropSite.h">
      <Filter>Header Files</Filter>
    </ClInclude>
    <ClInclude Include="..\Include\DManip\EditableTextBlock.h">
      <Filter>Header Files</Filter>
    </ClInclude>
    <ClInclude Include="EditableTextBlockImpl.h">
      <Filter>Header Files</Filter>
    </ClInclude>
    <ClInclude Include="..\Include\Dmanip\EditableUnitValueTextBlock.h">
      <Filter>Header Files</Filter>
    </ClInclude>
    <ClInclude Include="EditableUnitValueTextBlockImpl.h">
      <Filter>Header Files</Filter>
    </ClInclude>
    <ClInclude Include="..\Include\DManip\ExtRectangleDrawLineStrategy.h">
      <Filter>Header Files</Filter>
    </ClInclude>
    <ClInclude Include="ExtRectangleDrawLineStrategyImpl.h">
      <Filter>Header Files</Filter>
    </ClInclude>
    <ClInclude Include="ForeignDragDropFSM.h">
      <Filter>Header Files</Filter>
    </ClInclude>
    <ClInclude Include="..\Include\DManip\ForeignDragDropTask.h">
      <Filter>Header Files</Filter>
    </ClInclude>
    <ClInclude Include="ForeignDragDropTaskImpl.h">
      <Filter>Header Files</Filter>
    </ClInclude>
    <ClInclude Include="..\Include\DManip\GravityWellStrategy.h">
      <Filter>Header Files</Filter>
    </ClInclude>
    <ClInclude Include="Helpers.h">
      <Filter>Header Files</Filter>
    </ClInclude>
    <ClInclude Include="..\Include\DManip\InplaceEdit.h">
      <Filter>Header Files</Filter>
    </ClInclude>
    <ClInclude Include="..\Include\DManip\InplaceEditCtrl.h">
      <Filter>Header Files</Filter>
    </ClInclude>
    <ClInclude Include="InplaceEditDefaultImpl.h">
      <Filter>Header Files</Filter>
    </ClInclude>
    <ClInclude Include="InplaceEditFSM.h">
      <Filter>Header Files</Filter>
    </ClInclude>
    <ClInclude Include="..\Include\DManip\InplaceEditTask.h">
      <Filter>Header Files</Filter>
    </ClInclude>
    <ClInclude Include="InplaceEditTaskImpl.h">
      <Filter>Header Files</Filter>
    </ClInclude>
    <ClInclude Include="..\Include\DManip\InplaceNumericEditCtrl.h">
      <Filter>Header Files</Filter>
    </ClInclude>
    <ClInclude Include="..\Include\DManip\Line.h">
      <Filter>Header Files</Filter>
    </ClInclude>
    <ClInclude Include="LineHitTest.h">
      <Filter>Header Files</Filter>
    </ClInclude>
    <ClInclude Include="LineImpl.h">
      <Filter>Header Files</Filter>
    </ClInclude>
    <ClInclude Include="..\Include\DManip\LineStyles.h">
      <Filter>Header Files</Filter>
    </ClInclude>
    <ClInclude Include="LocalDragDropFSM.h">
      <Filter>Header Files</Filter>
    </ClInclude>
    <ClInclude Include="..\Include\DManip\LocalDragDropTask.h">
      <Filter>Header Files</Filter>
    </ClInclude>
    <ClInclude Include="LocalDragDropTaskImpl.h">
      <Filter>Header Files</Filter>
    </ClInclude>
    <ClInclude Include="..\Include\DManip\Mapping.h">
      <Filter>Header Files</Filter>
    </ClInclude>
    <ClInclude Include="MappingImpl.h">
      <Filter>Header Files</Filter>
    </ClInclude>
    <ClInclude Include="..\Include\DManip\NorthArrow.h">
      <Filter>Header Files</Filter>
    </ClInclude>
    <ClInclude Include="NorthArrowImpl.h">
      <Filter>Header Files</Filter>
    </ClInclude>
    <ClInclude Include="OnMouseOverCursor.h">
      <Filter>Header Files</Filter>
    </ClInclude>
    <ClInclude Include="PlugImpl.h">
      <Filter>Header Files</Filter>
    </ClInclude>
    <ClInclude Include="..\Include\DManip\PointDisplayObject.h">
      <Filter>Header Files</Filter>
    </ClInclude>
    <ClInclude Include="PointDisplayObjectImpl.h">
      <Filter>Header Files</Filter>
    </ClInclude>
    <ClInclude Include="..\Include\DManip\RectangleDrawLineStrategy.h">
      <Filter>Header Files</Filter>
    </ClInclude>
    <ClInclude Include="RectangleDrawLineStrategyImpl.h">
      <Filter>Header Files</Filter>
    </ClInclude>
    <ClInclude Include="RectSelectFSM.h">
      <Filter>Header Files</Filter>
    </ClInclude>
    <ClInclude Include="..\Include\DManip\RectSelectTask.h">
      <Filter>Header Files</Filter>
    </ClInclude>
    <ClInclude Include="RectSelectTaskImpl.h">
      <Filter>Header Files</Filter>
    </ClInclude>
    <ClInclude Include="Resource.h">
      <Filter>Header Files</Filter>
    </ClInclude>
    <ClInclude Include="..\Include\DManip\ShapeDrawStrategy.h">
      <Filter>Header Files</Filter>
    </ClInclude>
    <ClInclude Include="ShapeDrawStrategyImpl.h">
      <Filter>Header Files</Filter>
    </ClInclude>
    <ClInclude Include="..\Include\DManip\ShapeGravityWellStrategy.h">
      <Filter>Header Files</Filter>
    </ClInclude>
    <ClInclude Include="ShapeGravityWellStrategyImpl.h">
      <Filter>Header Files</Filter>
    </ClInclude>
    <ClInclude Include="SimpleDrawDashedLineStrategyImpl.h">
      <Filter>Header Files</Filter>
    </ClInclude>
    <ClInclude Include="..\Include\DManip\SimpleDrawLineStrategy.h">
      <Filter>Header Files</Filter>
    </ClInclude>
    <ClInclude Include="SimpleDrawLineStrategyImpl.h">
      <Filter>Header Files</Filter>
    </ClInclude>
    <ClInclude Include="..\Include\Dmanip\SimpleDrawPointStrategy.h">
      <Filter>Header Files</Filter>
    </ClInclude>
    <ClInclude Include="SimpleDrawPointStrategyImpl.h">
      <Filter>Header Files</Filter>
    </ClInclude>
    <ClInclude Include="SocketFactoryImpl.h">
      <Filter>Header Files</Filter>
    </ClInclude>
    <ClInclude Include="SocketImpl.h">
      <Filter>Header Files</Filter>
    </ClInclude>
    <ClInclude Include="StdAfx.h">
      <Filter>Header Files</Filter>
    </ClInclude>
    <ClInclude Include="..\Include\DManip\TargetDrawStrategy.h">
      <Filter>Header Files</Filter>
    </ClInclude>
    <ClInclude Include="TargetDrawStrategyImpl.h">
      <Filter>Header Files</Filter>
    </ClInclude>
    <ClInclude Include="..\Include\DManip\Task.h">
      <Filter>Header Files</Filter>
    </ClInclude>
    <ClInclude Include="..\Include\DManip\TaskFactory.h">
      <Filter>Header Files</Filter>
    </ClInclude>
    <ClInclude Include="TaskFactoryImpl.h">
      <Filter>Header Files</Filter>
    </ClInclude>
    <ClInclude Include="..\Include\DManip\TextBlock.h">
      <Filter>Header Files</Filter>
    </ClInclude>
    <ClInclude Include="TextBlockImpl.h">
      <Filter>Header Files</Filter>
    </ClInclude>
    <ClInclude Include="..\Include\DManip\Tool.h">
      <Filter>Header Files</Filter>
    </ClInclude>
    <ClInclude Include="ToolImpl.h">
      <Filter>Header Files</Filter>
    </ClInclude>
    <ClInclude Include="..\Include\DManip\ToolPalette.h">
      <Filter>Header Files</Filter>
    </ClInclude>
    <ClInclude Include="ViewTitleImpl.h">
      <Filter>Header Files</Filter>
    </ClInclude>
    <ClInclude Include="ZoomRectFSM.h">
      <Filter>Header Files</Filter>
    </ClInclude>
    <ClInclude Include="..\Include\DManip\ZoomRectTask.h">
      <Filter>Header Files</Filter>
    </ClInclude>
    <ClInclude Include="ZoomRectTaskImpl.h">
      <Filter>Header Files</Filter>
    </ClInclude>
    <ClInclude Include="AnchoredTextBlockImpl.h">
      <Filter>Header Files</Filter>
    </ClInclude>
    <ClInclude Include="CompoundDrawPointStrategyImpl.h">
      <Filter>Header Files</Filter>
    </ClInclude>
    <ClInclude Include="..\Include\DManip\CompoundDrawPointStrategy.h">
      <Filter>Header Files</Filter>
    </ClInclude>
  </ItemGroup>
  <ItemGroup>
    <Midl Include="..\Include\WBFLDManip.idl" />
  </ItemGroup>
  <ItemGroup>
    <None Include="DManip.def" />
    <None Include="CenterOnPointTask.rgs">
      <Filter>Resource Files</Filter>
    </None>
    <None Include="CompositeDisplayObject.rgs">
      <Filter>Resource Files</Filter>
    </None>
    <None Include="CompoundDrawLineStrategy.rgs">
      <Filter>Resource Files</Filter>
    </None>
    <None Include="DimensionLineDisplayObject.rgs">
      <Filter>Resource Files</Filter>
    </None>
    <None Include="DisplayList.rgs">
      <Filter>Resource Files</Filter>
    </None>
    <None Include="DisplayMgr.rgs">
      <Filter>Resource Files</Filter>
    </None>
    <None Include="DisplayObjectFactory.rgs">
      <Filter>Resource Files</Filter>
    </None>
    <None Include="res\DManip.rc2">
      <Filter>Resource Files</Filter>
    </None>
    <None Include="DragDataSink.rgs">
      <Filter>Resource Files</Filter>
    </None>
    <None Include="DragDataSource.rgs">
      <Filter>Resource Files</Filter>
    </None>
    <None Include="EditableTextBlock.rgs">
      <Filter>Resource Files</Filter>
    </None>
    <None Include="EditableUnitValueTextBlock.rgs">
      <Filter>Resource Files</Filter>
    </None>
    <None Include="ExtRectangleDrawLineStrategy.rgs">
      <Filter>Resource Files</Filter>
    </None>
    <None Include="ForeignDragDropTask.rgs">
      <Filter>Resource Files</Filter>
    </None>
    <None Include="InplaceEditTask.rgs">
      <Filter>Resource Files</Filter>
    </None>
    <None Include="LineDisplayObject.rgs">
      <Filter>Resource Files</Filter>
    </None>
    <None Include="LocalDragDropTask.rgs">
      <Filter>Resource Files</Filter>
    </None>
    <None Include="res\Magnify.cur">
      <Filter>Resource Files</Filter>
    </None>
    <None Include="Mapping.rgs">
      <Filter>Resource Files</Filter>
    </None>
    <None Include="NorthArrow.rgs">
      <Filter>Resource Files</Filter>
    </None>
    <None Include="Plug.rgs">
      <Filter>Resource Files</Filter>
    </None>
    <None Include="PointDisplayObject.rgs">
      <Filter>Resource Files</Filter>
    </None>
    <None Include="..\DManipTools\PolylineDisplayObject.rgs">
      <Filter>Resource Files</Filter>
    </None>
    <None Include="RectangleDrawLineStrategy.rgs">
      <Filter>Resource Files</Filter>
    </None>
    <None Include="RectSelectTask.rgs">
      <Filter>Resource Files</Filter>
    </None>
    <None Include="res\registry.bin">
      <Filter>Resource Files</Filter>
    </None>
    <None Include="ShapeDrawStrategy.rgs">
      <Filter>Resource Files</Filter>
    </None>
    <None Include="ShapeGravityWellStrategy.rgs">
      <Filter>Resource Files</Filter>
    </None>
    <None Include="SimpleDrawDashedLineStrategy.rgs">
      <Filter>Resource Files</Filter>
    </None>
    <None Include="SimpleDrawLineStrategy.rgs">
      <Filter>Resource Files</Filter>
    </None>
    <None Include="SimpleDrawPointStrategy.rgs">
      <Filter>Resource Files</Filter>
    </None>
    <None Include="Socket.rgs">
      <Filter>Resource Files</Filter>
    </None>
    <None Include="SocketFactory.rgs">
      <Filter>Resource Files</Filter>
    </None>
    <None Include="res\Target.cur">
      <Filter>Resource Files</Filter>
    </None>
    <None Include="TargetDrawStrategy.rgs">
      <Filter>Resource Files</Filter>
    </None>
    <None Include="TaskFactory.rgs">
      <Filter>Resource Files</Filter>
    </None>
    <None Include="TextBlock.rgs">
      <Filter>Resource Files</Filter>
    </None>
    <None Include="Tool.rgs">
      <Filter>Resource Files</Filter>
    </None>
    <None Include="ViewTitle.rgs">
      <Filter>Resource Files</Filter>
    </None>
    <None Include="ZoomRectTask.rgs">
      <Filter>Resource Files</Filter>
    </None>
    <None Include="AnchoredTextBlock.rgs">
      <Filter>Resource Files</Filter>
    </None>
    <None Include="CompoundDrawPointStrategy.rgs">
      <Filter>Resource Files</Filter>
    </None>
    <None Include="ShapeDrawStrategy2.rgs">
      <Filter>Resource Files</Filter>
    </None>
  </ItemGroup>
  <ItemGroup>
    <Filter Include="Resource Files">
      <UniqueIdentifier>{71dbf275-831d-4572-b650-6b3fd8d4aec8}</UniqueIdentifier>
      <Extensions>ico;cur;bmp;dlg;rc2;rct;bin;rgs;gif;jpg;jpeg;jpe</Extensions>
    </Filter>
    <Filter Include="Header Files">
      <UniqueIdentifier>{dc7de4d4-0cae-4877-ae6a-49a6e2860cfb}</UniqueIdentifier>
      <Extensions>h;hpp;hxx;hm;inl</Extensions>
    </Filter>
    <Filter Include="Source Files">
      <UniqueIdentifier>{d60add3a-ce78-4cd4-97ec-811b9362c580}</UniqueIdentifier>
      <Extensions>cpp;c;cxx;rc;def;r;odl;idl;hpj;bat</Extensions>
    </Filter>
  </ItemGroup>
  <ItemGroup>
    <ResourceCompile Include="DManip.rc">
      <Filter>Resource Files</Filter>
    </ResourceCompile>
  </ItemGroup>
</Project>