<?xml version="1.0" encoding="utf-8"?>
<Project ToolsVersion="4.0" xmlns="http://schemas.microsoft.com/developer/msbuild/2003">
  <ItemGroup>
    <Filter Include="Source Files">
      <UniqueIdentifier>{4FC737F1-C7A5-4376-A066-2A32D752A2FF}</UniqueIdentifier>
      <Extensions>cpp;c;cc;cxx;def;odl;idl;hpj;bat;asm;asmx</Extensions>
    </Filter>
    <Filter Include="Header Files">
      <UniqueIdentifier>{93995380-89BD-4b04-88EB-625FBE52EBFB}</UniqueIdentifier>
      <Extensions>h;hh;hpp;hxx;hm;inl;inc;ipp;xsd</Extensions>
    </Filter>
  </ItemGroup>
  <ItemGroup>
    <ClCompile Include="main.cpp">
      <Filter>Source Files</Filter>
    </ClCompile>
    <ClCompile Include="XFEA2D.cpp">
      <Filter>Source Files</Filter>
    </ClCompile>
    <ClCompile Include="SymBandedMatrix.cpp">
      <Filter>Source Files</Filter>
    </ClCompile>
    <ClCompile Include="Matrix.cpp">
      <Filter>Source Files</Filter>
    </ClCompile>
    <ClCompile Include="Beam.cpp">
      <Filter>Source Files</Filter>
    </ClCompile>
    <ClCompile Include="JointLoad.cpp">
      <Filter>Source Files</Filter>
    </ClCompile>
    <ClCompile Include="JointDisplacement.cpp">
      <Filter>Source Files</Filter>
    </ClCompile>
    <ClCompile Include="Joint.cpp">
      <Filter>Source Files</Filter>
    </ClCompile>
    <ClCompile Include="Member.cpp">
      <Filter>Source Files</Filter>
    </ClCompile>
    <ClCompile Include="Model.cpp">
      <Filter>Source Files</Filter>
    </ClCompile>
    <ClCompile Include="PointLoad.cpp">
      <Filter>Source Files</Filter>
    </ClCompile>
    <ClCompile Include="DistributedLoad.cpp">
      <Filter>Source Files</Filter>
    </ClCompile>
    <ClCompile Include="MemberStrain.cpp">
      <Filter>Source Files</Filter>
    </ClCompile>
    <ClCompile Include="Loading.cpp">
      <Filter>Source Files</Filter>
    </ClCompile>
    <ClCompile Include="POI.cpp">
      <Filter>Source Files</Filter>
    </ClCompile>
    <ClCompile Include="Persistence.cpp">
      <Filter>Source Files</Filter>
    </ClCompile>
  </ItemGroup>
  <ItemGroup>
    <ClInclude Include="..\Include\FEA2D\AutoLib.h">
      <Filter>Header Files</Filter>
    </ClInclude>
    <ClInclude Include="..\Include\FEA2D\Enums.h">
      <Filter>Header Files</Filter>
    </ClInclude>
    <ClInclude Include="..\Include\FEA2D\FEA2DExp.h">
      <Filter>Header Files</Filter>
    </ClInclude>
    <ClInclude Include="..\Include\FEA2D\FEA2DLib.h">
      <Filter>Header Files</Filter>
    </ClInclude>
    <ClInclude Include="..\Include\FEA2D\XFEA2D.h">
      <Filter>Header Files</Filter>
    </ClInclude>
    <ClInclude Include="..\Include\FEA2D\JointLoad.h">
      <Filter>Header Files</Filter>
    </ClInclude>
    <ClInclude Include="..\Include\FEA2D\JointDisplacement.h">
      <Filter>Header Files</Filter>
    </ClInclude>
    <ClInclude Include="..\Include\FEA2D\Joint.h">
      <Filter>Header Files</Filter>
    </ClInclude>
    <ClInclude Include="..\Include\FEA2D\Member.h">
      <Filter>Header Files</Filter>
    </ClInclude>
    <ClInclude Include="..\Include\FEA2D\Model.h">
      <Filter>Header Files</Filter>
    </ClInclude>
    <ClInclude Include="..\Include\FEA2D\PointLoad.h">
      <Filter>Header Files</Filter>
    </ClInclude>
    <ClInclude Include="..\Include\FEA2D\DistributedLoad.h">
      <Filter>Header Files</Filter>
    </ClInclude>
    <ClInclude Include="..\Include\FEA2D\MemberStrain.h">
      <Filter>Header Files</Filter>
    </ClInclude>
    <ClInclude Include="..\Include\FEA2D\Loading.h">
      <Filter>Header Files</Filter>
    </ClInclude>
    <ClInclude Include="..\Include\FEA2D\POI.h">
      <Filter>Header Files</Filter>
    </ClInclude>
    <ClInclude Include="SymBandedMatrix.h">
      <Filter>Header Files</Filter>
    </ClInclude>
    <ClInclude Include="Matrix.h">
      <Filter>Header Files</Filter>
    </ClInclude>
    <ClInclude Include="Beam.h">
      <Filter>Header Files</Filter>
    </ClInclude>
    <ClInclude Include="Result.h">
      <Filter>Header Files</Filter>
    </ClInclude>
    <ClInclude Include="MbrLoad.h">
      <Filter>Header Files</Filter>
    </ClInclude>
    <ClInclude Include="MemberImpl.h">
      <Filter>Header Files</Filter>
    </ClInclude>
    <ClInclude Include="ModelImpl.h">
      <Filter>Header Files</Filter>
    </ClInclude>
  </ItemGroup>
  <ItemGroup>
    <CustomBuild Include="FEA2D.def">
      <Filter>Source Files</Filter>
    </CustomBuild>
  </ItemGroup>
</Project>
