
Microsoft Visual Studio Solution File, Format Version 12.00
# Visual Studio Version 17
VisualStudioVersion = 17.2.32630.192
MinimumVisualStudioVersion = 10.0.40219.1
Project("{8BC9CEB8-8B4A-11D0-8D11-00A0C91BC942}") = "BogusCombinationContext", "LBAM\LBAMLoadCombiner\LoadCombinerTest\BogusCombinationContext\BogusCombinationContext.vcxproj", "{01A44D6A-EDF0-4E14-8D05-30277C5D4CE7}"
EndProject
Project("{8BC9CEB8-8B4A-11D0-8D11-00A0C91BC942}") = "WBFLCogo", "COGO\Cogo.vcxproj", "{905D99EA-8BC5-45AB-BD0E-9531BB9D9F95}"
	ProjectSection(ProjectDependencies) = postProject
		{7EA2E3A4-A83A-412C-831A-057E9EC9E73C} = {7EA2E3A4-A83A-412C-831A-057E9EC9E73C}
	EndProjectSection
EndProject
Project("{8BC9CEB8-8B4A-11D0-8D11-00A0C91BC942}") = "CogoTest", "COGO\CogoTest\CogoTest.vcxproj", "{08F43812-A85E-43FE-85F8-6704C21AA7EE}"
EndProject
Project("{8BC9CEB8-8B4A-11D0-8D11-00A0C91BC942}") = "WBFLDManip", "DManip\DManip.vcxproj", "{D1F33FFC-EBCE-46F2-936C-3F7F0465D8C9}"
EndProject
Project("{8BC9CEB8-8B4A-11D0-8D11-00A0C91BC942}") = "WBFLDManipTools", "DManipTools\DManipTools.vcxproj", "{1C007106-B50E-45AD-9A59-05F8F0BD6499}"
EndProject
Project("{8BC9CEB8-8B4A-11D0-8D11-00A0C91BC942}") = "WBFLEngTools", "EngTools\EngTools.vcxproj", "{FE54EDE6-52C3-42C5-9348-710BC38A8EC0}"
	ProjectSection(ProjectDependencies) = postProject
		{0727C73E-E23D-4B55-800C-0C17CA862844} = {0727C73E-E23D-4B55-800C-0C17CA862844}
		{9C7B0108-AA89-413C-9D75-5D700F0AECE1} = {9C7B0108-AA89-413C-9D75-5D700F0AECE1}
	EndProjectSection
EndProject
Project("{8BC9CEB8-8B4A-11D0-8D11-00A0C91BC942}") = "WBFLFem2d", "Fem2d\Fem2d.vcxproj", "{9D5FEEEE-54D4-4719-A60D-D68E0943E2C0}"
EndProject
Project("{8BC9CEB8-8B4A-11D0-8D11-00A0C91BC942}") = "Fem2dTest", "Fem2d\Test\Fem2dTest.vcxproj", "{D4ECF2D5-3EC8-43B9-A999-894433D10C54}"
EndProject
Project("{8BC9CEB8-8B4A-11D0-8D11-00A0C91BC942}") = "WBFLGenericBridge", "GenericBridge\GenericBridge.vcxproj", "{E35CB876-D6E5-48DA-A62B-8F4CF2FEF0B0}"
EndProject
Project("{8BC9CEB8-8B4A-11D0-8D11-00A0C91BC942}") = "GenericBridgeTest", "GenericBridge\GenericBridgeTest\GenericBridgeTest.vcxproj", "{5535D7F1-C5E4-48E8-BE9C-BDDF550AE1C3}"
EndProject
Project("{8BC9CEB8-8B4A-11D0-8D11-00A0C91BC942}") = "WBFLGenericBridgeTools", "GenericBridgeTools\GenericBridgeTools.vcxproj", "{3959272E-B5D9-4404-BE07-3235109FD1FC}"
	ProjectSection(ProjectDependencies) = postProject
		{262CE7A1-072B-4578-B45C-75546FA4C384} = {262CE7A1-072B-4578-B45C-75546FA4C384}
		{49CF0439-37D0-434B-A40C-629932B9A74B} = {49CF0439-37D0-434B-A40C-629932B9A74B}
	EndProjectSection
EndProject
Project("{8BC9CEB8-8B4A-11D0-8D11-00A0C91BC942}") = "GenericBridgeToolsTest", "GenericBridgeTools\GenericBridgeToolsTest\GenericBridgeToolsTest.vcxproj", "{8E588001-1BDF-45C2-9ACD-6F777AF52A3F}"
EndProject
Project("{8BC9CEB8-8B4A-11D0-8D11-00A0C91BC942}") = "WBFLGeomModel", "GeomModel\GeomModel.vcxproj", "{0727C73E-E23D-4B55-800C-0C17CA862844}"
EndProject
Project("{8BC9CEB8-8B4A-11D0-8D11-00A0C91BC942}") = "WBFLGeometry", "Geometry\Geometry.vcxproj", "{16E889A9-E3B0-4541-85B2-3A4D98FCCB59}"
	ProjectSection(ProjectDependencies) = postProject
		{0727C73E-E23D-4B55-800C-0C17CA862844} = {0727C73E-E23D-4B55-800C-0C17CA862844}
	EndProjectSection
EndProject
Project("{8BC9CEB8-8B4A-11D0-8D11-00A0C91BC942}") = "GeometryTest", "Geometry\GeometryTest\GeometryTest.vcxproj", "{A54AA48F-7013-4F2F-936A-D01BB4352B9A}"
EndProject
Project("{8BC9CEB8-8B4A-11D0-8D11-00A0C91BC942}") = "WBFLLBAM", "LBAM\LBAM.vcxproj", "{CCFCC8D4-0C8D-425D-BC11-615F7CC0FBB0}"
EndProject
Project("{8BC9CEB8-8B4A-11D0-8D11-00A0C91BC942}") = "WBFLLBAMAnalysis", "LBAM\LBAMAnalysis\LBAMAnalysis.vcxproj", "{5D1A78FF-7C85-4E8F-9FF8-DF84D328930F}"
	ProjectSection(ProjectDependencies) = postProject
		{A5617CED-E680-4882-8D42-075EBC75DAB4} = {A5617CED-E680-4882-8D42-075EBC75DAB4}
	EndProjectSection
EndProject
Project("{8BC9CEB8-8B4A-11D0-8D11-00A0C91BC942}") = "WBFLLBAMAnalysisUtility", "LBAM\LBAMAnalysisUtility\LBAMAnalysisUtility.vcxproj", "{36C4B12A-2FFC-4536-ABFD-8E72286B98BA}"
EndProject
Project("{8BC9CEB8-8B4A-11D0-8D11-00A0C91BC942}") = "WBFLLBAMLiveLoader", "LBAM\LbamLiveLoader\LBAMLiveLoader.vcxproj", "{88AF7855-AFC1-4975-9224-1495DBABDF2F}"
EndProject
Project("{8BC9CEB8-8B4A-11D0-8D11-00A0C91BC942}") = "WBFLLBAMLoadCombiner", "LBAM\LBAMLoadCombiner\LBAMLoadCombiner.vcxproj", "{764707AA-59CE-4068-A49B-76232B2AE062}"
EndProject
Project("{8BC9CEB8-8B4A-11D0-8D11-00A0C91BC942}") = "WBFLLBAMUtility", "LBAM\LBAMUtility\LBAMUtility.vcxproj", "{EA1FDD88-E51A-432E-8A80-7BC2455FBE52}"
EndProject
Project("{8BC9CEB8-8B4A-11D0-8D11-00A0C91BC942}") = "WBFLLrfd", "LRFD\LRFD.vcxproj", "{262CE7A1-072B-4578-B45C-75546FA4C384}"
EndProject
Project("{8BC9CEB8-8B4A-11D0-8D11-00A0C91BC942}") = "LBAMTest", "LBAM\Test\LbamTest.vcxproj", "{896E37D0-FE90-436B-BE46-3B0220DF1560}"
EndProject
Project("{8BC9CEB8-8B4A-11D0-8D11-00A0C91BC942}") = "WBFLLibraryFw", "LibraryFw\LibraryFw.vcxproj", "{EE915D82-304F-48ED-97A9-D5D2ACF33B4C}"
	ProjectSection(ProjectDependencies) = postProject
		{3C66A5DB-A451-4912-A984-DDBF2E890495} = {3C66A5DB-A451-4912-A984-DDBF2E890495}
	EndProjectSection
EndProject
Project("{8BC9CEB8-8B4A-11D0-8D11-00A0C91BC942}") = "LBAMLiveLoadTest", "LBAM\LbamLiveLoader\LiveLoadTest\LiveLoadTest.vcxproj", "{5CE67140-80FA-4014-8DE5-EB01010A044C}"
	ProjectSection(ProjectDependencies) = postProject
		{36C4B12A-2FFC-4536-ABFD-8E72286B98BA} = {36C4B12A-2FFC-4536-ABFD-8E72286B98BA}
		{764707AA-59CE-4068-A49B-76232B2AE062} = {764707AA-59CE-4068-A49B-76232B2AE062}
	EndProjectSection
EndProject
Project("{8BC9CEB8-8B4A-11D0-8D11-00A0C91BC942}") = "LBAMLoadCombinerTest", "LBAM\LBAMLoadCombiner\LoadCombinerTest\LoadCombinerTest.vcxproj", "{AA4B750F-DD8E-4B81-ADAE-4A89E0670A35}"
EndProject
Project("{8BC9CEB8-8B4A-11D0-8D11-00A0C91BC942}") = "WBFLLoading", "Loading\Loading.vcxproj", "{A5617CED-E680-4882-8D42-075EBC75DAB4}"
EndProject
Project("{8BC9CEB8-8B4A-11D0-8D11-00A0C91BC942}") = "LoadingTest", "Loading\LoadingTest\LoadingTest.vcxproj", "{AF231895-FB20-4C28-BE78-3D1267B27847}"
	ProjectSection(ProjectDependencies) = postProject
		{A5617CED-E680-4882-8D42-075EBC75DAB4} = {A5617CED-E680-4882-8D42-075EBC75DAB4}
	EndProjectSection
EndProject
Project("{8BC9CEB8-8B4A-11D0-8D11-00A0C91BC942}") = "WBFLMaterials", "Materials\Materials.vcxproj", "{3904763E-7A13-445F-8544-260047D333CD}"
EndProject
Project("{8BC9CEB8-8B4A-11D0-8D11-00A0C91BC942}") = "WBFLMath", "Math\Math.vcxproj", "{9C7B0108-AA89-413C-9D75-5D700F0AECE1}"
EndProject
Project("{8BC9CEB8-8B4A-11D0-8D11-00A0C91BC942}") = "WBFLMfcTools", "MfcTools\Mfctools.vcxproj", "{6C1D3A4B-A35E-48D2-97A3-D49F38E41E64}"
	ProjectSection(ProjectDependencies) = postProject
		{262CE7A1-072B-4578-B45C-75546FA4C384} = {262CE7A1-072B-4578-B45C-75546FA4C384}
		{3904763E-7A13-445F-8544-260047D333CD} = {3904763E-7A13-445F-8544-260047D333CD}
	EndProjectSection
EndProject
Project("{8BC9CEB8-8B4A-11D0-8D11-00A0C91BC942}") = "WBFLRCCapacity", "RCCapacity\RCCapacity.vcxproj", "{49CF0439-37D0-434B-A40C-629932B9A74B}"
	ProjectSection(ProjectDependencies) = postProject
		{3904763E-7A13-445F-8544-260047D333CD} = {3904763E-7A13-445F-8544-260047D333CD}
		{9FA6F6BB-4833-4E42-A8FB-2D7AF8E937DA} = {9FA6F6BB-4833-4E42-A8FB-2D7AF8E937DA}
	EndProjectSection
EndProject
Project("{8BC9CEB8-8B4A-11D0-8D11-00A0C91BC942}") = "RCCapacityTest", "RCCapacity\RCCapacityTest\RCCapacityTest.vcxproj", "{28F296F8-5D99-4222-AAB2-D62893413BB5}"
EndProject
Project("{8BC9CEB8-8B4A-11D0-8D11-00A0C91BC942}") = "WBFLReporter", "Reporter\Reporter.vcxproj", "{F8A98E8E-6F54-43E6-8142-C09402C0EAD4}"
EndProject
Project("{8BC9CEB8-8B4A-11D0-8D11-00A0C91BC942}") = "WBFLRoark", "Roark\Roark.vcxproj", "{74EA85B6-5198-4419-98D4-8D051174126E}"
EndProject
Project("{8BC9CEB8-8B4A-11D0-8D11-00A0C91BC942}") = "ToolsStorage", "WBFLTools\Test\StorageTest\StorageTest.vcxproj", "{BDFA4049-C139-40FA-9BF4-52415BA09AF7}"
EndProject
Project("{8BC9CEB8-8B4A-11D0-8D11-00A0C91BC942}") = "WBFLSystem", "System\System.vcxproj", "{2D18C0C9-358D-455D-B56A-D4A247FCE7B9}"
EndProject
Project("{8BC9CEB8-8B4A-11D0-8D11-00A0C91BC942}") = "LBAMAnalysisTest", "LBAM\LBAMAnalysis\Test\TestLbamAnalysis.vcxproj", "{E4F5D16F-1CCE-4ADC-AEF9-2AC574EDC49D}"
EndProject
Project("{8BC9CEB8-8B4A-11D0-8D11-00A0C91BC942}") = "WBFLUnitServer", "UnitServer\UnitServer.vcxproj", "{48A7A169-16D3-48D8-88EE-5609AA917712}"
EndProject
Project("{8BC9CEB8-8B4A-11D0-8D11-00A0C91BC942}") = "UnitServerTest", "UnitServer\Test\UnitServerTest.vcxproj", "{2C0E7785-669B-401D-B16E-1991660F016E}"
EndProject
Project("{8BC9CEB8-8B4A-11D0-8D11-00A0C91BC942}") = "UnitTest", "UnitTest\Unittest.vcxproj", "{098AF20D-E70D-420D-B4E5-5967CFE6D162}"
	ProjectSection(ProjectDependencies) = postProject
		{7EA2E3A4-A83A-412C-831A-057E9EC9E73C} = {7EA2E3A4-A83A-412C-831A-057E9EC9E73C}
		{9FA6F6BB-4833-4E42-A8FB-2D7AF8E937DA} = {9FA6F6BB-4833-4E42-A8FB-2D7AF8E937DA}
		{A5617CED-E680-4882-8D42-075EBC75DAB4} = {A5617CED-E680-4882-8D42-075EBC75DAB4}
		{EB9AD1EC-526F-4375-84B4-AA7BAC67D522} = {EB9AD1EC-526F-4375-84B4-AA7BAC67D522}
	EndProjectSection
EndProject
Project("{8BC9CEB8-8B4A-11D0-8D11-00A0C91BC942}") = "WBFLUnits", "Units\Units.vcxproj", "{9F2BE387-53F3-4ED3-B343-F49F803E73DF}"
EndProject
Project("{8BC9CEB8-8B4A-11D0-8D11-00A0C91BC942}") = "WBFLTools", "WBFLTools\WBFLTools.vcxproj", "{3C66A5DB-A451-4912-A984-DDBF2E890495}"
	ProjectSection(ProjectDependencies) = postProject
		{B8CDD36E-37AB-484A-953B-864A2A431147} = {B8CDD36E-37AB-484A-953B-864A2A431147}
	EndProjectSection
EndProject
Project("{8BC9CEB8-8B4A-11D0-8D11-00A0C91BC942}") = "ToolsTest", "WBFLTools\Test\WBFLToolsTest.vcxproj", "{484F0FE0-15D9-4478-97EA-421B3C1DD9DC}"
EndProject
Project("{8BC9CEB8-8B4A-11D0-8D11-00A0C91BC942}") = "WBFLEAF", "EAF\EAF.vcxproj", "{60E04843-976A-4A9F-9839-709E295D04E1}"
EndProject
Project("{8BC9CEB8-8B4A-11D0-8D11-00A0C91BC942}") = "WBFLReportManager", "ReportManager\ReportManager.vcxproj", "{46E8A2D3-73E4-4300-A27C-F186444B198E}"
EndProject
Project("{8BC9CEB8-8B4A-11D0-8D11-00A0C91BC942}") = "WBFLReportManagerAgent", "ReportManagerAgent\ReportManagerAgent.vcxproj", "{F2CED43E-A418-4C63-A705-A599123758E6}"
	ProjectSection(ProjectDependencies) = postProject
		{92F218B1-9B72-4C3A-9B4D-05B548F3385B} = {92F218B1-9B72-4C3A-9B4D-05B548F3385B}
	EndProjectSection
EndProject
Project("{8BC9CEB8-8B4A-11D0-8D11-00A0C91BC942}") = "WBFLTypes", "WBFLTypes\WBFLTypes.vcxproj", "{B8CDD36E-37AB-484A-953B-864A2A431147}"
EndProject
Project("{8BC9CEB8-8B4A-11D0-8D11-00A0C91BC942}") = "WBFLCore", "Core\Core.vcxproj", "{92F218B1-9B72-4C3A-9B4D-05B548F3385B}"
EndProject
Project("{8BC9CEB8-8B4A-11D0-8D11-00A0C91BC942}") = "CoreTest", "Core\CoreTest\CoreTest.vcxproj", "{2B22819E-1B38-4F6B-AE5B-2CA76D599ADA}"
EndProject
Project("{8BC9CEB8-8B4A-11D0-8D11-00A0C91BC942}") = "WBFLBridgeGeometry", "BridgeGeometry\BridgeGeometry.vcxproj", "{02AB2465-2AA0-45DB-B083-CBF7F55C9722}"
EndProject
Project("{8BC9CEB8-8B4A-11D0-8D11-00A0C91BC942}") = "WBFLGraphing", "Graphing\Graphing.vcxproj", "{753FEB16-EBCA-4E67-9C3B-D0B9C4EC23F1}"
	ProjectSection(ProjectDependencies) = postProject
		{9C7B0108-AA89-413C-9D75-5D700F0AECE1} = {9C7B0108-AA89-413C-9D75-5D700F0AECE1}
	EndProjectSection
EndProject
Project("{8BC9CEB8-8B4A-11D0-8D11-00A0C91BC942}") = "WBFLGraphManagerAgent", "GraphManagerAgent\GraphManagerAgent.vcxproj", "{D6CD1A2C-0027-4ED4-B892-FDA3852D47EE}"
	ProjectSection(ProjectDependencies) = postProject
		{92F218B1-9B72-4C3A-9B4D-05B548F3385B} = {92F218B1-9B72-4C3A-9B4D-05B548F3385B}
	EndProjectSection
EndProject
Project("{8BC9CEB8-8B4A-11D0-8D11-00A0C91BC942}") = "WBFLStability", "Stability\Stability.vcxproj", "{A0F76926-FCDF-4882-AF86-0D13C8A7F1F2}"
	ProjectSection(ProjectDependencies) = postProject
		{3959272E-B5D9-4404-BE07-3235109FD1FC} = {3959272E-B5D9-4404-BE07-3235109FD1FC}
		{60E04843-976A-4A9F-9839-709E295D04E1} = {60E04843-976A-4A9F-9839-709E295D04E1}
		{E35CB876-D6E5-48DA-A62B-8F4CF2FEF0B0} = {E35CB876-D6E5-48DA-A62B-8F4CF2FEF0B0}
	EndProjectSection
EndProject
Project("{8BC9CEB8-8B4A-11D0-8D11-00A0C91BC942}") = "MakeDocMap", "EAF\MakeDocMap\MakeDocMap.vcxproj", "{EB9AD1EC-526F-4375-84B4-AA7BAC67D522}"
	ProjectSection(ProjectDependencies) = postProject
		{2D18C0C9-358D-455D-B56A-D4A247FCE7B9} = {2D18C0C9-358D-455D-B56A-D4A247FCE7B9}
	EndProjectSection
EndProject
Project("{8BC9CEB8-8B4A-11D0-8D11-00A0C91BC942}") = "WBFLRCSection", "RCSection\RCSection.vcxproj", "{9FA6F6BB-4833-4E42-A8FB-2D7AF8E937DA}"
	ProjectSection(ProjectDependencies) = postProject
		{3904763E-7A13-445F-8544-260047D333CD} = {3904763E-7A13-445F-8544-260047D333CD}
	EndProjectSection
EndProject
Project("{8BC9CEB8-8B4A-11D0-8D11-00A0C91BC942}") = "WBFLCoordGeom", "CoordGeom\CoordGeom.vcxproj", "{7EA2E3A4-A83A-412C-831A-057E9EC9E73C}"
EndProject
Global
	GlobalSection(SolutionConfigurationPlatforms) = preSolution
		Debug|x64 = Debug|x64
		Debug|x86 = Debug|x86
		Release|x64 = Release|x64
		Release|x86 = Release|x86
	EndGlobalSection
	GlobalSection(ProjectConfigurationPlatforms) = postSolution
		{01A44D6A-EDF0-4E14-8D05-30277C5D4CE7}.Debug|x64.ActiveCfg = Debug|x64
		{01A44D6A-EDF0-4E14-8D05-30277C5D4CE7}.Debug|x64.Build.0 = Debug|x64
		{01A44D6A-EDF0-4E14-8D05-30277C5D4CE7}.Debug|x86.ActiveCfg = Debug|x64
		{01A44D6A-EDF0-4E14-8D05-30277C5D4CE7}.Debug|x86.Build.0 = Debug|x64
		{01A44D6A-EDF0-4E14-8D05-30277C5D4CE7}.Release|x64.ActiveCfg = Release|x64
		{01A44D6A-EDF0-4E14-8D05-30277C5D4CE7}.Release|x64.Build.0 = Release|x64
		{01A44D6A-EDF0-4E14-8D05-30277C5D4CE7}.Release|x86.ActiveCfg = Release|x64
		{01A44D6A-EDF0-4E14-8D05-30277C5D4CE7}.Release|x86.Build.0 = Release|x64
		{905D99EA-8BC5-45AB-BD0E-9531BB9D9F95}.Debug|x64.ActiveCfg = Debug|x64
		{905D99EA-8BC5-45AB-BD0E-9531BB9D9F95}.Debug|x64.Build.0 = Debug|x64
		{905D99EA-8BC5-45AB-BD0E-9531BB9D9F95}.Debug|x86.ActiveCfg = Debug|x64
		{905D99EA-8BC5-45AB-BD0E-9531BB9D9F95}.Debug|x86.Build.0 = Debug|x64
		{905D99EA-8BC5-45AB-BD0E-9531BB9D9F95}.Release|x64.ActiveCfg = Release|x64
		{905D99EA-8BC5-45AB-BD0E-9531BB9D9F95}.Release|x64.Build.0 = Release|x64
		{905D99EA-8BC5-45AB-BD0E-9531BB9D9F95}.Release|x86.ActiveCfg = Release|x64
		{905D99EA-8BC5-45AB-BD0E-9531BB9D9F95}.Release|x86.Build.0 = Release|x64
		{08F43812-A85E-43FE-85F8-6704C21AA7EE}.Debug|x64.ActiveCfg = Debug|x64
		{08F43812-A85E-43FE-85F8-6704C21AA7EE}.Debug|x64.Build.0 = Debug|x64
		{08F43812-A85E-43FE-85F8-6704C21AA7EE}.Debug|x86.ActiveCfg = Debug|x64
		{08F43812-A85E-43FE-85F8-6704C21AA7EE}.Debug|x86.Build.0 = Debug|x64
		{08F43812-A85E-43FE-85F8-6704C21AA7EE}.Release|x64.ActiveCfg = Release|x64
		{08F43812-A85E-43FE-85F8-6704C21AA7EE}.Release|x64.Build.0 = Release|x64
		{08F43812-A85E-43FE-85F8-6704C21AA7EE}.Release|x86.ActiveCfg = Release|x64
		{08F43812-A85E-43FE-85F8-6704C21AA7EE}.Release|x86.Build.0 = Release|x64
		{D1F33FFC-EBCE-46F2-936C-3F7F0465D8C9}.Debug|x64.ActiveCfg = Debug|x64
		{D1F33FFC-EBCE-46F2-936C-3F7F0465D8C9}.Debug|x64.Build.0 = Debug|x64
		{D1F33FFC-EBCE-46F2-936C-3F7F0465D8C9}.Debug|x86.ActiveCfg = Debug|x64
		{D1F33FFC-EBCE-46F2-936C-3F7F0465D8C9}.Debug|x86.Build.0 = Debug|x64
		{D1F33FFC-EBCE-46F2-936C-3F7F0465D8C9}.Release|x64.ActiveCfg = Release|x64
		{D1F33FFC-EBCE-46F2-936C-3F7F0465D8C9}.Release|x64.Build.0 = Release|x64
		{D1F33FFC-EBCE-46F2-936C-3F7F0465D8C9}.Release|x86.ActiveCfg = Release|x64
		{D1F33FFC-EBCE-46F2-936C-3F7F0465D8C9}.Release|x86.Build.0 = Release|x64
		{1C007106-B50E-45AD-9A59-05F8F0BD6499}.Debug|x64.ActiveCfg = Debug|x64
		{1C007106-B50E-45AD-9A59-05F8F0BD6499}.Debug|x64.Build.0 = Debug|x64
		{1C007106-B50E-45AD-9A59-05F8F0BD6499}.Debug|x86.ActiveCfg = Debug|x64
		{1C007106-B50E-45AD-9A59-05F8F0BD6499}.Debug|x86.Build.0 = Debug|x64
		{1C007106-B50E-45AD-9A59-05F8F0BD6499}.Release|x64.ActiveCfg = Release|x64
		{1C007106-B50E-45AD-9A59-05F8F0BD6499}.Release|x64.Build.0 = Release|x64
		{1C007106-B50E-45AD-9A59-05F8F0BD6499}.Release|x86.ActiveCfg = Release|x64
		{1C007106-B50E-45AD-9A59-05F8F0BD6499}.Release|x86.Build.0 = Release|x64
		{FE54EDE6-52C3-42C5-9348-710BC38A8EC0}.Debug|x64.ActiveCfg = Debug|x64
		{FE54EDE6-52C3-42C5-9348-710BC38A8EC0}.Debug|x64.Build.0 = Debug|x64
		{FE54EDE6-52C3-42C5-9348-710BC38A8EC0}.Debug|x86.ActiveCfg = Debug|x64
		{FE54EDE6-52C3-42C5-9348-710BC38A8EC0}.Debug|x86.Build.0 = Debug|x64
		{FE54EDE6-52C3-42C5-9348-710BC38A8EC0}.Release|x64.ActiveCfg = Release|x64
		{FE54EDE6-52C3-42C5-9348-710BC38A8EC0}.Release|x64.Build.0 = Release|x64
		{FE54EDE6-52C3-42C5-9348-710BC38A8EC0}.Release|x86.ActiveCfg = Release|x64
		{FE54EDE6-52C3-42C5-9348-710BC38A8EC0}.Release|x86.Build.0 = Release|x64
		{9D5FEEEE-54D4-4719-A60D-D68E0943E2C0}.Debug|x64.ActiveCfg = Debug|x64
		{9D5FEEEE-54D4-4719-A60D-D68E0943E2C0}.Debug|x64.Build.0 = Debug|x64
		{9D5FEEEE-54D4-4719-A60D-D68E0943E2C0}.Debug|x86.ActiveCfg = Debug|x64
		{9D5FEEEE-54D4-4719-A60D-D68E0943E2C0}.Debug|x86.Build.0 = Debug|x64
		{9D5FEEEE-54D4-4719-A60D-D68E0943E2C0}.Release|x64.ActiveCfg = Release|x64
		{9D5FEEEE-54D4-4719-A60D-D68E0943E2C0}.Release|x64.Build.0 = Release|x64
		{9D5FEEEE-54D4-4719-A60D-D68E0943E2C0}.Release|x86.ActiveCfg = Release|x64
		{9D5FEEEE-54D4-4719-A60D-D68E0943E2C0}.Release|x86.Build.0 = Release|x64
		{D4ECF2D5-3EC8-43B9-A999-894433D10C54}.Debug|x64.ActiveCfg = Debug|x64
		{D4ECF2D5-3EC8-43B9-A999-894433D10C54}.Debug|x64.Build.0 = Debug|x64
		{D4ECF2D5-3EC8-43B9-A999-894433D10C54}.Debug|x86.ActiveCfg = Debug|x64
		{D4ECF2D5-3EC8-43B9-A999-894433D10C54}.Debug|x86.Build.0 = Debug|x64
		{D4ECF2D5-3EC8-43B9-A999-894433D10C54}.Release|x64.ActiveCfg = Release|x64
		{D4ECF2D5-3EC8-43B9-A999-894433D10C54}.Release|x64.Build.0 = Release|x64
		{D4ECF2D5-3EC8-43B9-A999-894433D10C54}.Release|x86.ActiveCfg = Release|x64
		{D4ECF2D5-3EC8-43B9-A999-894433D10C54}.Release|x86.Build.0 = Release|x64
		{E35CB876-D6E5-48DA-A62B-8F4CF2FEF0B0}.Debug|x64.ActiveCfg = Debug|x64
		{E35CB876-D6E5-48DA-A62B-8F4CF2FEF0B0}.Debug|x64.Build.0 = Debug|x64
		{E35CB876-D6E5-48DA-A62B-8F4CF2FEF0B0}.Debug|x86.ActiveCfg = Debug|x64
		{E35CB876-D6E5-48DA-A62B-8F4CF2FEF0B0}.Debug|x86.Build.0 = Debug|x64
		{E35CB876-D6E5-48DA-A62B-8F4CF2FEF0B0}.Release|x64.ActiveCfg = Release|x64
		{E35CB876-D6E5-48DA-A62B-8F4CF2FEF0B0}.Release|x64.Build.0 = Release|x64
		{E35CB876-D6E5-48DA-A62B-8F4CF2FEF0B0}.Release|x86.ActiveCfg = Release|x64
		{E35CB876-D6E5-48DA-A62B-8F4CF2FEF0B0}.Release|x86.Build.0 = Release|x64
		{5535D7F1-C5E4-48E8-BE9C-BDDF550AE1C3}.Debug|x64.ActiveCfg = Debug|x64
		{5535D7F1-C5E4-48E8-BE9C-BDDF550AE1C3}.Debug|x64.Build.0 = Debug|x64
		{5535D7F1-C5E4-48E8-BE9C-BDDF550AE1C3}.Debug|x86.ActiveCfg = Debug|x64
		{5535D7F1-C5E4-48E8-BE9C-BDDF550AE1C3}.Debug|x86.Build.0 = Debug|x64
		{5535D7F1-C5E4-48E8-BE9C-BDDF550AE1C3}.Release|x64.ActiveCfg = Release|x64
		{5535D7F1-C5E4-48E8-BE9C-BDDF550AE1C3}.Release|x64.Build.0 = Release|x64
		{5535D7F1-C5E4-48E8-BE9C-BDDF550AE1C3}.Release|x86.ActiveCfg = Release|x64
		{5535D7F1-C5E4-48E8-BE9C-BDDF550AE1C3}.Release|x86.Build.0 = Release|x64
		{3959272E-B5D9-4404-BE07-3235109FD1FC}.Debug|x64.ActiveCfg = Debug|x64
		{3959272E-B5D9-4404-BE07-3235109FD1FC}.Debug|x64.Build.0 = Debug|x64
		{3959272E-B5D9-4404-BE07-3235109FD1FC}.Debug|x86.ActiveCfg = Debug|x64
		{3959272E-B5D9-4404-BE07-3235109FD1FC}.Debug|x86.Build.0 = Debug|x64
		{3959272E-B5D9-4404-BE07-3235109FD1FC}.Release|x64.ActiveCfg = Release|x64
		{3959272E-B5D9-4404-BE07-3235109FD1FC}.Release|x64.Build.0 = Release|x64
		{3959272E-B5D9-4404-BE07-3235109FD1FC}.Release|x86.ActiveCfg = Release|x64
		{3959272E-B5D9-4404-BE07-3235109FD1FC}.Release|x86.Build.0 = Release|x64
		{8E588001-1BDF-45C2-9ACD-6F777AF52A3F}.Debug|x64.ActiveCfg = Debug|x64
		{8E588001-1BDF-45C2-9ACD-6F777AF52A3F}.Debug|x64.Build.0 = Debug|x64
		{8E588001-1BDF-45C2-9ACD-6F777AF52A3F}.Debug|x86.ActiveCfg = Debug|x64
		{8E588001-1BDF-45C2-9ACD-6F777AF52A3F}.Debug|x86.Build.0 = Debug|x64
		{8E588001-1BDF-45C2-9ACD-6F777AF52A3F}.Release|x64.ActiveCfg = Release|x64
		{8E588001-1BDF-45C2-9ACD-6F777AF52A3F}.Release|x64.Build.0 = Release|x64
		{8E588001-1BDF-45C2-9ACD-6F777AF52A3F}.Release|x86.ActiveCfg = Release|x64
		{8E588001-1BDF-45C2-9ACD-6F777AF52A3F}.Release|x86.Build.0 = Release|x64
		{0727C73E-E23D-4B55-800C-0C17CA862844}.Debug|x64.ActiveCfg = Debug|x64
		{0727C73E-E23D-4B55-800C-0C17CA862844}.Debug|x64.Build.0 = Debug|x64
		{0727C73E-E23D-4B55-800C-0C17CA862844}.Debug|x86.ActiveCfg = Debug|x64
		{0727C73E-E23D-4B55-800C-0C17CA862844}.Debug|x86.Build.0 = Debug|x64
		{0727C73E-E23D-4B55-800C-0C17CA862844}.Release|x64.ActiveCfg = Release|x64
		{0727C73E-E23D-4B55-800C-0C17CA862844}.Release|x64.Build.0 = Release|x64
		{0727C73E-E23D-4B55-800C-0C17CA862844}.Release|x86.ActiveCfg = Release|x64
		{0727C73E-E23D-4B55-800C-0C17CA862844}.Release|x86.Build.0 = Release|x64
		{16E889A9-E3B0-4541-85B2-3A4D98FCCB59}.Debug|x64.ActiveCfg = Debug|x64
		{16E889A9-E3B0-4541-85B2-3A4D98FCCB59}.Debug|x64.Build.0 = Debug|x64
		{16E889A9-E3B0-4541-85B2-3A4D98FCCB59}.Debug|x86.ActiveCfg = Debug|x64
		{16E889A9-E3B0-4541-85B2-3A4D98FCCB59}.Debug|x86.Build.0 = Debug|x64
		{16E889A9-E3B0-4541-85B2-3A4D98FCCB59}.Release|x64.ActiveCfg = Release|x64
		{16E889A9-E3B0-4541-85B2-3A4D98FCCB59}.Release|x64.Build.0 = Release|x64
		{16E889A9-E3B0-4541-85B2-3A4D98FCCB59}.Release|x86.ActiveCfg = Release|x64
		{16E889A9-E3B0-4541-85B2-3A4D98FCCB59}.Release|x86.Build.0 = Release|x64
		{A54AA48F-7013-4F2F-936A-D01BB4352B9A}.Debug|x64.ActiveCfg = Debug|x64
		{A54AA48F-7013-4F2F-936A-D01BB4352B9A}.Debug|x64.Build.0 = Debug|x64
		{A54AA48F-7013-4F2F-936A-D01BB4352B9A}.Debug|x86.ActiveCfg = Debug|x64
		{A54AA48F-7013-4F2F-936A-D01BB4352B9A}.Debug|x86.Build.0 = Debug|x64
		{A54AA48F-7013-4F2F-936A-D01BB4352B9A}.Release|x64.ActiveCfg = Release|x64
		{A54AA48F-7013-4F2F-936A-D01BB4352B9A}.Release|x64.Build.0 = Release|x64
		{A54AA48F-7013-4F2F-936A-D01BB4352B9A}.Release|x86.ActiveCfg = Release|x64
		{A54AA48F-7013-4F2F-936A-D01BB4352B9A}.Release|x86.Build.0 = Release|x64
		{CCFCC8D4-0C8D-425D-BC11-615F7CC0FBB0}.Debug|x64.ActiveCfg = Debug|x64
		{CCFCC8D4-0C8D-425D-BC11-615F7CC0FBB0}.Debug|x64.Build.0 = Debug|x64
		{CCFCC8D4-0C8D-425D-BC11-615F7CC0FBB0}.Debug|x86.ActiveCfg = Debug|x64
		{CCFCC8D4-0C8D-425D-BC11-615F7CC0FBB0}.Debug|x86.Build.0 = Debug|x64
		{CCFCC8D4-0C8D-425D-BC11-615F7CC0FBB0}.Release|x64.ActiveCfg = Release|x64
		{CCFCC8D4-0C8D-425D-BC11-615F7CC0FBB0}.Release|x64.Build.0 = Release|x64
		{CCFCC8D4-0C8D-425D-BC11-615F7CC0FBB0}.Release|x86.ActiveCfg = Release|x64
		{CCFCC8D4-0C8D-425D-BC11-615F7CC0FBB0}.Release|x86.Build.0 = Release|x64
		{5D1A78FF-7C85-4E8F-9FF8-DF84D328930F}.Debug|x64.ActiveCfg = Debug|x64
		{5D1A78FF-7C85-4E8F-9FF8-DF84D328930F}.Debug|x64.Build.0 = Debug|x64
		{5D1A78FF-7C85-4E8F-9FF8-DF84D328930F}.Debug|x86.ActiveCfg = Debug|x64
		{5D1A78FF-7C85-4E8F-9FF8-DF84D328930F}.Debug|x86.Build.0 = Debug|x64
		{5D1A78FF-7C85-4E8F-9FF8-DF84D328930F}.Release|x64.ActiveCfg = Release|x64
		{5D1A78FF-7C85-4E8F-9FF8-DF84D328930F}.Release|x64.Build.0 = Release|x64
		{5D1A78FF-7C85-4E8F-9FF8-DF84D328930F}.Release|x86.ActiveCfg = Release|x64
		{5D1A78FF-7C85-4E8F-9FF8-DF84D328930F}.Release|x86.Build.0 = Release|x64
		{36C4B12A-2FFC-4536-ABFD-8E72286B98BA}.Debug|x64.ActiveCfg = Debug|x64
		{36C4B12A-2FFC-4536-ABFD-8E72286B98BA}.Debug|x64.Build.0 = Debug|x64
		{36C4B12A-2FFC-4536-ABFD-8E72286B98BA}.Debug|x86.ActiveCfg = Debug|x64
		{36C4B12A-2FFC-4536-ABFD-8E72286B98BA}.Debug|x86.Build.0 = Debug|x64
		{36C4B12A-2FFC-4536-ABFD-8E72286B98BA}.Release|x64.ActiveCfg = Release|x64
		{36C4B12A-2FFC-4536-ABFD-8E72286B98BA}.Release|x64.Build.0 = Release|x64
		{36C4B12A-2FFC-4536-ABFD-8E72286B98BA}.Release|x86.ActiveCfg = Release|x64
		{36C4B12A-2FFC-4536-ABFD-8E72286B98BA}.Release|x86.Build.0 = Release|x64
		{88AF7855-AFC1-4975-9224-1495DBABDF2F}.Debug|x64.ActiveCfg = Debug|x64
		{88AF7855-AFC1-4975-9224-1495DBABDF2F}.Debug|x64.Build.0 = Debug|x64
		{88AF7855-AFC1-4975-9224-1495DBABDF2F}.Debug|x86.ActiveCfg = Debug|x64
		{88AF7855-AFC1-4975-9224-1495DBABDF2F}.Debug|x86.Build.0 = Debug|x64
		{88AF7855-AFC1-4975-9224-1495DBABDF2F}.Release|x64.ActiveCfg = Release|x64
		{88AF7855-AFC1-4975-9224-1495DBABDF2F}.Release|x64.Build.0 = Release|x64
		{88AF7855-AFC1-4975-9224-1495DBABDF2F}.Release|x86.ActiveCfg = Release|x64
		{88AF7855-AFC1-4975-9224-1495DBABDF2F}.Release|x86.Build.0 = Release|x64
		{764707AA-59CE-4068-A49B-76232B2AE062}.Debug|x64.ActiveCfg = Debug|x64
		{764707AA-59CE-4068-A49B-76232B2AE062}.Debug|x64.Build.0 = Debug|x64
		{764707AA-59CE-4068-A49B-76232B2AE062}.Debug|x86.ActiveCfg = Debug|x64
		{764707AA-59CE-4068-A49B-76232B2AE062}.Debug|x86.Build.0 = Debug|x64
		{764707AA-59CE-4068-A49B-76232B2AE062}.Release|x64.ActiveCfg = Release|x64
		{764707AA-59CE-4068-A49B-76232B2AE062}.Release|x64.Build.0 = Release|x64
		{764707AA-59CE-4068-A49B-76232B2AE062}.Release|x86.ActiveCfg = Release|x64
		{764707AA-59CE-4068-A49B-76232B2AE062}.Release|x86.Build.0 = Release|x64
		{EA1FDD88-E51A-432E-8A80-7BC2455FBE52}.Debug|x64.ActiveCfg = Debug|x64
		{EA1FDD88-E51A-432E-8A80-7BC2455FBE52}.Debug|x64.Build.0 = Debug|x64
		{EA1FDD88-E51A-432E-8A80-7BC2455FBE52}.Debug|x86.ActiveCfg = Debug|x64
		{EA1FDD88-E51A-432E-8A80-7BC2455FBE52}.Debug|x86.Build.0 = Debug|x64
		{EA1FDD88-E51A-432E-8A80-7BC2455FBE52}.Release|x64.ActiveCfg = Release|x64
		{EA1FDD88-E51A-432E-8A80-7BC2455FBE52}.Release|x64.Build.0 = Release|x64
		{EA1FDD88-E51A-432E-8A80-7BC2455FBE52}.Release|x86.ActiveCfg = Release|x64
		{EA1FDD88-E51A-432E-8A80-7BC2455FBE52}.Release|x86.Build.0 = Release|x64
		{262CE7A1-072B-4578-B45C-75546FA4C384}.Debug|x64.ActiveCfg = Debug|x64
		{262CE7A1-072B-4578-B45C-75546FA4C384}.Debug|x64.Build.0 = Debug|x64
		{262CE7A1-072B-4578-B45C-75546FA4C384}.Debug|x86.ActiveCfg = Debug|x64
		{262CE7A1-072B-4578-B45C-75546FA4C384}.Debug|x86.Build.0 = Debug|x64
		{262CE7A1-072B-4578-B45C-75546FA4C384}.Release|x64.ActiveCfg = Release|x64
		{262CE7A1-072B-4578-B45C-75546FA4C384}.Release|x64.Build.0 = Release|x64
		{262CE7A1-072B-4578-B45C-75546FA4C384}.Release|x86.ActiveCfg = Release|x64
		{262CE7A1-072B-4578-B45C-75546FA4C384}.Release|x86.Build.0 = Release|x64
		{896E37D0-FE90-436B-BE46-3B0220DF1560}.Debug|x64.ActiveCfg = Debug|x64
		{896E37D0-FE90-436B-BE46-3B0220DF1560}.Debug|x64.Build.0 = Debug|x64
		{896E37D0-FE90-436B-BE46-3B0220DF1560}.Debug|x86.ActiveCfg = Debug|x64
		{896E37D0-FE90-436B-BE46-3B0220DF1560}.Debug|x86.Build.0 = Debug|x64
		{896E37D0-FE90-436B-BE46-3B0220DF1560}.Release|x64.ActiveCfg = Release|x64
		{896E37D0-FE90-436B-BE46-3B0220DF1560}.Release|x64.Build.0 = Release|x64
		{896E37D0-FE90-436B-BE46-3B0220DF1560}.Release|x86.ActiveCfg = Release|x64
		{896E37D0-FE90-436B-BE46-3B0220DF1560}.Release|x86.Build.0 = Release|x64
		{EE915D82-304F-48ED-97A9-D5D2ACF33B4C}.Debug|x64.ActiveCfg = Debug|x64
		{EE915D82-304F-48ED-97A9-D5D2ACF33B4C}.Debug|x64.Build.0 = Debug|x64
		{EE915D82-304F-48ED-97A9-D5D2ACF33B4C}.Debug|x86.ActiveCfg = Debug|x64
		{EE915D82-304F-48ED-97A9-D5D2ACF33B4C}.Debug|x86.Build.0 = Debug|x64
		{EE915D82-304F-48ED-97A9-D5D2ACF33B4C}.Release|x64.ActiveCfg = Release|x64
		{EE915D82-304F-48ED-97A9-D5D2ACF33B4C}.Release|x64.Build.0 = Release|x64
		{EE915D82-304F-48ED-97A9-D5D2ACF33B4C}.Release|x86.ActiveCfg = Release|x64
		{EE915D82-304F-48ED-97A9-D5D2ACF33B4C}.Release|x86.Build.0 = Release|x64
		{5CE67140-80FA-4014-8DE5-EB01010A044C}.Debug|x64.ActiveCfg = Debug|x64
		{5CE67140-80FA-4014-8DE5-EB01010A044C}.Debug|x64.Build.0 = Debug|x64
		{5CE67140-80FA-4014-8DE5-EB01010A044C}.Debug|x86.ActiveCfg = Debug|x64
		{5CE67140-80FA-4014-8DE5-EB01010A044C}.Debug|x86.Build.0 = Debug|x64
		{5CE67140-80FA-4014-8DE5-EB01010A044C}.Release|x64.ActiveCfg = Release|x64
		{5CE67140-80FA-4014-8DE5-EB01010A044C}.Release|x64.Build.0 = Release|x64
		{5CE67140-80FA-4014-8DE5-EB01010A044C}.Release|x86.ActiveCfg = Release|x64
		{5CE67140-80FA-4014-8DE5-EB01010A044C}.Release|x86.Build.0 = Release|x64
		{AA4B750F-DD8E-4B81-ADAE-4A89E0670A35}.Debug|x64.ActiveCfg = Debug|x64
		{AA4B750F-DD8E-4B81-ADAE-4A89E0670A35}.Debug|x64.Build.0 = Debug|x64
		{AA4B750F-DD8E-4B81-ADAE-4A89E0670A35}.Debug|x86.ActiveCfg = Debug|x64
		{AA4B750F-DD8E-4B81-ADAE-4A89E0670A35}.Debug|x86.Build.0 = Debug|x64
		{AA4B750F-DD8E-4B81-ADAE-4A89E0670A35}.Release|x64.ActiveCfg = Release|x64
		{AA4B750F-DD8E-4B81-ADAE-4A89E0670A35}.Release|x64.Build.0 = Release|x64
		{AA4B750F-DD8E-4B81-ADAE-4A89E0670A35}.Release|x86.ActiveCfg = Release|x64
		{AA4B750F-DD8E-4B81-ADAE-4A89E0670A35}.Release|x86.Build.0 = Release|x64
		{A5617CED-E680-4882-8D42-075EBC75DAB4}.Debug|x64.ActiveCfg = Debug|x64
		{A5617CED-E680-4882-8D42-075EBC75DAB4}.Debug|x64.Build.0 = Debug|x64
		{A5617CED-E680-4882-8D42-075EBC75DAB4}.Debug|x86.ActiveCfg = Debug|x64
		{A5617CED-E680-4882-8D42-075EBC75DAB4}.Debug|x86.Build.0 = Debug|x64
		{A5617CED-E680-4882-8D42-075EBC75DAB4}.Release|x64.ActiveCfg = Release|x64
		{A5617CED-E680-4882-8D42-075EBC75DAB4}.Release|x64.Build.0 = Release|x64
		{A5617CED-E680-4882-8D42-075EBC75DAB4}.Release|x86.ActiveCfg = Release|x64
		{A5617CED-E680-4882-8D42-075EBC75DAB4}.Release|x86.Build.0 = Release|x64
		{AF231895-FB20-4C28-BE78-3D1267B27847}.Debug|x64.ActiveCfg = Debug|x64
		{AF231895-FB20-4C28-BE78-3D1267B27847}.Debug|x64.Build.0 = Debug|x64
		{AF231895-FB20-4C28-BE78-3D1267B27847}.Debug|x86.ActiveCfg = Debug|x64
		{AF231895-FB20-4C28-BE78-3D1267B27847}.Debug|x86.Build.0 = Debug|x64
		{AF231895-FB20-4C28-BE78-3D1267B27847}.Release|x64.ActiveCfg = Release|x64
		{AF231895-FB20-4C28-BE78-3D1267B27847}.Release|x64.Build.0 = Release|x64
		{AF231895-FB20-4C28-BE78-3D1267B27847}.Release|x86.ActiveCfg = Release|x64
		{AF231895-FB20-4C28-BE78-3D1267B27847}.Release|x86.Build.0 = Release|x64
		{3904763E-7A13-445F-8544-260047D333CD}.Debug|x64.ActiveCfg = Debug|x64
		{3904763E-7A13-445F-8544-260047D333CD}.Debug|x64.Build.0 = Debug|x64
		{3904763E-7A13-445F-8544-260047D333CD}.Debug|x86.ActiveCfg = Debug|x64
		{3904763E-7A13-445F-8544-260047D333CD}.Debug|x86.Build.0 = Debug|x64
		{3904763E-7A13-445F-8544-260047D333CD}.Release|x64.ActiveCfg = Release|x64
		{3904763E-7A13-445F-8544-260047D333CD}.Release|x64.Build.0 = Release|x64
		{3904763E-7A13-445F-8544-260047D333CD}.Release|x86.ActiveCfg = Release|x64
		{3904763E-7A13-445F-8544-260047D333CD}.Release|x86.Build.0 = Release|x64
		{9C7B0108-AA89-413C-9D75-5D700F0AECE1}.Debug|x64.ActiveCfg = Debug|x64
		{9C7B0108-AA89-413C-9D75-5D700F0AECE1}.Debug|x64.Build.0 = Debug|x64
		{9C7B0108-AA89-413C-9D75-5D700F0AECE1}.Debug|x86.ActiveCfg = Debug|x64
		{9C7B0108-AA89-413C-9D75-5D700F0AECE1}.Debug|x86.Build.0 = Debug|x64
		{9C7B0108-AA89-413C-9D75-5D700F0AECE1}.Release|x64.ActiveCfg = Release|x64
		{9C7B0108-AA89-413C-9D75-5D700F0AECE1}.Release|x64.Build.0 = Release|x64
		{9C7B0108-AA89-413C-9D75-5D700F0AECE1}.Release|x86.ActiveCfg = Release|x64
		{9C7B0108-AA89-413C-9D75-5D700F0AECE1}.Release|x86.Build.0 = Release|x64
		{6C1D3A4B-A35E-48D2-97A3-D49F38E41E64}.Debug|x64.ActiveCfg = Debug|x64
		{6C1D3A4B-A35E-48D2-97A3-D49F38E41E64}.Debug|x64.Build.0 = Debug|x64
		{6C1D3A4B-A35E-48D2-97A3-D49F38E41E64}.Debug|x86.ActiveCfg = Debug|x64
		{6C1D3A4B-A35E-48D2-97A3-D49F38E41E64}.Debug|x86.Build.0 = Debug|x64
		{6C1D3A4B-A35E-48D2-97A3-D49F38E41E64}.Release|x64.ActiveCfg = Release|x64
		{6C1D3A4B-A35E-48D2-97A3-D49F38E41E64}.Release|x64.Build.0 = Release|x64
		{6C1D3A4B-A35E-48D2-97A3-D49F38E41E64}.Release|x86.ActiveCfg = Release|x64
		{6C1D3A4B-A35E-48D2-97A3-D49F38E41E64}.Release|x86.Build.0 = Release|x64
		{49CF0439-37D0-434B-A40C-629932B9A74B}.Debug|x64.ActiveCfg = Debug|x64
		{49CF0439-37D0-434B-A40C-629932B9A74B}.Debug|x64.Build.0 = Debug|x64
		{49CF0439-37D0-434B-A40C-629932B9A74B}.Debug|x86.ActiveCfg = Debug|x64
		{49CF0439-37D0-434B-A40C-629932B9A74B}.Debug|x86.Build.0 = Debug|x64
		{49CF0439-37D0-434B-A40C-629932B9A74B}.Release|x64.ActiveCfg = Release|x64
		{49CF0439-37D0-434B-A40C-629932B9A74B}.Release|x64.Build.0 = Release|x64
		{49CF0439-37D0-434B-A40C-629932B9A74B}.Release|x86.ActiveCfg = Release|x64
		{49CF0439-37D0-434B-A40C-629932B9A74B}.Release|x86.Build.0 = Release|x64
		{28F296F8-5D99-4222-AAB2-D62893413BB5}.Debug|x64.ActiveCfg = Debug|x64
		{28F296F8-5D99-4222-AAB2-D62893413BB5}.Debug|x64.Build.0 = Debug|x64
		{28F296F8-5D99-4222-AAB2-D62893413BB5}.Debug|x86.ActiveCfg = Debug|x64
		{28F296F8-5D99-4222-AAB2-D62893413BB5}.Debug|x86.Build.0 = Debug|x64
		{28F296F8-5D99-4222-AAB2-D62893413BB5}.Release|x64.ActiveCfg = Release|x64
		{28F296F8-5D99-4222-AAB2-D62893413BB5}.Release|x64.Build.0 = Release|x64
		{28F296F8-5D99-4222-AAB2-D62893413BB5}.Release|x86.ActiveCfg = Release|x64
		{28F296F8-5D99-4222-AAB2-D62893413BB5}.Release|x86.Build.0 = Release|x64
		{F8A98E8E-6F54-43E6-8142-C09402C0EAD4}.Debug|x64.ActiveCfg = Debug|x64
		{F8A98E8E-6F54-43E6-8142-C09402C0EAD4}.Debug|x64.Build.0 = Debug|x64
		{F8A98E8E-6F54-43E6-8142-C09402C0EAD4}.Debug|x86.ActiveCfg = Debug|x64
		{F8A98E8E-6F54-43E6-8142-C09402C0EAD4}.Debug|x86.Build.0 = Debug|x64
		{F8A98E8E-6F54-43E6-8142-C09402C0EAD4}.Release|x64.ActiveCfg = Release|x64
		{F8A98E8E-6F54-43E6-8142-C09402C0EAD4}.Release|x64.Build.0 = Release|x64
		{F8A98E8E-6F54-43E6-8142-C09402C0EAD4}.Release|x86.ActiveCfg = Release|x64
		{F8A98E8E-6F54-43E6-8142-C09402C0EAD4}.Release|x86.Build.0 = Release|x64
		{74EA85B6-5198-4419-98D4-8D051174126E}.Debug|x64.ActiveCfg = Debug|x64
		{74EA85B6-5198-4419-98D4-8D051174126E}.Debug|x64.Build.0 = Debug|x64
		{74EA85B6-5198-4419-98D4-8D051174126E}.Debug|x86.ActiveCfg = Debug|x64
		{74EA85B6-5198-4419-98D4-8D051174126E}.Debug|x86.Build.0 = Debug|x64
		{74EA85B6-5198-4419-98D4-8D051174126E}.Release|x64.ActiveCfg = Release|x64
		{74EA85B6-5198-4419-98D4-8D051174126E}.Release|x64.Build.0 = Release|x64
		{74EA85B6-5198-4419-98D4-8D051174126E}.Release|x86.ActiveCfg = Release|x64
		{74EA85B6-5198-4419-98D4-8D051174126E}.Release|x86.Build.0 = Release|x64
		{BDFA4049-C139-40FA-9BF4-52415BA09AF7}.Debug|x64.ActiveCfg = Debug|x64
		{BDFA4049-C139-40FA-9BF4-52415BA09AF7}.Debug|x64.Build.0 = Debug|x64
		{BDFA4049-C139-40FA-9BF4-52415BA09AF7}.Debug|x86.ActiveCfg = Debug|x64
		{BDFA4049-C139-40FA-9BF4-52415BA09AF7}.Debug|x86.Build.0 = Debug|x64
		{BDFA4049-C139-40FA-9BF4-52415BA09AF7}.Release|x64.ActiveCfg = Release|x64
		{BDFA4049-C139-40FA-9BF4-52415BA09AF7}.Release|x64.Build.0 = Release|x64
		{BDFA4049-C139-40FA-9BF4-52415BA09AF7}.Release|x86.ActiveCfg = Release|x64
		{BDFA4049-C139-40FA-9BF4-52415BA09AF7}.Release|x86.Build.0 = Release|x64
		{2D18C0C9-358D-455D-B56A-D4A247FCE7B9}.Debug|x64.ActiveCfg = Debug|x64
		{2D18C0C9-358D-455D-B56A-D4A247FCE7B9}.Debug|x64.Build.0 = Debug|x64
		{2D18C0C9-358D-455D-B56A-D4A247FCE7B9}.Debug|x86.ActiveCfg = Debug|x64
		{2D18C0C9-358D-455D-B56A-D4A247FCE7B9}.Debug|x86.Build.0 = Debug|x64
		{2D18C0C9-358D-455D-B56A-D4A247FCE7B9}.Release|x64.ActiveCfg = Release|x64
		{2D18C0C9-358D-455D-B56A-D4A247FCE7B9}.Release|x64.Build.0 = Release|x64
		{2D18C0C9-358D-455D-B56A-D4A247FCE7B9}.Release|x86.ActiveCfg = Release|x64
		{2D18C0C9-358D-455D-B56A-D4A247FCE7B9}.Release|x86.Build.0 = Release|x64
		{E4F5D16F-1CCE-4ADC-AEF9-2AC574EDC49D}.Debug|x64.ActiveCfg = Debug|x64
		{E4F5D16F-1CCE-4ADC-AEF9-2AC574EDC49D}.Debug|x64.Build.0 = Debug|x64
		{E4F5D16F-1CCE-4ADC-AEF9-2AC574EDC49D}.Debug|x86.ActiveCfg = Debug|x64
		{E4F5D16F-1CCE-4ADC-AEF9-2AC574EDC49D}.Debug|x86.Build.0 = Debug|x64
		{E4F5D16F-1CCE-4ADC-AEF9-2AC574EDC49D}.Release|x64.ActiveCfg = Release|x64
		{E4F5D16F-1CCE-4ADC-AEF9-2AC574EDC49D}.Release|x64.Build.0 = Release|x64
		{E4F5D16F-1CCE-4ADC-AEF9-2AC574EDC49D}.Release|x86.ActiveCfg = Release|x64
		{E4F5D16F-1CCE-4ADC-AEF9-2AC574EDC49D}.Release|x86.Build.0 = Release|x64
		{48A7A169-16D3-48D8-88EE-5609AA917712}.Debug|x64.ActiveCfg = Debug|x64
		{48A7A169-16D3-48D8-88EE-5609AA917712}.Debug|x64.Build.0 = Debug|x64
		{48A7A169-16D3-48D8-88EE-5609AA917712}.Debug|x86.ActiveCfg = Debug|x64
		{48A7A169-16D3-48D8-88EE-5609AA917712}.Debug|x86.Build.0 = Debug|x64
		{48A7A169-16D3-48D8-88EE-5609AA917712}.Release|x64.ActiveCfg = Release|x64
		{48A7A169-16D3-48D8-88EE-5609AA917712}.Release|x64.Build.0 = Release|x64
		{48A7A169-16D3-48D8-88EE-5609AA917712}.Release|x86.ActiveCfg = Release|x64
		{48A7A169-16D3-48D8-88EE-5609AA917712}.Release|x86.Build.0 = Release|x64
		{2C0E7785-669B-401D-B16E-1991660F016E}.Debug|x64.ActiveCfg = Debug|x64
		{2C0E7785-669B-401D-B16E-1991660F016E}.Debug|x64.Build.0 = Debug|x64
		{2C0E7785-669B-401D-B16E-1991660F016E}.Debug|x86.ActiveCfg = Debug|x64
		{2C0E7785-669B-401D-B16E-1991660F016E}.Debug|x86.Build.0 = Debug|x64
		{2C0E7785-669B-401D-B16E-1991660F016E}.Release|x64.ActiveCfg = Release|x64
		{2C0E7785-669B-401D-B16E-1991660F016E}.Release|x64.Build.0 = Release|x64
		{2C0E7785-669B-401D-B16E-1991660F016E}.Release|x86.ActiveCfg = Release|x64
		{2C0E7785-669B-401D-B16E-1991660F016E}.Release|x86.Build.0 = Release|x64
		{098AF20D-E70D-420D-B4E5-5967CFE6D162}.Debug|x64.ActiveCfg = Debug|x64
		{098AF20D-E70D-420D-B4E5-5967CFE6D162}.Debug|x64.Build.0 = Debug|x64
		{098AF20D-E70D-420D-B4E5-5967CFE6D162}.Debug|x86.ActiveCfg = Debug|x64
		{098AF20D-E70D-420D-B4E5-5967CFE6D162}.Debug|x86.Build.0 = Debug|x64
		{098AF20D-E70D-420D-B4E5-5967CFE6D162}.Release|x64.ActiveCfg = Release|x64
		{098AF20D-E70D-420D-B4E5-5967CFE6D162}.Release|x64.Build.0 = Release|x64
		{098AF20D-E70D-420D-B4E5-5967CFE6D162}.Release|x86.ActiveCfg = Release|x64
		{098AF20D-E70D-420D-B4E5-5967CFE6D162}.Release|x86.Build.0 = Release|x64
		{9F2BE387-53F3-4ED3-B343-F49F803E73DF}.Debug|x64.ActiveCfg = Debug|x64
		{9F2BE387-53F3-4ED3-B343-F49F803E73DF}.Debug|x64.Build.0 = Debug|x64
		{9F2BE387-53F3-4ED3-B343-F49F803E73DF}.Debug|x86.ActiveCfg = Debug|x64
		{9F2BE387-53F3-4ED3-B343-F49F803E73DF}.Debug|x86.Build.0 = Debug|x64
		{9F2BE387-53F3-4ED3-B343-F49F803E73DF}.Release|x64.ActiveCfg = Release|x64
		{9F2BE387-53F3-4ED3-B343-F49F803E73DF}.Release|x64.Build.0 = Release|x64
		{9F2BE387-53F3-4ED3-B343-F49F803E73DF}.Release|x86.ActiveCfg = Release|x64
		{9F2BE387-53F3-4ED3-B343-F49F803E73DF}.Release|x86.Build.0 = Release|x64
		{3C66A5DB-A451-4912-A984-DDBF2E890495}.Debug|x64.ActiveCfg = Debug|x64
		{3C66A5DB-A451-4912-A984-DDBF2E890495}.Debug|x64.Build.0 = Debug|x64
		{3C66A5DB-A451-4912-A984-DDBF2E890495}.Debug|x86.ActiveCfg = Debug|x64
		{3C66A5DB-A451-4912-A984-DDBF2E890495}.Debug|x86.Build.0 = Debug|x64
		{3C66A5DB-A451-4912-A984-DDBF2E890495}.Release|x64.ActiveCfg = Release|x64
		{3C66A5DB-A451-4912-A984-DDBF2E890495}.Release|x64.Build.0 = Release|x64
		{3C66A5DB-A451-4912-A984-DDBF2E890495}.Release|x86.ActiveCfg = Release|x64
		{3C66A5DB-A451-4912-A984-DDBF2E890495}.Release|x86.Build.0 = Release|x64
		{484F0FE0-15D9-4478-97EA-421B3C1DD9DC}.Debug|x64.ActiveCfg = Debug|x64
		{484F0FE0-15D9-4478-97EA-421B3C1DD9DC}.Debug|x64.Build.0 = Debug|x64
		{484F0FE0-15D9-4478-97EA-421B3C1DD9DC}.Debug|x86.ActiveCfg = Debug|x64
		{484F0FE0-15D9-4478-97EA-421B3C1DD9DC}.Debug|x86.Build.0 = Debug|x64
		{484F0FE0-15D9-4478-97EA-421B3C1DD9DC}.Release|x64.ActiveCfg = Release|x64
		{484F0FE0-15D9-4478-97EA-421B3C1DD9DC}.Release|x64.Build.0 = Release|x64
		{484F0FE0-15D9-4478-97EA-421B3C1DD9DC}.Release|x86.ActiveCfg = Release|x64
		{484F0FE0-15D9-4478-97EA-421B3C1DD9DC}.Release|x86.Build.0 = Release|x64
		{60E04843-976A-4A9F-9839-709E295D04E1}.Debug|x64.ActiveCfg = Debug|x64
		{60E04843-976A-4A9F-9839-709E295D04E1}.Debug|x64.Build.0 = Debug|x64
		{60E04843-976A-4A9F-9839-709E295D04E1}.Debug|x86.ActiveCfg = Debug|x64
		{60E04843-976A-4A9F-9839-709E295D04E1}.Debug|x86.Build.0 = Debug|x64
		{60E04843-976A-4A9F-9839-709E295D04E1}.Release|x64.ActiveCfg = Release|x64
		{60E04843-976A-4A9F-9839-709E295D04E1}.Release|x64.Build.0 = Release|x64
		{60E04843-976A-4A9F-9839-709E295D04E1}.Release|x86.ActiveCfg = Release|x64
		{60E04843-976A-4A9F-9839-709E295D04E1}.Release|x86.Build.0 = Release|x64
		{46E8A2D3-73E4-4300-A27C-F186444B198E}.Debug|x64.ActiveCfg = Debug|x64
		{46E8A2D3-73E4-4300-A27C-F186444B198E}.Debug|x64.Build.0 = Debug|x64
		{46E8A2D3-73E4-4300-A27C-F186444B198E}.Debug|x86.ActiveCfg = Debug|x64
		{46E8A2D3-73E4-4300-A27C-F186444B198E}.Debug|x86.Build.0 = Debug|x64
		{46E8A2D3-73E4-4300-A27C-F186444B198E}.Release|x64.ActiveCfg = Release|x64
		{46E8A2D3-73E4-4300-A27C-F186444B198E}.Release|x64.Build.0 = Release|x64
		{46E8A2D3-73E4-4300-A27C-F186444B198E}.Release|x86.ActiveCfg = Release|x64
		{46E8A2D3-73E4-4300-A27C-F186444B198E}.Release|x86.Build.0 = Release|x64
		{F2CED43E-A418-4C63-A705-A599123758E6}.Debug|x64.ActiveCfg = Debug|x64
		{F2CED43E-A418-4C63-A705-A599123758E6}.Debug|x64.Build.0 = Debug|x64
		{F2CED43E-A418-4C63-A705-A599123758E6}.Debug|x86.ActiveCfg = Debug|x64
		{F2CED43E-A418-4C63-A705-A599123758E6}.Debug|x86.Build.0 = Debug|x64
		{F2CED43E-A418-4C63-A705-A599123758E6}.Release|x64.ActiveCfg = Release|x64
		{F2CED43E-A418-4C63-A705-A599123758E6}.Release|x64.Build.0 = Release|x64
		{F2CED43E-A418-4C63-A705-A599123758E6}.Release|x86.ActiveCfg = Release|x64
		{F2CED43E-A418-4C63-A705-A599123758E6}.Release|x86.Build.0 = Release|x64
		{B8CDD36E-37AB-484A-953B-864A2A431147}.Debug|x64.ActiveCfg = Debug|x64
		{B8CDD36E-37AB-484A-953B-864A2A431147}.Debug|x64.Build.0 = Debug|x64
		{B8CDD36E-37AB-484A-953B-864A2A431147}.Debug|x86.ActiveCfg = Debug|x64
		{B8CDD36E-37AB-484A-953B-864A2A431147}.Debug|x86.Build.0 = Debug|x64
		{B8CDD36E-37AB-484A-953B-864A2A431147}.Release|x64.ActiveCfg = Release|x64
		{B8CDD36E-37AB-484A-953B-864A2A431147}.Release|x64.Build.0 = Release|x64
		{B8CDD36E-37AB-484A-953B-864A2A431147}.Release|x86.ActiveCfg = Release|x64
		{B8CDD36E-37AB-484A-953B-864A2A431147}.Release|x86.Build.0 = Release|x64
		{92F218B1-9B72-4C3A-9B4D-05B548F3385B}.Debug|x64.ActiveCfg = Debug|x64
		{92F218B1-9B72-4C3A-9B4D-05B548F3385B}.Debug|x64.Build.0 = Debug|x64
		{92F218B1-9B72-4C3A-9B4D-05B548F3385B}.Debug|x86.ActiveCfg = Debug|x64
		{92F218B1-9B72-4C3A-9B4D-05B548F3385B}.Debug|x86.Build.0 = Debug|x64
		{92F218B1-9B72-4C3A-9B4D-05B548F3385B}.Release|x64.ActiveCfg = Release|x64
		{92F218B1-9B72-4C3A-9B4D-05B548F3385B}.Release|x64.Build.0 = Release|x64
		{92F218B1-9B72-4C3A-9B4D-05B548F3385B}.Release|x86.ActiveCfg = Release|x64
		{92F218B1-9B72-4C3A-9B4D-05B548F3385B}.Release|x86.Build.0 = Release|x64
		{2B22819E-1B38-4F6B-AE5B-2CA76D599ADA}.Debug|x64.ActiveCfg = Debug|x64
		{2B22819E-1B38-4F6B-AE5B-2CA76D599ADA}.Debug|x64.Build.0 = Debug|x64
		{2B22819E-1B38-4F6B-AE5B-2CA76D599ADA}.Debug|x86.ActiveCfg = Debug|x64
		{2B22819E-1B38-4F6B-AE5B-2CA76D599ADA}.Debug|x86.Build.0 = Debug|x64
		{2B22819E-1B38-4F6B-AE5B-2CA76D599ADA}.Release|x64.ActiveCfg = Release|x64
		{2B22819E-1B38-4F6B-AE5B-2CA76D599ADA}.Release|x64.Build.0 = Release|x64
		{2B22819E-1B38-4F6B-AE5B-2CA76D599ADA}.Release|x86.ActiveCfg = Release|x64
		{2B22819E-1B38-4F6B-AE5B-2CA76D599ADA}.Release|x86.Build.0 = Release|x64
		{02AB2465-2AA0-45DB-B083-CBF7F55C9722}.Debug|x64.ActiveCfg = Debug|x64
		{02AB2465-2AA0-45DB-B083-CBF7F55C9722}.Debug|x64.Build.0 = Debug|x64
		{02AB2465-2AA0-45DB-B083-CBF7F55C9722}.Debug|x86.ActiveCfg = Debug|x64
		{02AB2465-2AA0-45DB-B083-CBF7F55C9722}.Debug|x86.Build.0 = Debug|x64
		{02AB2465-2AA0-45DB-B083-CBF7F55C9722}.Release|x64.ActiveCfg = Release|x64
		{02AB2465-2AA0-45DB-B083-CBF7F55C9722}.Release|x64.Build.0 = Release|x64
		{02AB2465-2AA0-45DB-B083-CBF7F55C9722}.Release|x86.ActiveCfg = Release|x64
		{02AB2465-2AA0-45DB-B083-CBF7F55C9722}.Release|x86.Build.0 = Release|x64
		{753FEB16-EBCA-4E67-9C3B-D0B9C4EC23F1}.Debug|x64.ActiveCfg = Debug|x64
		{753FEB16-EBCA-4E67-9C3B-D0B9C4EC23F1}.Debug|x64.Build.0 = Debug|x64
		{753FEB16-EBCA-4E67-9C3B-D0B9C4EC23F1}.Debug|x86.ActiveCfg = Debug|x64
		{753FEB16-EBCA-4E67-9C3B-D0B9C4EC23F1}.Debug|x86.Build.0 = Debug|x64
		{753FEB16-EBCA-4E67-9C3B-D0B9C4EC23F1}.Release|x64.ActiveCfg = Release|x64
		{753FEB16-EBCA-4E67-9C3B-D0B9C4EC23F1}.Release|x64.Build.0 = Release|x64
		{753FEB16-EBCA-4E67-9C3B-D0B9C4EC23F1}.Release|x86.ActiveCfg = Release|x64
		{753FEB16-EBCA-4E67-9C3B-D0B9C4EC23F1}.Release|x86.Build.0 = Release|x64
		{D6CD1A2C-0027-4ED4-B892-FDA3852D47EE}.Debug|x64.ActiveCfg = Debug|x64
		{D6CD1A2C-0027-4ED4-B892-FDA3852D47EE}.Debug|x64.Build.0 = Debug|x64
		{D6CD1A2C-0027-4ED4-B892-FDA3852D47EE}.Debug|x86.ActiveCfg = Debug|x64
		{D6CD1A2C-0027-4ED4-B892-FDA3852D47EE}.Debug|x86.Build.0 = Debug|x64
		{D6CD1A2C-0027-4ED4-B892-FDA3852D47EE}.Release|x64.ActiveCfg = Release|x64
		{D6CD1A2C-0027-4ED4-B892-FDA3852D47EE}.Release|x64.Build.0 = Release|x64
		{D6CD1A2C-0027-4ED4-B892-FDA3852D47EE}.Release|x86.ActiveCfg = Release|x64
		{D6CD1A2C-0027-4ED4-B892-FDA3852D47EE}.Release|x86.Build.0 = Release|x64
		{A0F76926-FCDF-4882-AF86-0D13C8A7F1F2}.Debug|x64.ActiveCfg = Debug|x64
		{A0F76926-FCDF-4882-AF86-0D13C8A7F1F2}.Debug|x64.Build.0 = Debug|x64
		{A0F76926-FCDF-4882-AF86-0D13C8A7F1F2}.Debug|x86.ActiveCfg = Debug|x64
		{A0F76926-FCDF-4882-AF86-0D13C8A7F1F2}.Debug|x86.Build.0 = Debug|x64
		{A0F76926-FCDF-4882-AF86-0D13C8A7F1F2}.Release|x64.ActiveCfg = Release|x64
		{A0F76926-FCDF-4882-AF86-0D13C8A7F1F2}.Release|x64.Build.0 = Release|x64
		{A0F76926-FCDF-4882-AF86-0D13C8A7F1F2}.Release|x86.ActiveCfg = Release|x64
		{A0F76926-FCDF-4882-AF86-0D13C8A7F1F2}.Release|x86.Build.0 = Release|x64
		{EB9AD1EC-526F-4375-84B4-AA7BAC67D522}.Debug|x64.ActiveCfg = Debug|x64
		{EB9AD1EC-526F-4375-84B4-AA7BAC67D522}.Debug|x64.Build.0 = Debug|x64
		{EB9AD1EC-526F-4375-84B4-AA7BAC67D522}.Debug|x86.ActiveCfg = Debug|x64
		{EB9AD1EC-526F-4375-84B4-AA7BAC67D522}.Debug|x86.Build.0 = Debug|x64
		{EB9AD1EC-526F-4375-84B4-AA7BAC67D522}.Release|x64.ActiveCfg = Release|x64
		{EB9AD1EC-526F-4375-84B4-AA7BAC67D522}.Release|x64.Build.0 = Release|x64
		{EB9AD1EC-526F-4375-84B4-AA7BAC67D522}.Release|x86.ActiveCfg = Release|x64
		{EB9AD1EC-526F-4375-84B4-AA7BAC67D522}.Release|x86.Build.0 = Release|x64
		{9FA6F6BB-4833-4E42-A8FB-2D7AF8E937DA}.Debug|x64.ActiveCfg = Debug|x64
		{9FA6F6BB-4833-4E42-A8FB-2D7AF8E937DA}.Debug|x64.Build.0 = Debug|x64
		{9FA6F6BB-4833-4E42-A8FB-2D7AF8E937DA}.Debug|x86.ActiveCfg = Debug|x64
		{9FA6F6BB-4833-4E42-A8FB-2D7AF8E937DA}.Debug|x86.Build.0 = Debug|x64
		{9FA6F6BB-4833-4E42-A8FB-2D7AF8E937DA}.Release|x64.ActiveCfg = Release|x64
		{9FA6F6BB-4833-4E42-A8FB-2D7AF8E937DA}.Release|x64.Build.0 = Release|x64
		{9FA6F6BB-4833-4E42-A8FB-2D7AF8E937DA}.Release|x86.ActiveCfg = Release|x64
		{9FA6F6BB-4833-4E42-A8FB-2D7AF8E937DA}.Release|x86.Build.0 = Release|x64
		{7EA2E3A4-A83A-412C-831A-057E9EC9E73C}.Debug|x64.ActiveCfg = Debug|x64
		{7EA2E3A4-A83A-412C-831A-057E9EC9E73C}.Debug|x64.Build.0 = Debug|x64
		{7EA2E3A4-A83A-412C-831A-057E9EC9E73C}.Debug|x86.ActiveCfg = Debug|x64
		{7EA2E3A4-A83A-412C-831A-057E9EC9E73C}.Debug|x86.Build.0 = Debug|x64
		{7EA2E3A4-A83A-412C-831A-057E9EC9E73C}.Release|x64.ActiveCfg = Release|x64
		{7EA2E3A4-A83A-412C-831A-057E9EC9E73C}.Release|x64.Build.0 = Release|x64
		{7EA2E3A4-A83A-412C-831A-057E9EC9E73C}.Release|x86.ActiveCfg = Release|x64
		{7EA2E3A4-A83A-412C-831A-057E9EC9E73C}.Release|x86.Build.0 = Release|x64
	EndGlobalSection
	GlobalSection(SolutionProperties) = preSolution
		HideSolutionNode = FALSE
	EndGlobalSection
	GlobalSection(ExtensibilityGlobals) = postSolution
		SolutionGuid = {BD9CFEE3-EFB0-4A39-9830-F87BBCD989A3}
	EndGlobalSection
EndGlobal
