<?xml version="1.0" encoding="utf-8"?>
<Project ToolsVersion="4.0" xmlns="http://schemas.microsoft.com/developer/msbuild/2003">
  <ItemGroup>
    <ClCompile Include="main.cpp">
      <Filter>Source Files</Filter>
    </ClCompile>
    <ClCompile Include="UnitTest.cpp">
      <Filter>Source Files</Filter>
    </ClCompile>
    <ClCompile Include="GeneralSection.cpp">
      <Filter>Source Files</Filter>
    </ClCompile>
    <ClCompile Include="GeneralSectionSlice.cpp">
      <Filter>Source Files</Filter>
    </ClCompile>
    <ClCompile Include="GeneralSectionSolution.cpp">
      <Filter>Source Files</Filter>
    </ClCompile>
    <ClCompile Include="GeneralSectionSolver.cpp">
      <Filter>Source Files</Filter>
    </ClCompile>
    <ClCompile Include="GeneralSectionSolverImpl.cpp">
      <Filter>Source Files</Filter>
    </ClCompile>
    <ClCompile Include="MomentCapacitySolution.cpp">
      <Filter>Source Files</Filter>
    </ClCompile>
    <ClCompile Include="MomentCapacitySolver.cpp">
      <Filter>Source Files</Filter>
    </ClCompile>
    <ClCompile Include="MomentCapacitySolverImpl.cpp">
      <Filter>Source Files</Filter>
    </ClCompile>
    <ClCompile Include="XRCSection.cpp">
      <Filter>Source Files</Filter>
    </ClCompile>
    <ClCompile Include="CrackedSectionSlice.cpp">
      <Filter>Source Files</Filter>
    </ClCompile>
    <ClCompile Include="CrackedSectionSolution.cpp">
      <Filter>Source Files</Filter>
    </ClCompile>
    <ClCompile Include="CrackedSectionSolver.cpp">
      <Filter>Source Files</Filter>
    </ClCompile>
    <ClCompile Include="CrackedSectionSolverImpl.cpp">
      <Filter>Source Files</Filter>
    </ClCompile>
    <ClCompile Include="CircularColumn.cpp">
      <Filter>Source Files</Filter>
    </ClCompile>
    <ClCompile Include="SectionBuilder.cpp">
      <Filter>Source Files</Filter>
    </ClCompile>
    <ClCompile Include="VariableStressBlockFactor.cpp">
      <Filter>Source Files</Filter>
    </ClCompile>
    <ClCompile Include="MomentCurvatureSolution.cpp">
      <Filter>Source Files</Filter>
    </ClCompile>
    <ClCompile Include="MomentCurvatureSolver.cpp">
      <Filter>Source Files</Filter>
    </ClCompile>
    <ClCompile Include="MomentCurvatureSolverImpl.cpp">
      <Filter>Source Files</Filter>
    </ClCompile>
    <ClCompile Include="AxialInteractionCurveSolverImpl.cpp">
      <Filter>Source Files</Filter>
    </ClCompile>
    <ClCompile Include="InteractionCurveSolution.cpp">
      <Filter>Source Files</Filter>
    </ClCompile>
    <ClCompile Include="AxialInteractionCurveSolver.cpp">
      <Filter>Source Files</Filter>
    </ClCompile>
    <ClCompile Include="MomentInteractionCurveSolverImpl.cpp">
      <Filter>Source Files</Filter>
    </ClCompile>
    <ClCompile Include="MomentInteractionCurveSolver.cpp">
      <Filter>Source Files</Filter>
    </ClCompile>
  </ItemGroup>
  <ItemGroup>
    <ClInclude Include="..\Include\RCSection\RCSection.h">
      <Filter>Header Files</Filter>
    </ClInclude>
    <ClInclude Include="..\Include\RCSection\RCSectionLib.h">
      <Filter>Header Files</Filter>
    </ClInclude>
    <ClInclude Include="..\Include\RCSection\UnitTest.h">
      <Filter>Header Files</Filter>
    </ClInclude>
    <ClInclude Include="..\Include\RCSection\RCSectionExp.h">
      <Filter>Header Files</Filter>
    </ClInclude>
    <ClInclude Include="..\Include\RCSection\GeneralSection.h">
      <Filter>Header Files</Filter>
    </ClInclude>
    <ClInclude Include="..\Include\RCSection\GeneralSectionSlice.h">
      <Filter>Header Files</Filter>
    </ClInclude>
    <ClInclude Include="..\Include\RCSection\GeneralSectionSolution.h">
      <Filter>Header Files</Filter>
    </ClInclude>
    <ClInclude Include="GeneralSectionSolverImpl.h">
      <Filter>Header Files</Filter>
    </ClInclude>
    <ClInclude Include="..\Include\RCSection\GeneralSectionSolver.h">
      <Filter>Header Files</Filter>
    </ClInclude>
    <ClInclude Include="..\Include\RCSection\MomentCapacitySolution.h">
      <Filter>Header Files</Filter>
    </ClInclude>
    <ClInclude Include="MomentCapacitySolverImpl.h">
      <Filter>Header Files</Filter>
    </ClInclude>
    <ClInclude Include="..\Include\RCSection\MomentCapacitySolver.h">
      <Filter>Header Files</Filter>
    </ClInclude>
    <ClInclude Include="..\Include\RCSection\XRCSection.h">
      <Filter>Header Files</Filter>
    </ClInclude>
    <ClInclude Include="..\Include\RCSection\CrackedSectionSlice.h">
      <Filter>Header Files</Filter>
    </ClInclude>
    <ClInclude Include="..\Include\RCSection\CrackedSectionSolution.h">
      <Filter>Header Files</Filter>
    </ClInclude>
    <ClInclude Include="..\Include\RCSection\CrackedSectionSolver.h">
      <Filter>Header Files</Filter>
    </ClInclude>
    <ClInclude Include="CrackedSectionSolverImpl.h">
      <Filter>Header Files</Filter>
    </ClInclude>
    <ClInclude Include="..\Include\RCSection\CircularColumn.h">
      <Filter>Header Files</Filter>
    </ClInclude>
    <ClInclude Include="..\Include\RCSection\SectionBuilder.h">
      <Filter>Header Files</Filter>
    </ClInclude>
    <ClInclude Include="..\Include\RCSection\ConstantStressBlockFactor.h">
      <Filter>Header Files</Filter>
    </ClInclude>
    <ClInclude Include="..\Include\RCSection\StressBlockFactor.h">
      <Filter>Header Files</Filter>
    </ClInclude>
    <ClInclude Include="..\Include\RCSection\VariableStressBlockFactor.h">
      <Filter>Header Files</Filter>
    </ClInclude>
    <ClInclude Include="..\Include\RCSection\MomentCurvatureSolution.h">
      <Filter>Header Files</Filter>
    </ClInclude>
    <ClInclude Include="..\Include\RCSection\MomentCurvatureSolver.h">
      <Filter>Header Files</Filter>
    </ClInclude>
    <ClInclude Include="MomentCurvatureSolverImpl.h">
      <Filter>Header Files</Filter>
    </ClInclude>
    <ClInclude Include="..\Include\RCSection\AxialInteractionCurveSolver.h">
      <Filter>Header Files</Filter>
    </ClInclude>
    <ClInclude Include="AxialInteractionCurveSolverImpl.h">
      <Filter>Header Files</Filter>
    </ClInclude>
    <ClInclude Include="..\Include\RCSection\InteractionCurveSolution.h">
      <Filter>Header Files</Filter>
    </ClInclude>
    <ClInclude Include="MomentInteractionCurveSolverImpl.h">
      <Filter>Header Files</Filter>
    </ClInclude>
    <ClInclude Include="..\Include\RCSection\MomentInteractionCurveSolver.h">
      <Filter>Header Files</Filter>
    </ClInclude>
    <ClInclude Include="..\Include\RCSection\CapacityLimit.h">
      <Filter>Header Files</Filter>
    </ClInclude>
  </ItemGroup>
  <ItemGroup>
    <CustomBuild Include="RCSection.def" />
  </ItemGroup>
  <ItemGroup>
    <Filter Include="Resource Files">
      <UniqueIdentifier>{4832c9dd-4e75-49e4-8831-1664de532277}</UniqueIdentifier>
      <Extensions>ico;cur;bmp;dlg;rc2;rct;bin;rgs;gif;jpg;jpeg;jpe</Extensions>
    </Filter>
    <Filter Include="Header Files">
      <UniqueIdentifier>{860b2773-bff9-405d-baae-439bd07c3237}</UniqueIdentifier>
      <Extensions>h;hpp;hxx;hm;inl</Extensions>
    </Filter>
    <Filter Include="Source Files">
      <UniqueIdentifier>{20f1648c-6fe9-495c-b562-571af42fad7e}</UniqueIdentifier>
      <Extensions>cpp;c;cxx;rc;def;r;odl;idl;hpj;bat</Extensions>
    </Filter>
  </ItemGroup>
  <ItemGroup>
    <ResourceCompile Include="RCSection.rc">
      <Filter>Resource Files</Filter>
    </ResourceCompile>
  </ItemGroup>
</Project>