<?xml version="1.0" encoding="utf-8"?>
<Project ToolsVersion="4.0" xmlns="http://schemas.microsoft.com/developer/msbuild/2003">
  <ItemGroup>
    <ClCompile Include="StdAfx.cpp">
      <Filter>Source Files</Filter>
    </ClCompile>
    <ClCompile Include="TestAxialLoads.cpp">
      <Filter>Source Files</Filter>
    </ClCompile>
    <ClCompile Include="TestBarWithDistributedLoad.cpp">
      <Filter>Source Files</Filter>
    </ClCompile>
    <ClCompile Include="TestDistributedLoad.cpp">
      <Filter>Source Files</Filter>
    </ClCompile>
    <ClCompile Include="TestFrameSennett3-17.cpp">
      <Filter>Source Files</Filter>
    </ClCompile>
    <ClCompile Include="TestFrameWithDistributedLoad.cpp">
      <Filter>Source Files</Filter>
    </ClCompile>
    <ClCompile Include="TestFrameWithReleases.cpp">
      <Filter>Source Files</Filter>
    </ClCompile>
    <ClCompile Include="TestHarness.cpp">
      <Filter>Source Files</Filter>
    </ClCompile>
    <ClCompile Include="TestInstability.cpp">
      <Filter>Source Files</Filter>
    </ClCompile>
    <ClCompile Include="TestISupportErrorInfo.cpp">
      <Filter>Source Files</Filter>
    </ClCompile>
    <ClCompile Include="TestJoint.cpp">
      <Filter>Source Files</Filter>
    </ClCompile>
    <ClCompile Include="TestJointDisplacement.cpp">
      <Filter>Source Files</Filter>
    </ClCompile>
    <ClCompile Include="TestJointLoad.cpp">
      <Filter>Source Files</Filter>
    </ClCompile>
    <ClCompile Include="TestMember.cpp">
      <Filter>Source Files</Filter>
    </ClCompile>
    <ClCompile Include="TestMemberStrains.cpp">
      <Filter>Source Files</Filter>
    </ClCompile>
    <ClCompile Include="TestMemberStrains2.cpp">
      <Filter>Source Files</Filter>
    </ClCompile>
    <ClCompile Include="TestPersistence.cpp">
      <Filter>Source Files</Filter>
    </ClCompile>
    <ClCompile Include="TestPOI.cpp">
      <Filter>Source Files</Filter>
    </ClCompile>
    <ClCompile Include="TestPointerFail.cpp">
      <Filter>Source Files</Filter>
    </ClCompile>
    <ClCompile Include="TestPointLoad.cpp">
      <Filter>Source Files</Filter>
    </ClCompile>
    <ClCompile Include="TestSimpleBeamWithDistributedLoad.cpp">
      <Filter>Source Files</Filter>
    </ClCompile>
    <ClCompile Include="TestSimpleBeamWithJointLoad.cpp">
      <Filter>Source Files</Filter>
    </ClCompile>
    <ClCompile Include="TestSimpleBeamWithJointLoad2.cpp">
      <Filter>Source Files</Filter>
    </ClCompile>
    <ClCompile Include="TestSimpleBeamWithPointLoad.cpp">
      <Filter>Source Files</Filter>
    </ClCompile>
    <ClCompile Include="TestSimpleBeamWithPointLoad2.cpp">
      <Filter>Source Files</Filter>
    </ClCompile>
    <ClCompile Include="TestSimpleBeamWithPointLoad12.cpp">
      <Filter>Source Files</Filter>
    </ClCompile>
    <ClCompile Include="TestSupportMovement.cpp">
      <Filter>Source Files</Filter>
    </ClCompile>
    <ClCompile Include="TestTrussSennett2-11.cpp">
      <Filter>Source Files</Filter>
    </ClCompile>
    <ClCompile Include="Test.cpp">
      <Filter>Source Files</Filter>
    </ClCompile>
  </ItemGroup>
  <ItemGroup>
    <ClInclude Include="StdAfx.h">
      <Filter>Header Files</Filter>
    </ClInclude>
    <ClInclude Include="TestAxialLoads.h">
      <Filter>Header Files</Filter>
    </ClInclude>
    <ClInclude Include="TestBarWithDistributedLoad.h">
      <Filter>Header Files</Filter>
    </ClInclude>
    <ClInclude Include="TestDistributedLoad.h">
      <Filter>Header Files</Filter>
    </ClInclude>
    <ClInclude Include="TestFrameSennett3-17.h">
      <Filter>Header Files</Filter>
    </ClInclude>
    <ClInclude Include="TestFrameWithDistributedLoad.h">
      <Filter>Header Files</Filter>
    </ClInclude>
    <ClInclude Include="TestFrameWithReleases.h">
      <Filter>Header Files</Filter>
    </ClInclude>
    <ClInclude Include="TestHarness.h">
      <Filter>Header Files</Filter>
    </ClInclude>
    <ClInclude Include="TestInstability.h">
      <Filter>Header Files</Filter>
    </ClInclude>
    <ClInclude Include="TestISupportErrorInfo.h">
      <Filter>Header Files</Filter>
    </ClInclude>
    <ClInclude Include="TestJoint.h">
      <Filter>Header Files</Filter>
    </ClInclude>
    <ClInclude Include="TestJointDisplacement.h">
      <Filter>Header Files</Filter>
    </ClInclude>
    <ClInclude Include="TestJointLoad.h">
      <Filter>Header Files</Filter>
    </ClInclude>
    <ClInclude Include="TestMember.h">
      <Filter>Header Files</Filter>
    </ClInclude>
    <ClInclude Include="TestMemberStrains.h">
      <Filter>Header Files</Filter>
    </ClInclude>
    <ClInclude Include="TestMemberStrains2.h">
      <Filter>Header Files</Filter>
    </ClInclude>
    <ClInclude Include="TestPersistence.h">
      <Filter>Header Files</Filter>
    </ClInclude>
    <ClInclude Include="TestPOI.h">
      <Filter>Header Files</Filter>
    </ClInclude>
    <ClInclude Include="TestPointerFail.h">
      <Filter>Header Files</Filter>
    </ClInclude>
    <ClInclude Include="TestPointLoad.h">
      <Filter>Header Files</Filter>
    </ClInclude>
    <ClInclude Include="TestSimpleBeamWithDistributedLoad.h">
      <Filter>Header Files</Filter>
    </ClInclude>
    <ClInclude Include="TestSimpleBeamWithJointLoad.h">
      <Filter>Header Files</Filter>
    </ClInclude>
    <ClInclude Include="TestSimpleBeamWithPointLoad.h">
      <Filter>Header Files</Filter>
    </ClInclude>
    <ClInclude Include="TestSimpleBeamWithPointLoad2.h">
      <Filter>Header Files</Filter>
    </ClInclude>
    <ClInclude Include="TestSupportMovement.h">
      <Filter>Header Files</Filter>
    </ClInclude>
    <ClInclude Include="TestTrussSennett2-11.h">
      <Filter>Header Files</Filter>
    </ClInclude>
  </ItemGroup>
  <ItemGroup>
    <Text Include="ReadMe.txt" />
  </ItemGroup>
  <ItemGroup>
    <Filter Include="Header Files">
      <UniqueIdentifier>{af8ea467-b498-4e95-be82-7c6984636544}</UniqueIdentifier>
      <Extensions>h;hpp;hxx;hm;inl</Extensions>
    </Filter>
    <Filter Include="Source Files">
      <UniqueIdentifier>{6e4ee779-bd58-47e6-912b-9317f223290f}</UniqueIdentifier>
      <Extensions>cpp;c;cxx;rc;def;r;odl;idl;hpj;bat</Extensions>
    </Filter>
  </ItemGroup>
</Project>