<?xml version="1.0" encoding="utf-8"?>
<Project ToolsVersion="4.0" xmlns="http://schemas.microsoft.com/developer/msbuild/2003">
  <ItemGroup>
    <ClCompile Include="ConcurrentLoadCombinationResponseAgg.cpp">
      <Filter>Source Files</Filter>
    </ClCompile>
    <ClCompile Include="LBAMLoadCombiner.cpp">
      <Filter>Source Files</Filter>
    </ClCompile>
    <ClCompile Include="LoadCaseResponseAgg.cpp">
      <Filter>Source Files</Filter>
    </ClCompile>
    <ClCompile Include="LoadCasesAgg.cpp">
      <Filter>Source Files</Filter>
    </ClCompile>
    <ClCompile Include="LoadCombinationAnalysisContext.cpp">
      <Filter>Source Files</Filter>
    </ClCompile>
    <ClCompile Include="LoadCombinationResponseAgg.cpp">
      <Filter>Source Files</Filter>
    </ClCompile>
    <ClCompile Include="LoadCombinationResultConfiguration.cpp">
      <Filter>Source Files</Filter>
    </ClCompile>
    <ClCompile Include="LoadCombinationResults.cpp">
      <Filter>Source Files</Filter>
    </ClCompile>
    <ClCompile Include="LoadCombinationsAgg.cpp">
      <Filter>Source Files</Filter>
    </ClCompile>
    <ClCompile Include="LoadCombinationSectionResults.cpp">
      <Filter>Source Files</Filter>
    </ClCompile>
    <ClCompile Include="LoadCombinationStressResults.cpp">
      <Filter>Source Files</Filter>
    </ClCompile>
    <ClCompile Include="LoadCombiner.cpp">
      <Filter>Source Files</Filter>
    </ClCompile>
    <ClCompile Include="StagesAgg.cpp">
      <Filter>Source Files</Filter>
    </ClCompile>
    <ClCompile Include="StdAfx.cpp">
      <Filter>Source Files</Filter>
    </ClCompile>
  </ItemGroup>
  <ItemGroup>
    <ClInclude Include="ConcurrentLoadCombinationResponseAgg.h">
      <Filter>Header Files</Filter>
    </ClInclude>
    <ClInclude Include="LBAMLoadCombinerCP.h">
      <Filter>Header Files</Filter>
    </ClInclude>
    <ClInclude Include="..\..\Include\LBAMLoadCombinerErrors.h">
      <Filter>Header Files</Filter>
    </ClInclude>
    <ClInclude Include="LoadCaseResponseAgg.h">
      <Filter>Header Files</Filter>
    </ClInclude>
    <ClInclude Include="LoadCasesAgg.h">
      <Filter>Header Files</Filter>
    </ClInclude>
    <ClInclude Include="LoadCombinationAnalysisContext.h">
      <Filter>Header Files</Filter>
    </ClInclude>
    <ClInclude Include="LoadCombinationResponseAgg.h">
      <Filter>Header Files</Filter>
    </ClInclude>
    <ClInclude Include="LoadCombinationResultConfiguration.h">
      <Filter>Header Files</Filter>
    </ClInclude>
    <ClInclude Include="LoadCombinationResults.h">
      <Filter>Header Files</Filter>
    </ClInclude>
    <ClInclude Include="LoadCombinationsAgg.h">
      <Filter>Header Files</Filter>
    </ClInclude>
    <ClInclude Include="LoadCombinationSectionResults.h">
      <Filter>Header Files</Filter>
    </ClInclude>
    <ClInclude Include="LoadCombinationStressResults.h">
      <Filter>Header Files</Filter>
    </ClInclude>
    <ClInclude Include="LoadCombinationUtils.h">
      <Filter>Header Files</Filter>
    </ClInclude>
    <ClInclude Include="LoadCombiner.h">
      <Filter>Header Files</Filter>
    </ClInclude>
    <ClInclude Include="Resource.h">
      <Filter>Header Files</Filter>
    </ClInclude>
    <ClInclude Include="StagesAgg.h">
      <Filter>Header Files</Filter>
    </ClInclude>
    <ClInclude Include="StdAfx.h">
      <Filter>Header Files</Filter>
    </ClInclude>
  </ItemGroup>
  <ItemGroup>
    <Midl Include="..\..\Include\WBFLLBAMLoadCombiner.idl" />
  </ItemGroup>
  <ItemGroup>
    <None Include="LBAMLoadCombiner.def" />
    <None Include="loadcomb.bin" />
    <None Include="LoadCombinationAnalysisContext.rgs">
      <Filter>Resource Files</Filter>
    </None>
    <None Include="LoadCombinationResultConfiguration.rgs">
      <Filter>Resource Files</Filter>
    </None>
    <None Include="LoadCombinationResults.rgs">
      <Filter>Resource Files</Filter>
    </None>
    <None Include="LoadCombinationSectionResults.rgs">
      <Filter>Resource Files</Filter>
    </None>
    <None Include="LoadCombinationStressResults.rgs">
      <Filter>Resource Files</Filter>
    </None>
    <None Include="LoadCombiner.rgs">
      <Filter>Resource Files</Filter>
    </None>
  </ItemGroup>
  <ItemGroup>
    <Filter Include="Resource Files">
      <UniqueIdentifier>{f61f4fc4-8934-48dc-842e-b751a8383163}</UniqueIdentifier>
      <Extensions>ico;cur;bmp;dlg;rc2;rct;bin;rgs;gif;jpg;jpeg;jpe</Extensions>
    </Filter>
    <Filter Include="Header Files">
      <UniqueIdentifier>{6a40181c-f292-4f22-81aa-0035e1333f94}</UniqueIdentifier>
      <Extensions>h;hpp;hxx;hm;inl</Extensions>
    </Filter>
    <Filter Include="Source Files">
      <UniqueIdentifier>{842d852e-7707-477b-8da9-85c4d9fa3f7d}</UniqueIdentifier>
      <Extensions>cpp;c;cxx;rc;def;r;odl;idl;hpj;bat</Extensions>
    </Filter>
  </ItemGroup>
  <ItemGroup>
    <ResourceCompile Include="LBAMLoadCombiner.rc">
      <Filter>Resource Files</Filter>
    </ResourceCompile>
  </ItemGroup>
  <ItemGroup>
    <CustomBuild Include="..\..\Include\LBAMLoadCombiner.hh">
      <Filter>Header Files</Filter>
    </CustomBuild>
  </ItemGroup>
</Project>