<?xml version="1.0" encoding="utf-8"?>
<Project ToolsVersion="4.0" xmlns="http://schemas.microsoft.com/developer/msbuild/2003">
  <ItemGroup>
    <ClCompile Include="ApproximateLosses.cpp">
      <Filter>Source Files</Filter>
    </ClCompile>
    <ClCompile Include="ApproximateLosses2005.cpp">
      <Filter>Source Files</Filter>
    </ClCompile>
    <ClCompile Include="AutoVersion.cpp">
      <Filter>Source Files</Filter>
    </ClCompile>
    <ClCompile Include="ConcreteUtil.cpp">
      <Filter>Source Files</Filter>
    </ClCompile>
    <ClCompile Include="CreepCoefficient.cpp">
      <Filter>Source Files</Filter>
    </ClCompile>
    <ClCompile Include="CreepCoefficient2005.cpp">
      <Filter>Source Files</Filter>
    </ClCompile>
    <ClCompile Include="ElasticShortening.cpp">
      <Filter>Source Files</Filter>
    </ClCompile>
    <ClCompile Include="LiveLoadDistributionFactorBase.cpp">
      <Filter>Source Files</Filter>
    </ClCompile>
    <ClCompile Include="LldfTxdotMultiWeb.cpp">
      <Filter>Source Files</Filter>
    </ClCompile>
    <ClCompile Include="LldfTypeAEK.cpp">
      <Filter>Source Files</Filter>
    </ClCompile>
    <ClCompile Include="LldfTypeAEKIJ.cpp">
      <Filter>Source Files</Filter>
    </ClCompile>
    <ClCompile Include="LldfTypeBC.cpp">
      <Filter>Source Files</Filter>
    </ClCompile>
    <ClCompile Include="LldfTypeG.cpp">
      <Filter>Source Files</Filter>
    </ClCompile>
    <ClCompile Include="LldfTypeHIJ.cpp">
      <Filter>Source Files</Filter>
    </ClCompile>
    <ClCompile Include="LoadModifier.cpp">
      <Filter>Source Files</Filter>
    </ClCompile>
    <ClCompile Include="Losses.cpp">
      <Filter>Source Files</Filter>
    </ClCompile>
    <ClCompile Include="LRFDConcrete.cpp">
      <Filter>Source Files</Filter>
    </ClCompile>
    <ClCompile Include="LRFDTimeDependentConcrete.cpp">
      <Filter>Source Files</Filter>
    </ClCompile>
    <ClCompile Include="LRFRVersionMgr.cpp">
      <Filter>Source Files</Filter>
    </ClCompile>
    <ClCompile Include="LRFRVersionMgrListener.cpp">
      <Filter>Source Files</Filter>
    </ClCompile>
    <ClCompile Include="LumpSumLosses.cpp">
      <Filter>Source Files</Filter>
    </ClCompile>
    <ClCompile Include="main.cpp">
      <Filter>Source Files</Filter>
    </ClCompile>
    <ClCompile Include="NoncompositeApproximateLosses2005.cpp">
      <Filter>Source Files</Filter>
    </ClCompile>
    <ClCompile Include="PsStrand.cpp">
      <Filter>Source Files</Filter>
    </ClCompile>
    <ClCompile Include="PTRefinedLosses.cpp">
      <Filter>Source Files</Filter>
    </ClCompile>
    <ClCompile Include="Rebar.cpp">
      <Filter>Source Files</Filter>
    </ClCompile>
    <ClCompile Include="RebarPool.cpp">
      <Filter>Source Files</Filter>
    </ClCompile>
    <ClCompile Include="RefinedLosses.cpp">
      <Filter>Source Files</Filter>
    </ClCompile>
    <ClCompile Include="RefinedLosses2005.cpp">
      <Filter>Source Files</Filter>
    </ClCompile>
    <ClCompile Include="RefinedLossesTxDOT2013.cpp">
      <Filter>Source Files</Filter>
    </ClCompile>
    <ClCompile Include="Shear.cpp">
      <Filter>Source Files</Filter>
    </ClCompile>
    <ClCompile Include="StrandPool.cpp">
      <Filter>Source Files</Filter>
    </ClCompile>
    <ClCompile Include="Utility.cpp">
      <Filter>Source Files</Filter>
    </ClCompile>
    <ClCompile Include="VersionMgr.cpp">
      <Filter>Source Files</Filter>
    </ClCompile>
    <ClCompile Include="VersionMgrListener.cpp">
      <Filter>Source Files</Filter>
    </ClCompile>
    <ClCompile Include="XCodeVersion.cpp">
      <Filter>Source Files</Filter>
    </ClCompile>
    <ClCompile Include="XCreepCoefficient.cpp">
      <Filter>Source Files</Filter>
    </ClCompile>
    <ClCompile Include="XPsLosses.cpp">
      <Filter>Source Files</Filter>
    </ClCompile>
    <ClCompile Include="XRangeOfApplicability.cpp">
      <Filter>Source Files</Filter>
    </ClCompile>
    <ClCompile Include="XShear.cpp">
      <Filter>Source Files</Filter>
    </ClCompile>
    <ClCompile Include="LldfTxdotSpreadSlab.cpp">
      <Filter>Source Files</Filter>
    </ClCompile>
    <ClCompile Include="PCIUHPCLosses.cpp">
      <Filter>Source Files</Filter>
    </ClCompile>
    <ClCompile Include="PCIUHPCCreepCoefficient.cpp">
      <Filter>Source Files</Filter>
    </ClCompile>
    <ClCompile Include="UHPCCreepCoefficient.cpp">
      <Filter>Source Files</Filter>
    </ClCompile>
    <ClCompile Include="UHPCLosses.cpp">
      <Filter>Source Files</Filter>
    </ClCompile>
    <ClCompile Include="LRFDConcreteBase.cpp">
      <Filter>Source Files</Filter>
    </ClCompile>
    <ClCompile Include="UHPCShear.cpp">
      <Filter>Source Files</Filter>
    </ClCompile>
  </ItemGroup>
  <ItemGroup>
    <ClInclude Include="..\Include\LRFD\ApproximateLosses.h">
      <Filter>Header Files</Filter>
    </ClInclude>
    <ClInclude Include="..\Include\LRFD\ApproximateLosses2005.h">
      <Filter>Header Files</Filter>
    </ClInclude>
    <ClInclude Include="..\Include\LRFD\AutoLib.h">
      <Filter>Header Files</Filter>
    </ClInclude>
    <ClInclude Include="..\Include\LRFD\AutoVersion.h">
      <Filter>Header Files</Filter>
    </ClInclude>
    <ClInclude Include="..\Include\LRFD\ConcreteUtil.h">
      <Filter>Header Files</Filter>
    </ClInclude>
    <ClInclude Include="..\Include\LRFD\CreepCoefficient.h">
      <Filter>Header Files</Filter>
    </ClInclude>
    <ClInclude Include="..\Include\LRFD\CreepCoefficient2005.h">
      <Filter>Header Files</Filter>
    </ClInclude>
    <ClInclude Include="..\Include\LRFD\Details.h">
      <Filter>Header Files</Filter>
    </ClInclude>
    <ClInclude Include="..\Include\LRFD\ElasticShortening.h">
      <Filter>Header Files</Filter>
    </ClInclude>
    <ClInclude Include="..\Include\LRFD\LiveLoadDistributionFactorBase.h">
      <Filter>Header Files</Filter>
    </ClInclude>
    <ClInclude Include="..\Include\LRFD\LldfTxdotMultiWeb.h">
      <Filter>Header Files</Filter>
    </ClInclude>
    <ClInclude Include="..\Include\LRFD\LldfTypeAEK.h">
      <Filter>Header Files</Filter>
    </ClInclude>
    <ClInclude Include="..\Include\LRFD\LldfTypeAEKIJ.h">
      <Filter>Header Files</Filter>
    </ClInclude>
    <ClInclude Include="..\Include\LRFD\LldfTypeBC.h">
      <Filter>Header Files</Filter>
    </ClInclude>
    <ClInclude Include="..\Include\LRFD\LldfTypeG.h">
      <Filter>Header Files</Filter>
    </ClInclude>
    <ClInclude Include="..\Include\LRFD\LldfTypeHIJ.h">
      <Filter>Header Files</Filter>
    </ClInclude>
    <ClInclude Include="..\Include\LRFD\LoadModifier.h">
      <Filter>Header Files</Filter>
    </ClInclude>
    <ClInclude Include="..\Include\LRFD\Losses.h">
      <Filter>Header Files</Filter>
    </ClInclude>
    <ClInclude Include="..\Include\LRFD\Lrfd.h">
      <Filter>Header Files</Filter>
    </ClInclude>
    <ClInclude Include="..\Include\LRFD\LRFDConcrete.h">
      <Filter>Header Files</Filter>
    </ClInclude>
    <ClInclude Include="..\Include\LRFD\LrfdExp.h">
      <Filter>Header Files</Filter>
    </ClInclude>
    <ClInclude Include="..\Include\LRFD\LrfdLib.h">
      <Filter>Header Files</Filter>
    </ClInclude>
    <ClInclude Include="..\Include\LRFD\LRFDTimeDependentConcrete.h">
      <Filter>Header Files</Filter>
    </ClInclude>
    <ClInclude Include="..\Include\LRFD\LrfdTypes.h">
      <Filter>Header Files</Filter>
    </ClInclude>
    <ClInclude Include="..\Include\LRFD\LRFRVersionMgr.h">
      <Filter>Header Files</Filter>
    </ClInclude>
    <ClInclude Include="..\Include\LRFD\LRFRVersionMgrListener.h">
      <Filter>Header Files</Filter>
    </ClInclude>
    <ClInclude Include="..\Include\LRFD\LumpSumLosses.h">
      <Filter>Header Files</Filter>
    </ClInclude>
    <ClInclude Include="..\Include\LRFD\NoncompositeApproximateLosses2005.h">
      <Filter>Header Files</Filter>
    </ClInclude>
    <ClInclude Include="..\Include\LRFD\PsStrand.h">
      <Filter>Header Files</Filter>
    </ClInclude>
    <ClInclude Include="..\Include\Lrfd\PTRefinedLosses.h">
      <Filter>Header Files</Filter>
    </ClInclude>
    <ClInclude Include="..\Include\LRFD\Rebar.h">
      <Filter>Header Files</Filter>
    </ClInclude>
    <ClInclude Include="..\Include\LRFD\RebarPool.h">
      <Filter>Header Files</Filter>
    </ClInclude>
    <ClInclude Include="..\Include\LRFD\RefinedLosses.h">
      <Filter>Header Files</Filter>
    </ClInclude>
    <ClInclude Include="..\Include\LRFD\RefinedLosses2005.h">
      <Filter>Header Files</Filter>
    </ClInclude>
    <ClInclude Include="..\Include\LRFD\RefinedLossesTxDOT2013.h">
      <Filter>Header Files</Filter>
    </ClInclude>
    <ClInclude Include="..\Include\LRFD\Shear.h">
      <Filter>Header Files</Filter>
    </ClInclude>
    <ClInclude Include="..\Include\LRFD\StrandPool.h">
      <Filter>Header Files</Filter>
    </ClInclude>
    <ClInclude Include="..\Include\LRFD\Utility.h">
      <Filter>Header Files</Filter>
    </ClInclude>
    <ClInclude Include="..\Include\LRFD\VersionMgr.h">
      <Filter>Header Files</Filter>
    </ClInclude>
    <ClInclude Include="..\Include\LRFD\VersionMgrListener.h">
      <Filter>Header Files</Filter>
    </ClInclude>
    <ClInclude Include="..\Include\LRFD\XCodeVersion.h">
      <Filter>Header Files</Filter>
    </ClInclude>
    <ClInclude Include="..\Include\LRFD\XCreepCoefficient.h">
      <Filter>Header Files</Filter>
    </ClInclude>
    <ClInclude Include="..\Include\LRFD\XPsLosses.h">
      <Filter>Header Files</Filter>
    </ClInclude>
    <ClInclude Include="..\Include\LRFD\XRangeOfApplicability.h">
      <Filter>Header Files</Filter>
    </ClInclude>
    <ClInclude Include="..\Include\LRFD\XShear.h">
      <Filter>Header Files</Filter>
    </ClInclude>
    <ClInclude Include="..\Include\LRFD\LldfTxdotSpreadSlab.h">
      <Filter>Header Files</Filter>
    </ClInclude>
    <ClInclude Include="..\Include\LRFD\PCIUHPCLosses.h">
      <Filter>Header Files</Filter>
    </ClInclude>
    <ClInclude Include="..\Include\LRFD\PCIUHPCCreepCoefficient.h">
      <Filter>Header Files</Filter>
    </ClInclude>
    <ClInclude Include="..\Include\LRFD\ILiveLoadDistributionFactor.h">
      <Filter>Header Files</Filter>
    </ClInclude>
    <ClInclude Include="..\Include\LRFD\UHPCCreepCoefficient.h">
      <Filter>Header Files</Filter>
    </ClInclude>
    <ClInclude Include="..\Include\LRFD\UHPCLosses.h">
      <Filter>Header Files</Filter>
    </ClInclude>
    <ClInclude Include="..\Include\LRFD\LRFDConcreteBase.h">
      <Filter>Header Files</Filter>
    </ClInclude>
    <ClInclude Include="..\Include\LRFD\UHPCShear.h">
      <Filter>Header Files</Filter>
    </ClInclude>
  </ItemGroup>
  <ItemGroup>
    <CustomBuild Include="Lrfd.def" />
  </ItemGroup>
  <ItemGroup>
    <Filter Include="Resource Files">
      <UniqueIdentifier>{0a321136-8e80-4492-b882-eea332abbe94}</UniqueIdentifier>
      <Extensions>ico;cur;bmp;dlg;rc2;rct;bin;rgs;gif;jpg;jpeg;jpe</Extensions>
    </Filter>
    <Filter Include="Header Files">
      <UniqueIdentifier>{84ac7e8c-635b-44b9-9248-93d5ee76f0da}</UniqueIdentifier>
      <Extensions>h;hpp;hxx;hm;inl</Extensions>
    </Filter>
    <Filter Include="Source Files">
      <UniqueIdentifier>{acffc64e-675d-4cc9-83bf-7630fbc85462}</UniqueIdentifier>
      <Extensions>cpp;c;cxx;rc;def;r;odl;idl;hpj;bat</Extensions>
    </Filter>
  </ItemGroup>
  <ItemGroup>
    <ResourceCompile Include="Lrfd.rc">
      <Filter>Resource Files</Filter>
    </ResourceCompile>
  </ItemGroup>
</Project>