<?xml version="1.0" encoding="utf-8"?>
<Project ToolsVersion="4.0" xmlns="http://schemas.microsoft.com/developer/msbuild/2003">
  <ItemGroup>
    <ClCompile Include="CDRatio.cpp">
      <Filter>Source Files</Filter>
    </ClCompile>
    <ClCompile Include="Chapter.cpp">
      <Filter>Source Files</Filter>
    </ClCompile>
    <ClCompile Include="ChapterVisitor.cpp">
      <Filter>Source Files</Filter>
    </ClCompile>
    <ClCompile Include="FontStyleLibrary.cpp">
      <Filter>Source Files</Filter>
    </ClCompile>
    <ClCompile Include="FormattedLengthUnitValue.cpp">
      <Filter>Source Files</Filter>
    </ClCompile>
    <ClCompile Include="HtmlChapterVisitor.cpp">
      <Filter>Source Files</Filter>
    </ClCompile>
    <ClCompile Include="HtmlHelper.cpp">
      <Filter>Source Files</Filter>
    </ClCompile>
    <ClCompile Include="HtmlParagraphVisitor.cpp">
      <Filter>Source Files</Filter>
    </ClCompile>
    <ClCompile Include="HtmlRcVisitor.cpp">
      <Filter>Source Files</Filter>
    </ClCompile>
    <ClCompile Include="HtmlReportVisitor.cpp">
      <Filter>Source Files</Filter>
    </ClCompile>
    <ClCompile Include="HtmlUnitTagFormat.cpp">
      <Filter>Source Files</Filter>
    </ClCompile>
    <ClCompile Include="HyperLinkDefinition.cpp">
      <Filter>Source Files</Filter>
    </ClCompile>
    <ClCompile Include="Main.cpp">
      <Filter>Source Files</Filter>
    </ClCompile>
    <ClCompile Include="OutputChapterVisitor.cpp">
      <Filter>Source Files</Filter>
    </ClCompile>
    <ClCompile Include="OutputParagraphVisitor.cpp">
      <Filter>Source Files</Filter>
    </ClCompile>
    <ClCompile Include="OutputRcVisitor.cpp">
      <Filter>Source Files</Filter>
    </ClCompile>
    <ClCompile Include="OutputReportVisitor.cpp">
      <Filter>Source Files</Filter>
    </ClCompile>
    <ClCompile Include="PageLayout.cpp">
      <Filter>Source Files</Filter>
    </ClCompile>
    <ClCompile Include="Paragraph.cpp">
      <Filter>Source Files</Filter>
    </ClCompile>
    <ClCompile Include="ParagraphVisitor.cpp">
      <Filter>Source Files</Filter>
    </ClCompile>
    <ClCompile Include="RcColor.cpp">
      <Filter>Source Files</Filter>
    </ClCompile>
    <ClCompile Include="RcDateTime.cpp">
      <Filter>Source Files</Filter>
    </ClCompile>
    <ClCompile Include="RcFlowModifier.cpp">
      <Filter>Source Files</Filter>
    </ClCompile>
    <ClCompile Include="RcFontModifier.cpp">
      <Filter>Source Files</Filter>
    </ClCompile>
    <ClCompile Include="RcHyperTarget.cpp">
      <Filter>Source Files</Filter>
    </ClCompile>
    <ClCompile Include="RcImage.cpp">
      <Filter>Source Files</Filter>
    </ClCompile>
    <ClCompile Include="RcInt.cpp">
      <Filter>Source Files</Filter>
    </ClCompile>
    <ClCompile Include="RcPercentage.cpp">
      <Filter>Source Files</Filter>
    </ClCompile>
    <ClCompile Include="RcScalar.cpp">
      <Filter>Source Files</Filter>
    </ClCompile>
    <ClCompile Include="RcSectionScalar.cpp">
      <Filter>Source Files</Filter>
    </ClCompile>
    <ClCompile Include="RcSectionValue.cpp">
      <Filter>Source Files</Filter>
    </ClCompile>
    <ClCompile Include="RcSectionValueT.cpp">
      <Filter>Source Files</Filter>
    </ClCompile>
    <ClCompile Include="RcStation.cpp">
      <Filter>Source Files</Filter>
    </ClCompile>
    <ClCompile Include="RcString.cpp">
      <Filter>Source Files</Filter>
    </ClCompile>
    <ClCompile Include="RcStringLiteral.cpp">
      <Filter>Source Files</Filter>
    </ClCompile>
    <ClCompile Include="RcSymbol.cpp">
      <Filter>Source Files</Filter>
    </ClCompile>
    <ClCompile Include="RcTable.cpp">
      <Filter>Source Files</Filter>
    </ClCompile>
    <ClCompile Include="RcUnitTag.cpp">
      <Filter>Source Files</Filter>
    </ClCompile>
    <ClCompile Include="RcUnitTagT.cpp">
      <Filter>Source Files</Filter>
    </ClCompile>
    <ClCompile Include="RcUnitValue.cpp">
      <Filter>Source Files</Filter>
    </ClCompile>
    <ClCompile Include="RcUnitValueT.cpp">
      <Filter>Source Files</Filter>
    </ClCompile>
    <ClCompile Include="RcUnsigned.cpp">
      <Filter>Source Files</Filter>
    </ClCompile>
    <ClCompile Include="RcVisitor.cpp">
      <Filter>Source Files</Filter>
    </ClCompile>
    <ClCompile Include="Report.cpp">
      <Filter>Source Files</Filter>
    </ClCompile>
    <ClCompile Include="ReportContent.cpp">
      <Filter>Source Files</Filter>
    </ClCompile>
    <ClCompile Include="ReportExT.cpp">
      <Filter>Source Files</Filter>
    </ClCompile>
    <ClCompile Include="ReportItem.cpp">
      <Filter>Source Files</Filter>
    </ClCompile>
    <ClCompile Include="ReportLayoutItem.cpp">
      <Filter>Source Files</Filter>
    </ClCompile>
    <ClCompile Include="ReportVisitor.cpp">
      <Filter>Source Files</Filter>
    </ClCompile>
    <ClCompile Include="RiStyle.cpp">
      <Filter>Source Files</Filter>
    </ClCompile>
    <ClCompile Include="StyleHolder.cpp">
      <Filter>Source Files</Filter>
    </ClCompile>
    <ClCompile Include="StyleLibrary.cpp">
      <Filter>Source Files</Filter>
    </ClCompile>
    <ClCompile Include="StyleManager.cpp">
      <Filter>Source Files</Filter>
    </ClCompile>
    <ClCompile Include="RcComposite.cpp">
      <Filter>Source Files</Filter>
    </ClCompile>
    <ClCompile Include="RcBgColor.cpp">
      <Filter>Source Files</Filter>
    </ClCompile>
  </ItemGroup>
  <ItemGroup>
    <ClInclude Include="..\Include\Reporter\AutoLib.h">
      <Filter>Header Files</Filter>
    </ClInclude>
    <ClInclude Include="..\Include\Reporter\CDRatio.h">
      <Filter>Header Files</Filter>
    </ClInclude>
    <ClInclude Include="..\Include\Reporter\Chapter.h">
      <Filter>Header Files</Filter>
    </ClInclude>
    <ClInclude Include="..\Include\Reporter\ChapterVisitor.h">
      <Filter>Header Files</Filter>
    </ClInclude>
    <ClInclude Include="..\Include\Reporter\FontStyleLibrary.h">
      <Filter>Header Files</Filter>
    </ClInclude>
    <ClInclude Include="..\Include\Reporter\FormattedLengthUnitValue.h">
      <Filter>Header Files</Filter>
    </ClInclude>
    <ClInclude Include="..\Include\Reporter\HtmlChapterVisitor.h">
      <Filter>Header Files</Filter>
    </ClInclude>
    <ClInclude Include="..\Include\Reporter\HtmlHelper.h">
      <Filter>Header Files</Filter>
    </ClInclude>
    <ClInclude Include="..\Include\Reporter\HtmlParagraphVisitor.h">
      <Filter>Header Files</Filter>
    </ClInclude>
    <ClInclude Include="..\Include\Reporter\HtmlRcVisitor.h">
      <Filter>Header Files</Filter>
    </ClInclude>
    <ClInclude Include="..\Include\Reporter\HtmlReportVisitor.h">
      <Filter>Header Files</Filter>
    </ClInclude>
    <ClInclude Include="HtmlUnitTagFormat.h">
      <Filter>Header Files</Filter>
    </ClInclude>
    <ClInclude Include="..\Include\Reporter\HyperLinkDefinition.h">
      <Filter>Header Files</Filter>
    </ClInclude>
    <ClInclude Include="..\Include\Reporter\OutputChapterVisitor.h">
      <Filter>Header Files</Filter>
    </ClInclude>
    <ClInclude Include="..\Include\Reporter\OutputParagraphVisitor.h">
      <Filter>Header Files</Filter>
    </ClInclude>
    <ClInclude Include="..\Include\Reporter\OutputRcVisitor.h">
      <Filter>Header Files</Filter>
    </ClInclude>
    <ClInclude Include="..\Include\Reporter\OutputReportVisitor.h">
      <Filter>Header Files</Filter>
    </ClInclude>
    <ClInclude Include="..\Include\Reporter\PageLayout.h">
      <Filter>Header Files</Filter>
    </ClInclude>
    <ClInclude Include="..\Include\Reporter\Paragraph.h">
      <Filter>Header Files</Filter>
    </ClInclude>
    <ClInclude Include="..\Include\Reporter\ParagraphVisitor.h">
      <Filter>Header Files</Filter>
    </ClInclude>
    <ClInclude Include="..\Include\Reporter\RcColor.h">
      <Filter>Header Files</Filter>
    </ClInclude>
    <ClInclude Include="..\Include\Reporter\RcDateTime.h">
      <Filter>Header Files</Filter>
    </ClInclude>
    <ClInclude Include="..\Include\Reporter\RcFlowModifier.h">
      <Filter>Header Files</Filter>
    </ClInclude>
    <ClInclude Include="..\Include\Reporter\RcFontModifier.h">
      <Filter>Header Files</Filter>
    </ClInclude>
    <ClInclude Include="..\Include\Reporter\RcHyperTarget.h">
      <Filter>Header Files</Filter>
    </ClInclude>
    <ClInclude Include="..\Include\Reporter\RcImage.h">
      <Filter>Header Files</Filter>
    </ClInclude>
    <ClInclude Include="..\Include\Reporter\RcInt.h">
      <Filter>Header Files</Filter>
    </ClInclude>
    <ClInclude Include="..\Include\Reporter\RcPercentage.h">
      <Filter>Header Files</Filter>
    </ClInclude>
    <ClInclude Include="..\Include\Reporter\RcScalar.h">
      <Filter>Header Files</Filter>
    </ClInclude>
    <ClInclude Include="..\Include\Reporter\RcSectionScalar.h">
      <Filter>Header Files</Filter>
    </ClInclude>
    <ClInclude Include="..\Include\Reporter\RcSectionValue.h">
      <Filter>Header Files</Filter>
    </ClInclude>
    <ClInclude Include="..\Include\Reporter\RcSectionValueT.h">
      <Filter>Header Files</Filter>
    </ClInclude>
    <ClInclude Include="..\Include\Reporter\RcStation.h">
      <Filter>Header Files</Filter>
    </ClInclude>
    <ClInclude Include="..\Include\Reporter\RcString.h">
      <Filter>Header Files</Filter>
    </ClInclude>
    <ClInclude Include="..\Include\Reporter\RcStringLiteral.h">
      <Filter>Header Files</Filter>
    </ClInclude>
    <ClInclude Include="..\Include\Reporter\RcSymbol.h">
      <Filter>Header Files</Filter>
    </ClInclude>
    <ClInclude Include="..\Include\Reporter\RcTable.h">
      <Filter>Header Files</Filter>
    </ClInclude>
    <ClInclude Include="..\Include\Reporter\RcUnitTag.h">
      <Filter>Header Files</Filter>
    </ClInclude>
    <ClInclude Include="..\Include\Reporter\RcUnitTagT.h">
      <Filter>Header Files</Filter>
    </ClInclude>
    <ClInclude Include="..\Include\Reporter\RcUnitValue.h">
      <Filter>Header Files</Filter>
    </ClInclude>
    <ClInclude Include="..\Include\Reporter\RcUnitValueT.h">
      <Filter>Header Files</Filter>
    </ClInclude>
    <ClInclude Include="..\Include\Reporter\RcUnsigned.h">
      <Filter>Header Files</Filter>
    </ClInclude>
    <ClInclude Include="..\Include\Reporter\RcVisitor.h">
      <Filter>Header Files</Filter>
    </ClInclude>
    <ClInclude Include="..\Include\Reporter\Report.h">
      <Filter>Header Files</Filter>
    </ClInclude>
    <ClInclude Include="..\Include\Reporter\ReportContent.h">
      <Filter>Header Files</Filter>
    </ClInclude>
    <ClInclude Include="..\Include\Reporter\Reporter.h">
      <Filter>Header Files</Filter>
    </ClInclude>
    <ClInclude Include="..\Include\Reporter\ReporterExp.h">
      <Filter>Header Files</Filter>
    </ClInclude>
    <ClInclude Include="..\Include\Reporter\ReporterLib.h">
      <Filter>Header Files</Filter>
    </ClInclude>
    <ClInclude Include="..\Include\Reporter\ReportExT.h">
      <Filter>Header Files</Filter>
    </ClInclude>
    <ClInclude Include="..\Include\Reporter\ReportingUtils.h">
      <Filter>Header Files</Filter>
    </ClInclude>
    <ClInclude Include="..\Include\Reporter\ReportItem.h">
      <Filter>Header Files</Filter>
    </ClInclude>
    <ClInclude Include="..\Include\Reporter\ReportLayoutItem.h">
      <Filter>Header Files</Filter>
    </ClInclude>
    <ClInclude Include="..\Include\Reporter\ReportVisitor.h">
      <Filter>Header Files</Filter>
    </ClInclude>
    <ClInclude Include="..\Include\Reporter\RiStyle.h">
      <Filter>Header Files</Filter>
    </ClInclude>
    <ClInclude Include="..\Include\Reporter\StyleHolder.h">
      <Filter>Header Files</Filter>
    </ClInclude>
    <ClInclude Include="..\Include\Reporter\StyleLibrary.h">
      <Filter>Header Files</Filter>
    </ClInclude>
    <ClInclude Include="..\Include\Reporter\StyleManager.h">
      <Filter>Header Files</Filter>
    </ClInclude>
    <ClInclude Include="..\Include\Reporter\RcComposite.h">
      <Filter>Header Files</Filter>
    </ClInclude>
    <ClInclude Include="..\Include\Reporter\RcBgColor.h">
      <Filter>Header Files</Filter>
    </ClInclude>
  </ItemGroup>
  <ItemGroup>
    <Filter Include="Resource Files">
      <UniqueIdentifier>{f462ef97-59e4-493c-aa9a-7b1289880c4f}</UniqueIdentifier>
      <Extensions>ico;cur;bmp;dlg;rc2;rct;bin;rgs;gif;jpg;jpeg;jpe</Extensions>
    </Filter>
    <Filter Include="Header Files">
      <UniqueIdentifier>{89b36290-14fd-4617-aac1-b7d8b2abb8a1}</UniqueIdentifier>
      <Extensions>h;hpp;hxx;hm;inl</Extensions>
    </Filter>
    <Filter Include="Source Files">
      <UniqueIdentifier>{cde4ca77-7866-45b0-90ea-3daad0144be0}</UniqueIdentifier>
      <Extensions>cpp;c;cxx;rc;def;r;odl;idl;hpj;bat</Extensions>
    </Filter>
  </ItemGroup>
  <ItemGroup>
    <ResourceCompile Include="Reporter.rc">
      <Filter>Resource Files</Filter>
    </ResourceCompile>
  </ItemGroup>
</Project>