<?xml version="1.0" encoding="utf-8"?>
<Project ToolsVersion="4.0" xmlns="http://schemas.microsoft.com/developer/msbuild/2003">
  <ItemGroup>
    <ClCompile Include="Checks.cpp">
      <Filter>Source Files</Filter>
    </ClCompile>
    <ClCompile Include="ColorConverter.cpp">
      <Filter>Source Files</Filter>
    </ClCompile>
    <ClCompile Include="ComCatMgr.cpp">
      <Filter>Source Files</Filter>
    </ClCompile>
    <ClCompile Include="Date.cpp">
      <Filter>Source Files</Filter>
    </ClCompile>
    <ClCompile Include="LogContext.cpp">
      <Filter>Source Files</Filter>
    </ClCompile>
    <ClCompile Include="EngNotation.cpp">
      <Filter>Source Files</Filter>
    </ClCompile>
    <ClCompile Include="Exception.cpp">
      <Filter>Source Files</Filter>
    </ClCompile>
    <ClCompile Include="FileLogContext.cpp">
      <Filter>Source Files</Filter>
    </ClCompile>
    <ClCompile Include="Log.cpp">
      <Filter>Source Files</Filter>
    </ClCompile>
    <ClCompile Include="main.cpp">
      <Filter>Source Files</Filter>
    </ClCompile>
    <ClCompile Include="NumericFormatTool.cpp">
      <Filter>Source Files</Filter>
    </ClCompile>
    <ClCompile Include="SectionValue.cpp">
      <Filter>Source Files</Filter>
    </ClCompile>
    <ClCompile Include="StructuredLoadXml.cpp">
      <Filter>Source Files</Filter>
    </ClCompile>
    <ClCompile Include="StructuredSaveXmlPrs.cpp">
      <Filter>Source Files</Filter>
    </ClCompile>
    <ClCompile Include="Time.cpp">
      <Filter>Source Files</Filter>
    </ClCompile>
    <ClCompile Include="Tokenizer.cpp">
      <Filter>Source Files</Filter>
    </ClCompile>
    <ClCompile Include="XProgrammingError.cpp">
      <Filter>Source Files</Filter>
    </ClCompile>
    <ClCompile Include="XStructuredLoad.cpp">
      <Filter>Source Files</Filter>
    </ClCompile>
    <ClCompile Include="XStructuredSave.cpp">
      <Filter>Source Files</Filter>
    </ClCompile>
    <ClCompile Include="DebugWindowLogContext.cpp">
      <Filter>Source Files</Filter>
    </ClCompile>
    <ClCompile Include="Threads.cpp">
      <Filter>Source Files</Filter>
    </ClCompile>
  </ItemGroup>
  <ItemGroup>
    <ClInclude Include="..\Include\System\AutoLib.h">
      <Filter>Header Files</Filter>
    </ClInclude>
    <ClInclude Include="..\Include\System\Checks.h">
      <Filter>Header Files</Filter>
    </ClInclude>
    <ClInclude Include="..\Include\System\ColorConverter.h">
      <Filter>Header Files</Filter>
    </ClInclude>
    <ClInclude Include="..\Include\System\ComCatMgr.h">
      <Filter>Header Files</Filter>
    </ClInclude>
    <ClInclude Include="..\Include\System\Date.h">
      <Filter>Header Files</Filter>
    </ClInclude>
    <ClInclude Include="..\Include\System\Debug.h">
      <Filter>Header Files</Filter>
    </ClInclude>
    <ClInclude Include="..\Include\System\dllTest.h">
      <Filter>Header Files</Filter>
    </ClInclude>
    <ClInclude Include="..\Include\System\LogContext.h">
      <Filter>Header Files</Filter>
    </ClInclude>
    <ClInclude Include="..\Include\System\EngNotation.h">
      <Filter>Header Files</Filter>
    </ClInclude>
    <ClInclude Include="..\Include\System\Exception.h">
      <Filter>Header Files</Filter>
    </ClInclude>
    <ClInclude Include="..\Include\System\FileLogContext.h">
      <Filter>Header Files</Filter>
    </ClInclude>
    <ClInclude Include="..\Include\System\filestream.h">
      <Filter>Header Files</Filter>
    </ClInclude>
    <ClInclude Include="..\Include\System\Flags.h">
      <Filter>Header Files</Filter>
    </ClInclude>
    <ClInclude Include="..\Include\System\INumericFormatTool.h">
      <Filter>Header Files</Filter>
    </ClInclude>
    <ClInclude Include="..\Include\System\IStructuredLoad.h">
      <Filter>Header Files</Filter>
    </ClInclude>
    <ClInclude Include="..\Include\System\Log.h">
      <Filter>Header Files</Filter>
    </ClInclude>
    <ClInclude Include="..\Include\System\NumericFormatTool.h">
      <Filter>Header Files</Filter>
    </ClInclude>
    <ClInclude Include="..\Include\System\SectionValue.h">
      <Filter>Header Files</Filter>
    </ClInclude>
    <ClInclude Include="..\Include\System\SingletonKiller.h">
      <Filter>Header Files</Filter>
    </ClInclude>
    <ClInclude Include="..\Include\System\StructuredLoadXml.h">
      <Filter>Header Files</Filter>
    </ClInclude>
    <ClInclude Include="..\Include\System\StructuredSaveXml.h">
      <Filter>Header Files</Filter>
    </ClInclude>
    <ClInclude Include="..\Include\System\SubjectT.h">
      <Filter>Header Files</Filter>
    </ClInclude>
    <ClInclude Include="..\Include\System\SysExp.h">
      <Filter>Header Files</Filter>
    </ClInclude>
    <ClInclude Include="..\Include\System\SysLib.h">
      <Filter>Header Files</Filter>
    </ClInclude>
    <ClInclude Include="..\Include\System\System.h">
      <Filter>Header Files</Filter>
    </ClInclude>
    <ClInclude Include="..\Include\System\Time.h">
      <Filter>Header Files</Filter>
    </ClInclude>
    <ClInclude Include="..\Include\System\tokenizer.h">
      <Filter>Header Files</Filter>
    </ClInclude>
    <ClInclude Include="..\Include\Wbfl.h">
      <Filter>Header Files</Filter>
    </ClInclude>
    <ClInclude Include="..\Include\WbflAll.h">
      <Filter>Header Files</Filter>
    </ClInclude>
    <ClInclude Include="..\Include\WbflTypes.h">
      <Filter>Header Files</Filter>
    </ClInclude>
    <ClInclude Include="..\Include\System\XProgrammingError.h">
      <Filter>Header Files</Filter>
    </ClInclude>
    <ClInclude Include="..\Include\System\XStructuredLoad.h">
      <Filter>Header Files</Filter>
    </ClInclude>
    <ClInclude Include="..\Include\System\XStructuredSave.h">
      <Filter>Header Files</Filter>
    </ClInclude>
    <ClInclude Include="..\Include\System\IStructuredSave.h">
      <Filter>Header Files</Filter>
    </ClInclude>
    <ClInclude Include="..\Include\System\AutoVariable.h">
      <Filter>Header Files</Filter>
    </ClInclude>
    <ClInclude Include="..\Include\System\DebugWindowLogContext.h">
      <Filter>Header Files</Filter>
    </ClInclude>
    <ClInclude Include="..\Include\System\Threads.h">
      <Filter>Header Files</Filter>
    </ClInclude>
  </ItemGroup>
  <ItemGroup>
    <CustomBuild Include="System.def" />
  </ItemGroup>
  <ItemGroup>
    <Filter Include="Resource Files">
      <UniqueIdentifier>{aad83198-060c-478c-bc7a-b2dc877b48ab}</UniqueIdentifier>
      <Extensions>ico;cur;bmp;dlg;rc2;rct;bin;rgs;gif;jpg;jpeg;jpe</Extensions>
    </Filter>
    <Filter Include="Header Files">
      <UniqueIdentifier>{9505270b-1c20-4fa2-a838-5b6786330ef3}</UniqueIdentifier>
      <Extensions>h;hpp;hxx;hm;inl</Extensions>
    </Filter>
    <Filter Include="Source Files">
      <UniqueIdentifier>{2556761f-4983-4947-96bb-939be2074931}</UniqueIdentifier>
      <Extensions>cpp;c;cxx;rc;def;r;odl;idl;hpj;bat</Extensions>
    </Filter>
  </ItemGroup>
  <ItemGroup>
    <ResourceCompile Include="System.rc">
      <Filter>Resource Files</Filter>
    </ResourceCompile>
  </ItemGroup>
</Project>