<?xml version="1.0" encoding="utf-8"?>
<Project ToolsVersion="4.0" xmlns="http://schemas.microsoft.com/developer/msbuild/2003">
  <ItemGroup>
    <ClCompile Include="DataPointDrawStrategyImpl.cpp">
      <Filter>Source Files</Filter>
    </ClCompile>
    <ClCompile Include="DataPointEventsImpl.cpp">
      <Filter>Source Files</Filter>
    </ClCompile>
    <ClCompile Include="DataSet2dImpl.cpp">
      <Filter>Source Files</Filter>
    </ClCompile>
    <ClCompile Include="DManipTools.cpp">
      <Filter>Source Files</Filter>
    </ClCompile>
    <ClCompile Include="DManipToolsDisplayObjectFactory.cpp">
      <Filter>Source Files</Filter>
    </ClCompile>
    <ClCompile Include="GraphXyDataProvider.cpp">
      <Filter>Source Files</Filter>
    </ClCompile>
    <ClCompile Include="GraphXyDisplayObjectImpl.cpp">
      <Filter>Source Files</Filter>
    </ClCompile>
    <ClCompile Include="LegendDisplayObject.cpp">
      <Filter>Source Files</Filter>
    </ClCompile>
    <ClCompile Include="LegendEntryImpl.cpp">
      <Filter>Source Files</Filter>
    </ClCompile>
    <ClCompile Include="LegendMessageCatcher.cpp">
      <Filter>Source Files</Filter>
    </ClCompile>
    <ClCompile Include="mfcdual.cpp">
      <Filter>Source Files</Filter>
    </ClCompile>
    <ClCompile Include="PolyLineDisplayObjectImpl.cpp">
      <Filter>Source Files</Filter>
    </ClCompile>
    <ClCompile Include="StdAfx.cpp">
      <Filter>Source Files</Filter>
    </ClCompile>
    <ClCompile Include="CompoundCurveDisplayObjectImpl.cpp">
      <Filter>Source Files</Filter>
    </ClCompile>
  </ItemGroup>
  <ItemGroup>
    <ClInclude Include="DataPointDrawStrategy.h">
      <Filter>Header Files</Filter>
    </ClInclude>
    <ClInclude Include="DataPointDrawStrategyImpl.h">
      <Filter>Header Files</Filter>
    </ClInclude>
    <ClInclude Include="DataPointEvents.h">
      <Filter>Header Files</Filter>
    </ClInclude>
    <ClInclude Include="DataPointEventsImpl.h">
      <Filter>Header Files</Filter>
    </ClInclude>
    <ClInclude Include="..\Include\DManipTools\DataSet2d.h">
      <Filter>Header Files</Filter>
    </ClInclude>
    <ClInclude Include="DataSet2dImpl.h">
      <Filter>Header Files</Filter>
    </ClInclude>
    <ClInclude Include="..\Include\DManipTools\DManipTools.h">
      <Filter>Header Files</Filter>
    </ClInclude>
    <ClInclude Include="DManipToolsDisplayObjectFactory.h">
      <Filter>Header Files</Filter>
    </ClInclude>
    <ClInclude Include="..\Include\DManipTools\DManipToolsTypes.h">
      <Filter>Header Files</Filter>
    </ClInclude>
    <ClInclude Include="..\Include\DManip\DManipTypes.h">
      <Filter>Header Files</Filter>
    </ClInclude>
    <ClInclude Include="GraphXyDataProvider.h">
      <Filter>Header Files</Filter>
    </ClInclude>
    <ClInclude Include="..\Include\DManipTools\GraphXYDisplayObject.h">
      <Filter>Header Files</Filter>
    </ClInclude>
    <ClInclude Include="GraphXyDisplayObjectImpl.h">
      <Filter>Header Files</Filter>
    </ClInclude>
    <ClInclude Include="..\Include\DManipTools\Legend.h">
      <Filter>Header Files</Filter>
    </ClInclude>
    <ClInclude Include="LegendDisplayObject.h">
      <Filter>Header Files</Filter>
    </ClInclude>
    <ClInclude Include="LegendEntryImpl.h">
      <Filter>Header Files</Filter>
    </ClInclude>
    <ClInclude Include="LegendMessageCatcher.h">
      <Filter>Header Files</Filter>
    </ClInclude>
    <ClInclude Include="mfcdual.h">
      <Filter>Header Files</Filter>
    </ClInclude>
    <ClInclude Include="..\Include\DManipTools\PolyLineDisplayObject.h">
      <Filter>Header Files</Filter>
    </ClInclude>
    <ClInclude Include="PolyLineDisplayObjectImpl.h">
      <Filter>Header Files</Filter>
    </ClInclude>
    <ClInclude Include="Resource.h">
      <Filter>Header Files</Filter>
    </ClInclude>
    <ClInclude Include="StdAfx.h">
      <Filter>Header Files</Filter>
    </ClInclude>
    <ClInclude Include="..\Include\DManipTools\CompoundCurveDisplayObject.h">
      <Filter>Header Files</Filter>
    </ClInclude>
    <ClInclude Include="CompoundCurveDisplayObjectImpl.h">
      <Filter>Header Files</Filter>
    </ClInclude>
  </ItemGroup>
  <ItemGroup>
    <Midl Include="..\Include\WBFLDManipTools.idl" />
  </ItemGroup>
  <ItemGroup>
    <None Include="DManipTools.def" />
    <None Include="DataSet2d.rgs">
      <Filter>Resource Files</Filter>
    </None>
    <None Include="GraphXyDataProvider.rgs">
      <Filter>Resource Files</Filter>
    </None>
    <None Include="GraphXyDisplayObject.rgs">
      <Filter>Resource Files</Filter>
    </None>
    <None Include="LegendDisplayObject.rgs">
      <Filter>Resource Files</Filter>
    </None>
    <None Include="LegendEntry.rgs">
      <Filter>Resource Files</Filter>
    </None>
    <None Include="PolylineDisplayObject.rgs">
      <Filter>Resource Files</Filter>
    </None>
    <None Include="DManipToolsDisplayObjectFactory.rgs">
      <Filter>Resource Files</Filter>
    </None>
    <None Include="CompoundCurveDisplayObject.rgs">
      <Filter>Resource Files</Filter>
    </None>
  </ItemGroup>
  <ItemGroup>
    <Filter Include="Resource Files">
      <UniqueIdentifier>{05493826-ea03-4a5b-8dcd-5e63dd4deead}</UniqueIdentifier>
      <Extensions>ico;cur;bmp;dlg;rc2;rct;bin;rgs;gif;jpg;jpeg;jpe</Extensions>
    </Filter>
    <Filter Include="Header Files">
      <UniqueIdentifier>{0bc0c8a8-0b9d-43aa-99b7-48836068e4a9}</UniqueIdentifier>
      <Extensions>h;hpp;hxx;hm;inl</Extensions>
    </Filter>
    <Filter Include="Source Files">
      <UniqueIdentifier>{86b07599-ca0c-4248-b10b-92be76c04f17}</UniqueIdentifier>
      <Extensions>cpp;c;cxx;rc;def;r;odl;idl;hpj;bat</Extensions>
    </Filter>
  </ItemGroup>
  <ItemGroup>
    <ResourceCompile Include="DManipTools.rc">
      <Filter>Resource Files</Filter>
    </ResourceCompile>
  </ItemGroup>
</Project>