<?xml version="1.0" encoding="utf-8"?>
<Project ToolsVersion="4.0" xmlns="http://schemas.microsoft.com/developer/msbuild/2003">
  <ItemGroup>
    <ClCompile Include="AnnotatedDisplayUnitFormatter.cpp">
      <Filter>Source Files</Filter>
    </ClCompile>
    <ClCompile Include="AppUnitSystem.cpp">
      <Filter>Source Files</Filter>
    </ClCompile>
    <ClCompile Include="DisplayUnit.cpp">
      <Filter>Source Files</Filter>
    </ClCompile>
    <ClCompile Include="DisplayUnitFormatter.cpp">
      <Filter>Source Files</Filter>
    </ClCompile>
    <ClCompile Include="DisplayUnitGroup.cpp">
      <Filter>Source Files</Filter>
    </ClCompile>
    <ClCompile Include="DisplayUnitMgr.cpp">
      <Filter>Source Files</Filter>
    </ClCompile>
    <ClCompile Include="DisplayUnitMgr2.cpp">
      <Filter>Source Files</Filter>
    </ClCompile>
    <ClCompile Include="DocUnitSystem.cpp">
      <Filter>Source Files</Filter>
    </ClCompile>
    <ClCompile Include="EngNotation.cpp">
      <Filter>Source Files</Filter>
    </ClCompile>
    <ClCompile Include="OpenBridgeML.cpp">
      <Filter>Source Files</Filter>
    </ClCompile>
    <ClCompile Include="StdAfx.cpp">
      <Filter>Source Files</Filter>
    </ClCompile>
    <ClCompile Include="Unit.cpp">
      <Filter>Source Files</Filter>
    </ClCompile>
    <ClCompile Include="UnitModeController.cpp">
      <Filter>Source Files</Filter>
    </ClCompile>
    <ClCompile Include="Units.cpp">
      <Filter>Source Files</Filter>
    </ClCompile>
    <ClCompile Include="UnitsDialog.cpp">
      <Filter>Source Files</Filter>
    </ClCompile>
    <ClCompile Include="UnitServer.cpp">
      <Filter>Source Files</Filter>
    </ClCompile>
    <ClCompile Include="UnitServerImp.cpp">
      <Filter>Source Files</Filter>
    </ClCompile>
    <ClCompile Include="UnitSystem.cpp">
      <Filter>Source Files</Filter>
    </ClCompile>
    <ClCompile Include="UnitType.cpp">
      <Filter>Source Files</Filter>
    </ClCompile>
    <ClCompile Include="UnitTypes.cpp">
      <Filter>Source Files</Filter>
    </ClCompile>
    <ClCompile Include="Schema\WBFLUnitServer.cxx">
      <Filter>Source Files</Filter>
    </ClCompile>
  </ItemGroup>
  <ItemGroup>
    <ClInclude Include="AnnotatedDisplayUnitFormatter.h">
      <Filter>Header Files</Filter>
    </ClInclude>
    <ClInclude Include="AppUnitSystem.h">
      <Filter>Header Files</Filter>
    </ClInclude>
    <ClInclude Include="..\Include\WBFLUnitServer\AutoLib.h">
      <Filter>Header Files</Filter>
    </ClInclude>
    <ClInclude Include="DisplayUnit.h">
      <Filter>Header Files</Filter>
    </ClInclude>
    <ClInclude Include="DisplayUnitFormatter.h">
      <Filter>Header Files</Filter>
    </ClInclude>
    <ClInclude Include="DisplayUnitGroup.h">
      <Filter>Header Files</Filter>
    </ClInclude>
    <ClInclude Include="DisplayUnitMgr.h">
      <Filter>Header Files</Filter>
    </ClInclude>
    <ClInclude Include="DisplayUnitMgr2.h">
      <Filter>Header Files</Filter>
    </ClInclude>
    <ClInclude Include="DocUnitSystem.h">
      <Filter>Header Files</Filter>
    </ClInclude>
    <ClInclude Include="EngNotation.h">
      <Filter>Header Files</Filter>
    </ClInclude>
    <ClInclude Include="Helper.h">
      <Filter>Header Files</Filter>
    </ClInclude>
    <ClInclude Include="..\Include\WBFLUnitServer\OpenBridgeML.h">
      <Filter>Header Files</Filter>
    </ClInclude>
    <ClInclude Include="Resource.h">
      <Filter>Header Files</Filter>
    </ClInclude>
    <ClInclude Include="StdAfx.h">
      <Filter>Header Files</Filter>
    </ClInclude>
    <ClInclude Include="Unit.h">
      <Filter>Header Files</Filter>
    </ClInclude>
    <ClInclude Include="UnitModeController.h">
      <Filter>Header Files</Filter>
    </ClInclude>
    <ClInclude Include="UnitsDialog.h">
      <Filter>Header Files</Filter>
    </ClInclude>
    <ClInclude Include="Units.h">
      <Filter>Header Files</Filter>
    </ClInclude>
    <ClInclude Include="..\Include\WBFLUnitServer\UnitServerExp.h">
      <Filter>Header Files</Filter>
    </ClInclude>
    <ClInclude Include="UnitServerImp.h">
      <Filter>Header Files</Filter>
    </ClInclude>
    <ClInclude Include="UnitSystem.h">
      <Filter>Header Files</Filter>
    </ClInclude>
    <ClInclude Include="UnitType.h">
      <Filter>Header Files</Filter>
    </ClInclude>
    <ClInclude Include="UnitTypes.h">
      <Filter>Header Files</Filter>
    </ClInclude>
    <ClInclude Include="WbflUnitServerCP.h">
      <Filter>Header Files</Filter>
    </ClInclude>
    <ClInclude Include="Schema\WBFLUnitServer.hxx">
      <Filter>Header Files</Filter>
    </ClInclude>
    <ClInclude Include="WBFLUnitServer.h">
      <Filter>Header Files</Filter>
    </ClInclude>
  </ItemGroup>
  <ItemGroup>
    <Midl Include="..\Include\WbflUnitServer.idl" />
  </ItemGroup>
  <ItemGroup>
    <None Include="UnitServer.def" />
    <None Include="AnnotatedDisplayUnitFormatter.rgs">
      <Filter>Resource Files</Filter>
    </None>
    <None Include="AppUnitSystem.rgs">
      <Filter>Resource Files</Filter>
    </None>
    <None Include="DisplayUnitFormatter.rgs">
      <Filter>Resource Files</Filter>
    </None>
    <None Include="DocUnitSystem.rgs">
      <Filter>Resource Files</Filter>
    </None>
    <None Include="UnitModeController.rgs">
      <Filter>Resource Files</Filter>
    </None>
    <None Include="UnitServer.rgs">
      <Filter>Resource Files</Filter>
    </None>
    <None Include="UnitSystem.rgs">
      <Filter>Resource Files</Filter>
    </None>
  </ItemGroup>
  <ItemGroup>
    <Filter Include="Resource Files">
      <UniqueIdentifier>{5a2f2fa7-1a0e-4e10-b3b7-d4a5dc9deae1}</UniqueIdentifier>
      <Extensions>ico;cur;bmp;dlg;rc2;rct;bin;rgs;gif;jpg;jpeg;jpe</Extensions>
    </Filter>
    <Filter Include="Header Files">
      <UniqueIdentifier>{00b32bad-4aa9-41c8-ad71-a909c189a6e5}</UniqueIdentifier>
      <Extensions>h;hpp;hxx;hm;inl</Extensions>
    </Filter>
    <Filter Include="Source Files">
      <UniqueIdentifier>{ba7f4d58-f364-4eb9-81ba-8fcabe76a638}</UniqueIdentifier>
      <Extensions>cpp;c;cxx;rc;def;r;odl;idl;hpj;bat</Extensions>
    </Filter>
  </ItemGroup>
  <ItemGroup>
    <ResourceCompile Include="UnitServer.rc">
      <Filter>Resource Files</Filter>
    </ResourceCompile>
  </ItemGroup>
  <ItemGroup>
    <CXX_Tree_Mapping_Rule Include="Schema\WBFLUnitServer.xsd" />
  </ItemGroup>
</Project>