<?xml version="1.0" encoding="utf-8"?>
<Project ToolsVersion="4.0" xmlns="http://schemas.microsoft.com/developer/msbuild/2003">
  <ItemGroup>
    <ClCompile Include="ARPNotice.cpp">
      <Filter>Source Files</Filter>
    </ClCompile>
    <ClCompile Include="BstrArray.cpp">
      <Filter>Source Files</Filter>
    </ClCompile>
    <ClCompile Include="DblArray.cpp">
      <Filter>Source Files</Filter>
    </ClCompile>
    <ClCompile Include="ErrorLog.cpp">
      <Filter>Source Files</Filter>
    </ClCompile>
    <ClCompile Include="IDArray.cpp">
      <Filter>Source Files</Filter>
    </ClCompile>
    <ClCompile Include="IndexArray.cpp">
      <Filter>Source Files</Filter>
    </ClCompile>
    <ClCompile Include="LegalWiz.cpp">
      <Filter>Source Files</Filter>
    </ClCompile>
    <ClCompile Include="LegalWizStep1.cpp">
      <Filter>Source Files</Filter>
    </ClCompile>
    <ClCompile Include="LegalWizStep2.cpp">
      <Filter>Source Files</Filter>
    </ClCompile>
    <ClCompile Include="LngArray.cpp">
      <Filter>Source Files</Filter>
    </ClCompile>
    <ClCompile Include="MohrCircle.cpp">
      <Filter>Source Files</Filter>
    </ClCompile>
    <ClCompile Include="ProgressMonitorDlg.cpp">
      <Filter>Source Files</Filter>
    </ClCompile>
    <ClCompile Include="ProgressMonitorWindow.cpp">
      <Filter>Source Files</Filter>
    </ClCompile>
    <ClCompile Include="StdAfx.cpp">
      <Filter>Source Files</Filter>
    </ClCompile>
    <ClCompile Include="StructuredLoad2.cpp">
      <Filter>Source Files</Filter>
    </ClCompile>
    <ClCompile Include="StructuredSave2.cpp">
      <Filter>Source Files</Filter>
    </ClCompile>
    <ClCompile Include="UnkArray.cpp">
      <Filter>Source Files</Filter>
    </ClCompile>
    <ClCompile Include="WBFLTools.cpp">
      <Filter>Source Files</Filter>
    </ClCompile>
    <ClCompile Include="StrLoad.cpp">
      <Filter>Source Files</Filter>
    </ClCompile>
    <ClCompile Include="StrSave.cpp">
      <Filter>Source Files</Filter>
    </ClCompile>
    <ClCompile Include="LogDumpContext.cpp">
      <Filter>Source Files</Filter>
    </ClCompile>
  </ItemGroup>
  <ItemGroup>
    <ClInclude Include="ARPNotice.h">
      <Filter>Header Files</Filter>
    </ClInclude>
    <ClInclude Include="BstrArray.h">
      <Filter>Header Files</Filter>
    </ClInclude>
    <ClInclude Include="DblArray.h">
      <Filter>Header Files</Filter>
    </ClInclude>
    <ClInclude Include="ErrorLog.h">
      <Filter>Header Files</Filter>
    </ClInclude>
    <ClInclude Include="IDArray.h">
      <Filter>Header Files</Filter>
    </ClInclude>
    <ClInclude Include="IndexArray.h">
      <Filter>Header Files</Filter>
    </ClInclude>
    <ClInclude Include="LegalWiz.h">
      <Filter>Header Files</Filter>
    </ClInclude>
    <ClInclude Include="LegalWizStep1.h">
      <Filter>Header Files</Filter>
    </ClInclude>
    <ClInclude Include="LegalWizStep2.h">
      <Filter>Header Files</Filter>
    </ClInclude>
    <ClInclude Include="LngArray.h">
      <Filter>Header Files</Filter>
    </ClInclude>
    <ClInclude Include="MohrCircle.h">
      <Filter>Header Files</Filter>
    </ClInclude>
    <ClInclude Include="ProgressMonitorDlg.h">
      <Filter>Header Files</Filter>
    </ClInclude>
    <ClInclude Include="ProgressMonitorWindow.h">
      <Filter>Header Files</Filter>
    </ClInclude>
    <ClInclude Include="Resource.h">
      <Filter>Header Files</Filter>
    </ClInclude>
    <ClInclude Include="StdAfx.h">
      <Filter>Header Files</Filter>
    </ClInclude>
    <ClInclude Include="StructuredLoad2.h">
      <Filter>Header Files</Filter>
    </ClInclude>
    <ClInclude Include="..\Include\StrStorage2.hh">
      <Filter>Header Files</Filter>
    </ClInclude>
    <ClInclude Include="StructuredSave2.h">
      <Filter>Header Files</Filter>
    </ClInclude>
    <ClInclude Include="ToolsUtils.h">
      <Filter>Header Files</Filter>
    </ClInclude>
    <ClInclude Include="UnkArray.h">
      <Filter>Header Files</Filter>
    </ClInclude>
    <ClInclude Include="StrLoad.h">
      <Filter>Header Files</Filter>
    </ClInclude>
    <ClInclude Include="StrSave.h">
      <Filter>Header Files</Filter>
    </ClInclude>
    <ClInclude Include="..\Include\WBFLTools\LogDumpContext.h">
      <Filter>Header Files</Filter>
    </ClInclude>
    <ClInclude Include="..\Include\WBFLTools\WBFLToolsExp.h">
      <Filter>Header Files</Filter>
    </ClInclude>
  </ItemGroup>
  <ItemGroup>
    <Midl Include="..\Include\WBFLTools.idl" />
  </ItemGroup>
  <ItemGroup>
    <None Include="WBFLTools.def" />
    <None Include="ARPNotice.rgs">
      <Filter>Resource Files</Filter>
    </None>
    <None Include="BstrArray.rgs">
      <Filter>Resource Files</Filter>
    </None>
    <None Include="DblArray.rgs">
      <Filter>Resource Files</Filter>
    </None>
    <None Include="ErrorLog.rgs">
      <Filter>Resource Files</Filter>
    </None>
    <None Include="IDArray.rgs">
      <Filter>Resource Files</Filter>
    </None>
    <None Include="IndexArray.rgs">
      <Filter>Resource Files</Filter>
    </None>
    <None Include="LngArray.rgs">
      <Filter>Resource Files</Filter>
    </None>
    <None Include="MohrCircle.rgs">
      <Filter>Resource Files</Filter>
    </None>
    <None Include="ProgressMonitor.rgs">
      <Filter>Resource Files</Filter>
    </None>
    <None Include="ProgressMonitorWindow.rgs">
      <Filter>Resource Files</Filter>
    </None>
    <None Include="StructuredLoad2.rgs">
      <Filter>Resource Files</Filter>
    </None>
    <None Include="StructuredSave2.rgs">
      <Filter>Resource Files</Filter>
    </None>
    <None Include="UnkArray.rgs">
      <Filter>Resource Files</Filter>
    </None>
    <None Include="StrLoad.rgs">
      <Filter>Resource Files</Filter>
    </None>
    <None Include="StrSave.rgs">
      <Filter>Resource Files</Filter>
    </None>
  </ItemGroup>
  <ItemGroup>
    <Text Include="ARLOSL.txt" />
    <Text Include="AROSL.txt" />
    <Text Include="Disclaimer.txt" />
  </ItemGroup>
  <ItemGroup>
    <Filter Include="Resource Files">
      <UniqueIdentifier>{1e9dfb6e-626a-4b66-8134-328ee81253f0}</UniqueIdentifier>
      <Extensions>ico;cur;bmp;dlg;rc2;rct;bin;rgs;gif;jpg;jpeg;jpe</Extensions>
    </Filter>
    <Filter Include="Header Files">
      <UniqueIdentifier>{8eb4b53f-1412-438c-a727-ad8ce762243d}</UniqueIdentifier>
      <Extensions>h;hpp;hxx;hm;inl</Extensions>
    </Filter>
    <Filter Include="Source Files">
      <UniqueIdentifier>{45f5ae41-091a-4651-b969-e9e3aae6ac9b}</UniqueIdentifier>
      <Extensions>cpp;c;cxx;rc;def;r;odl;idl;hpj;bat</Extensions>
    </Filter>
  </ItemGroup>
  <ItemGroup>
    <CustomBuild Include="..\Include\WbflTools.hh">
      <Filter>Header Files</Filter>
    </CustomBuild>
  </ItemGroup>
  <ItemGroup>
    <ResourceCompile Include="WBFLTools.rc">
      <Filter>Resource Files</Filter>
    </ResourceCompile>
  </ItemGroup>
</Project>